PODS:
  - Differentiator (4.0.1)
  - Log (2.0)
  - Realm (4.3.0):
    - Realm/Headers (= 4.3.0)
  - Realm/Headers (4.3.0)
  - RealmSwift (4.3.0):
    - Realm (= 4.3.0)
  - Reusable (4.1.0):
    - Reusable/Storyboard (= 4.1.0)
    - Reusable/View (= 4.1.0)
  - Reusable/Storyboard (4.1.0)
  - Reusable/View (4.1.0)
  - RxCocoa (5.0.1):
    - RxRelay (~> 5)
    - RxSwift (~> 5)
  - RxDataSources (4.0.1):
    - Differentiator (~> 4.0)
    - RxCocoa (~> 5.0)
    - RxSwift (~> 5.0)
  - RxFlow (2.7.0):
    - RxCocoa (>= 5.0.0)
    - RxSwift (>= 5.0.0)
  - RxOptional (4.1.0):
    - RxCocoa (~> 5)
    - RxSwift (~> 5)
  - RxRealm (2.0.0):
    - RealmSwift (~> 4.0)
    - RxSwift (~> 5.0)
  - RxRelay (5.0.1):
    - RxSwift (~> 5)
  - RxSwift (5.0.1)
  - RxSwiftExt (5.2.0):
    - RxSwiftExt/Core (= 5.2.0)
    - RxSwiftExt/RxCocoa (= 5.2.0)
  - RxSwiftExt/Core (5.2.0):
    - RxSwift (~> 5.0)
  - RxSwiftExt/RxCocoa (5.2.0):
    - RxCocoa (~> 5.0)
    - RxSwiftExt/Core
  - RxViewController (1.0.0):
    - RxCocoa (~> 5.0)
    - RxSwift (~> 5.0)
  - SwiftFormat/CLI (0.43.5)
  - Zip (1.1.0)

DEPENDENCIES:
  - Log
  - RealmSwift
  - Reusable
  - RxCocoa
  - RxDataSources
  - RxFlow (>= 2.0.0)
  - RxOptional
  - RxRealm
  - RxSwift
  - RxSwiftExt
  - RxViewController
  - SwiftFormat/CLI
  - Zip

SPEC REPOS:
  https://github.com/CocoaPods/Specs.git:
    - Differentiator
    - Log
    - Realm
    - RealmSwift
    - Reusable
    - RxCocoa
    - RxDataSources
    - RxFlow
    - RxOptional
    - RxRealm
    - RxRelay
    - RxSwift
    - RxSwiftExt
    - RxViewController
    - SwiftFormat
    - Zip

SPEC CHECKSUMS:
  Differentiator: 886080237d9f87f322641dedbc5be257061b0602
  Log: 73fab10e8b88f15cef5f322b12c9be87cf19ee6e
  Realm: 9357c3589555793e1860a7104a7412bca4a48d99
  RealmSwift: 402f1e379a8ef82c635313037b043f0f06de880c
  Reusable: 82be188f29d96dc5eff0db7b2393bcc08d2cdd5b
  RxCocoa: e741b9749968e8a143e2b787f1dfbff2b63d0a5c
  RxDataSources: efee07fa4de48477eca0a4611e6d11e2da9c1114
  RxFlow: 605ef6364d7e937bea8f9507a1e99a431cdc2493
  RxOptional: b1fcd60856807a564c0215c2184b8d33e7826dc2
  RxRealm: 900f5c7e6f0a2d6527b56eaf7283f3035ec1e8ba
  RxRelay: 89d54507f4fd4d969e6ec1d4bd7f3673640b4640
  RxSwift: e2dc62b366a3adf6a0be44ba9f405efd4c94e0c4
  RxSwiftExt: 4ca80336f43c28f11a2825cdd2fc61dd6c044697
  RxViewController: 7330a46e5c31cd680db169da4c9fc8676e975a81
  SwiftFormat: 352ea545e3e13cfd7a449e621c1f3c2e244d4906
  Zip: 8877eede3dda76bcac281225c20e71c25270774c

PODFILE CHECKSUM: 836f9c98306152e99c8160faf51ef32db974ba63

COCOAPODS: 1.8.4
