PODS:
  - Log (1.0)
  - Realm (2.4.1):
    - Realm/Headers (= 2.4.1)
  - Realm/Headers (2.4.1)
  - RealmSwift (2.4.1):
    - Realm (= 2.4.1)
  - RxBlocking (3.1.0):
    - RxSwift (~> 3.1)
  - RxCocoa (3.1.0):
    - RxSwift (~> 3.1)
  - RxDataSources (1.0.2):
    - RxCocoa (~> 3.0)
    - RxSwift (~> 3.0)
  - RxRealm (0.5.1):
    - RealmSwift (~> 2.2)
    - RxSwift (~> 3.1)
  - RxSwift (3.1.0)
  - RxTest (3.1.0):
    - RxSwift (~> 3.0)
  - Toaster (2.0.1)

DEPENDENCIES:
  - Log
  - RealmSwift
  - RxBlocking
  - RxCocoa
  - RxDataSources
  - RxRealm
  - RxSwift
  - RxTest
  - Toaster

SPEC CHECKSUMS:
  Log: 5e368c9528db07517d18d2d04ff5fe2b6f5a1e21
  Realm: 37a5198a197598d9ec0e4d1ae2f64924c86eeb9a
  RealmSwift: d69e431b79a41acdf14c404b868ae1c2458916e1
  RxBlocking: cd73ef6a5f8c39cede9488178c46aa0c3c3ed17f
  RxCocoa: 50d7564866da9299161e86a263ce12a0873904d8
  RxDataSources: 1de77880bf5b7fcee42102adcd5a5d65e5b81541
  RxRealm: c80d17d42fc362f4d8af4ac62de360b014be5c3f
  RxSwift: 83ff553e7593fdfdcb2562933a64c0284dffdadc
  RxTest: 661e33b5022682961784da03cf79c175fcc4bd64
  Toaster: be65cd48e93a525b2a9cc4bd25a2bfc900e02d9f

PODFILE CHECKSUM: df59a9bfc460f45ff0664c981897f7123bcb8e70

COCOAPODS: 1.2.0
