// !$*UTF8*$!
{
	archiveVersion = 1;
	classes = {
	};
	objectVersion = 51;
	objects = {

/* Begin PBXBuildFile section */
		19A9DFF322E08F41003EEF17 /* SnapshotHelper.swift in Sources */ = {isa = PBXBuildFile; fileRef = 19A9DFEE22E08F41003EEF17 /* SnapshotHelper.swift */; };
		19A9DFFC22E0A165003EEF17 /* AppDelegate.swift in Sources */ = {isa = PBXBuildFile; fileRef = 19A9DFFB22E0A165003EEF17 /* AppDelegate.swift */; };
		19A9DFFE22E0A165003EEF17 /* ViewController.swift in Sources */ = {isa = PBXBuildFile; fileRef = 19A9DFFD22E0A165003EEF17 /* ViewController.swift */; };
		19A9E00122E0A165003EEF17 /* Main.storyboard in Resources */ = {isa = PBXBuildFile; fileRef = 19A9DFFF22E0A165003EEF17 /* Main.storyboard */; };
		19A9E00322E0A165003EEF17 /* Assets.xcassets in Resources */ = {isa = PBXBuildFile; fileRef = 19A9E00222E0A165003EEF17 /* Assets.xcassets */; };
		19A9E00622E0A165003EEF17 /* LaunchScreen.storyboard in Resources */ = {isa = PBXBuildFile; fileRef = 19A9E00422E0A165003EEF17 /* LaunchScreen.storyboard */; };
		19A9E00E22E1A7E5003EEF17 /* PhotoStickersUITests.swift in Sources */ = {isa = PBXBuildFile; fileRef = 19A9DFEC22E08F41003EEF17 /* PhotoStickersUITests.swift */; };
		19A9E01322E1A83F003EEF17 /* XCUIApplication+Extensions.m in Sources */ = {isa = PBXBuildFile; fileRef = 19A9E01122E1A83F003EEF17 /* XCUIApplication+Extensions.m */; };
		19DE76852253766700CF29AB /* Assets.xcassets in Resources */ = {isa = PBXBuildFile; fileRef = 19DE76842253766700CF29AB /* Assets.xcassets */; };
		19DE768C2253766700CF29AB /* MessagesExtension.appex in Embed App Extensions */ = {isa = PBXBuildFile; fileRef = 19DE768B2253766700CF29AB /* MessagesExtension.appex */; settings = {ATTRIBUTES = (RemoveHeadersOnCopy, ); }; };
		19DE76912253766700CF29AB /* Messages.framework in Frameworks */ = {isa = PBXBuildFile; fileRef = 19DE76902253766700CF29AB /* Messages.framework */; };
		19DE76942253766700CF29AB /* MessagesAppViewController.swift in Sources */ = {isa = PBXBuildFile; fileRef = 19DE76932253766700CF29AB /* MessagesAppViewController.swift */; };
		19DE76992253766700CF29AB /* Assets.xcassets in Resources */ = {isa = PBXBuildFile; fileRef = 19DE76982253766700CF29AB /* Assets.xcassets */; };
		19DE76BE2253847E00CF29AB /* prefillContent.zip in Resources */ = {isa = PBXBuildFile; fileRef = 19DE76B92253847E00CF29AB /* prefillContent.zip */; };
		19DE76C3225384F800CF29AB /* Localizable.strings in Resources */ = {isa = PBXBuildFile; fileRef = 19DE76BF225384F800CF29AB /* Localizable.strings */; };
		19DE76C4225384F800CF29AB /* InfoPlist.strings in Resources */ = {isa = PBXBuildFile; fileRef = 19DE76C1225384F800CF29AB /* InfoPlist.strings */; };
		19DE76CA2253876F00CF29AB /* MessagesApp.storyboard in Resources */ = {isa = PBXBuildFile; fileRef = 19DE76C92253876F00CF29AB /* MessagesApp.storyboard */; };
		19DE76CF2253897D00CF29AB /* StickerInfo.swift in Sources */ = {isa = PBXBuildFile; fileRef = 19DE76CC2253897D00CF29AB /* StickerInfo.swift */; };
		19DE76D02253897D00CF29AB /* Sticker.swift in Sources */ = {isa = PBXBuildFile; fileRef = 19DE76CD2253897D00CF29AB /* Sticker.swift */; };
		19DE76D12253897D00CF29AB /* Mask.swift in Sources */ = {isa = PBXBuildFile; fileRef = 19DE76CE2253897D00CF29AB /* Mask.swift */; };
		19DE76D42253898900CF29AB /* ViewModelBased.swift in Sources */ = {isa = PBXBuildFile; fileRef = 19DE76D32253898900CF29AB /* ViewModelBased.swift */; };
		19DE76E9225389A600CF29AB /* AddIconView.swift in Sources */ = {isa = PBXBuildFile; fileRef = 19DE76D6225389A600CF29AB /* AddIconView.swift */; };
		19DE76EA225389A600CF29AB /* AppIconView.swift in Sources */ = {isa = PBXBuildFile; fileRef = 19DE76D7225389A600CF29AB /* AppIconView.swift */; };
		19DE76EB225389A600CF29AB /* UIScrollView+Rx.swift in Sources */ = {isa = PBXBuildFile; fileRef = 19DE76D9225389A600CF29AB /* UIScrollView+Rx.swift */; };
		19DE76EC225389A600CF29AB /* Observable+Operators.swift in Sources */ = {isa = PBXBuildFile; fileRef = 19DE76DA225389A600CF29AB /* Observable+Operators.swift */; };
		19DE76ED225389A600CF29AB /* MSMessagesAppViewController+Rx.swift in Sources */ = {isa = PBXBuildFile; fileRef = 19DE76DB225389A600CF29AB /* MSMessagesAppViewController+Rx.swift */; };
		19DE76EE225389A600CF29AB /* UIImagePickerController+Rx.swift in Sources */ = {isa = PBXBuildFile; fileRef = 19DE76DC225389A600CF29AB /* UIImagePickerController+Rx.swift */; };
		19DE76F0225389A600CF29AB /* RxImagePickerDelegateProxy.swift in Sources */ = {isa = PBXBuildFile; fileRef = 19DE76DE225389A600CF29AB /* RxImagePickerDelegateProxy.swift */; };
		19DE76F1225389A600CF29AB /* UIImagePickerController+RxCreate.swift in Sources */ = {isa = PBXBuildFile; fileRef = 19DE76DF225389A600CF29AB /* UIImagePickerController+RxCreate.swift */; };
		19DE76F2225389A600CF29AB /* StickerRenderService.swift in Sources */ = {isa = PBXBuildFile; fileRef = 19DE76E1225389A600CF29AB /* StickerRenderService.swift */; };
		19DE76F3225389A600CF29AB /* StickerFlowLayout.swift in Sources */ = {isa = PBXBuildFile; fileRef = 19DE76E2225389A600CF29AB /* StickerFlowLayout.swift */; };
		19DE76F4225389A600CF29AB /* StickerService.swift in Sources */ = {isa = PBXBuildFile; fileRef = 19DE76E3225389A600CF29AB /* StickerService.swift */; };
		19DE76F5225389A600CF29AB /* PSError.swift in Sources */ = {isa = PBXBuildFile; fileRef = 19DE76E4225389A600CF29AB /* PSError.swift */; };
		19DE76F6225389A600CF29AB /* StoryboardIdentifiers.swift in Sources */ = {isa = PBXBuildFile; fileRef = 19DE76E5225389A600CF29AB /* StoryboardIdentifiers.swift */; };
		19DE76F7225389A600CF29AB /* StyleKit.swift in Sources */ = {isa = PBXBuildFile; fileRef = 19DE76E6225389A600CF29AB /* StyleKit.swift */; };
		19DE76F8225389A600CF29AB /* DataFolderService.swift in Sources */ = {isa = PBXBuildFile; fileRef = 19DE76E7225389A600CF29AB /* DataFolderService.swift */; };
		19DE76F9225389A600CF29AB /* ImageStoreService.swift in Sources */ = {isa = PBXBuildFile; fileRef = 19DE76E8225389A600CF29AB /* ImageStoreService.swift */; };
		19DE770B22538A8200CF29AB /* StickerService+UITestSetup.swift in Sources */ = {isa = PBXBuildFile; fileRef = 19DE76FB22538A8200CF29AB /* StickerService+UITestSetup.swift */; };
		19DE770D22538A8200CF29AB /* UIImage+RoundedCorner.swift in Sources */ = {isa = PBXBuildFile; fileRef = 19DE76FD22538A8200CF29AB /* UIImage+RoundedCorner.swift */; };
		19DE770E22538A8200CF29AB /* UIViewController+Extensions.swift in Sources */ = {isa = PBXBuildFile; fileRef = 19DE76FE22538A8200CF29AB /* UIViewController+Extensions.swift */; };
		19DE770F22538A8200CF29AB /* UIButton+Extensions.swift in Sources */ = {isa = PBXBuildFile; fileRef = 19DE76FF22538A8200CF29AB /* UIButton+Extensions.swift */; };
		19DE771022538A8200CF29AB /* UIView+Extensions.swift in Sources */ = {isa = PBXBuildFile; fileRef = 19DE770022538A8200CF29AB /* UIView+Extensions.swift */; };
		19DE771122538A8200CF29AB /* UIImage+Resize.swift in Sources */ = {isa = PBXBuildFile; fileRef = 19DE770122538A8200CF29AB /* UIImage+Resize.swift */; };
		19DE771222538A8200CF29AB /* String+Extensions.swift in Sources */ = {isa = PBXBuildFile; fileRef = 19DE770222538A8200CF29AB /* String+Extensions.swift */; };
		19DE771322538A8200CF29AB /* UIDevice+Extensions.swift in Sources */ = {isa = PBXBuildFile; fileRef = 19DE770322538A8200CF29AB /* UIDevice+Extensions.swift */; };
		19DE771422538A8200CF29AB /* UIStoryboardSegue+Extensions.swift in Sources */ = {isa = PBXBuildFile; fileRef = 19DE770422538A8200CF29AB /* UIStoryboardSegue+Extensions.swift */; };
		19DE771622538A8200CF29AB /* UIImage+Orientation.swift in Sources */ = {isa = PBXBuildFile; fileRef = 19DE770622538A8200CF29AB /* UIImage+Orientation.swift */; };
		19DE771722538A8200CF29AB /* UIStoryboard+Extensions.swift in Sources */ = {isa = PBXBuildFile; fileRef = 19DE770722538A8200CF29AB /* UIStoryboard+Extensions.swift */; };
		19DE771822538A8200CF29AB /* Logger+Shared.swift in Sources */ = {isa = PBXBuildFile; fileRef = 19DE770822538A8200CF29AB /* Logger+Shared.swift */; };
		19DE771922538A8200CF29AB /* CGGeometry+Extensions.swift in Sources */ = {isa = PBXBuildFile; fileRef = 19DE770922538A8200CF29AB /* CGGeometry+Extensions.swift */; };
		19DE771A22538A8200CF29AB /* UIImage+Alpha.swift in Sources */ = {isa = PBXBuildFile; fileRef = 19DE770A22538A8200CF29AB /* UIImage+Alpha.swift */; };
		19DE772122538C5500CF29AB /* PhotoStickerStep.swift in Sources */ = {isa = PBXBuildFile; fileRef = 19DE771F22538C5500CF29AB /* PhotoStickerStep.swift */; };
		19DE773B22538E0A00CF29AB /* Application.swift in Sources */ = {isa = PBXBuildFile; fileRef = 19DE773A22538E0A00CF29AB /* Application.swift */; };
		19DE773E22538F6700CF29AB /* StickerSection.swift in Sources */ = {isa = PBXBuildFile; fileRef = 19DE772E22538DFE00CF29AB /* StickerSection.swift */; };
		19DE773F22538F6700CF29AB /* AddStickerCell.swift in Sources */ = {isa = PBXBuildFile; fileRef = 19DE772D22538DFE00CF29AB /* AddStickerCell.swift */; };
		19DE774022538F6700CF29AB /* StickerBrowserCell.swift in Sources */ = {isa = PBXBuildFile; fileRef = 19DE772C22538DFE00CF29AB /* StickerBrowserCell.swift */; };
		19DE774122538F6700CF29AB /* StickerBrowserCellViewModel.swift in Sources */ = {isa = PBXBuildFile; fileRef = 19DE772F22538DFE00CF29AB /* StickerBrowserCellViewModel.swift */; };
		19DE774222538F6F00CF29AB /* StickerBrowserViewController.swift in Sources */ = {isa = PBXBuildFile; fileRef = 19DE773122538DFE00CF29AB /* StickerBrowserViewController.swift */; };
		19DE774322538F6F00CF29AB /* StickerBrowserViewModel.swift in Sources */ = {isa = PBXBuildFile; fileRef = 19DE773022538DFE00CF29AB /* StickerBrowserViewModel.swift */; };
		19DE774422538F6F00CF29AB /* StickerBrowserViewController.storyboard in Resources */ = {isa = PBXBuildFile; fileRef = 19DE773222538DFE00CF29AB /* StickerBrowserViewController.storyboard */; };
		19DE774522538F7300CF29AB /* EditStickerViewController.swift in Sources */ = {isa = PBXBuildFile; fileRef = 19DE772422538DF000CF29AB /* EditStickerViewController.swift */; };
		19DE774622538F7300CF29AB /* EditStickerViewModel.swift in Sources */ = {isa = PBXBuildFile; fileRef = 19DE772522538DF000CF29AB /* EditStickerViewModel.swift */; };
		19DE774722538F7300CF29AB /* EditStickerViewController.storyboard in Resources */ = {isa = PBXBuildFile; fileRef = 19DE772622538DF000CF29AB /* EditStickerViewController.storyboard */; };
		19DE774B2253F12100CF29AB /* StickerBrowserFlow.swift in Sources */ = {isa = PBXBuildFile; fileRef = 19DE774A2253F12100CF29AB /* StickerBrowserFlow.swift */; };
		19DE774D2253F2D900CF29AB /* EditStickerFlow.swift in Sources */ = {isa = PBXBuildFile; fileRef = 19DE774C2253F2D900CF29AB /* EditStickerFlow.swift */; };
		19DE774F2255F61300CF29AB /* WiggleEffect.swift in Sources */ = {isa = PBXBuildFile; fileRef = 19DE774E2255F61300CF29AB /* WiggleEffect.swift */; };
		19FBF5EE226E283C008125D0 /* UIColor+Image.swift in Sources */ = {isa = PBXBuildFile; fileRef = 19FBF5ED226E283C008125D0 /* UIColor+Image.swift */; };
		38EA589E2B26EDE38F5DAE31 /* Pods_PhotoStickers.framework in Frameworks */ = {isa = PBXBuildFile; fileRef = DABC52933D01666980734608 /* Pods_PhotoStickers.framework */; };
		B0034632D28495ED89CCA4DE /* Pods_MessagesExtension.framework in Frameworks */ = {isa = PBXBuildFile; fileRef = DF17B84E90047C93FD70D6E7 /* Pods_MessagesExtension.framework */; };
/* End PBXBuildFile section */

/* Begin PBXContainerItemProxy section */
		19A9E00B22E0A16D003EEF17 /* PBXContainerItemProxy */ = {
			isa = PBXContainerItemProxy;
			containerPortal = 19DE767B2253766600CF29AB /* Project object */;
			proxyType = 1;
			remoteGlobalIDString = 19A9DFF822E0A165003EEF17;
			remoteInfo = UITestHost;
		};
		19DE768D2253766700CF29AB /* PBXContainerItemProxy */ = {
			isa = PBXContainerItemProxy;
			containerPortal = 19DE767B2253766600CF29AB /* Project object */;
			proxyType = 1;
			remoteGlobalIDString = 19DE768A2253766700CF29AB;
			remoteInfo = "PhotoStickers MessagesExtension";
		};
/* End PBXContainerItemProxy section */

/* Begin PBXCopyFilesBuildPhase section */
		19DE76A02253766700CF29AB /* Embed App Extensions */ = {
			isa = PBXCopyFilesBuildPhase;
			buildActionMask = 2147483647;
			dstPath = "";
			dstSubfolderSpec = 13;
			files = (
				19DE768C2253766700CF29AB /* MessagesExtension.appex in Embed App Extensions */,
			);
			name = "Embed App Extensions";
			runOnlyForDeploymentPostprocessing = 0;
		};
/* End PBXCopyFilesBuildPhase section */

/* Begin PBXFileReference section */
		0DF8AFFCFA6C5CF8E063A117 /* Pods-PhotoStickers.release.xcconfig */ = {isa = PBXFileReference; includeInIndex = 1; lastKnownFileType = text.xcconfig; name = "Pods-PhotoStickers.release.xcconfig"; path = "Target Support Files/Pods-PhotoStickers/Pods-PhotoStickers.release.xcconfig"; sourceTree = "<group>"; };
		196130D122DF0E6F00CE044F /* UITests.xctest */ = {isa = PBXFileReference; explicitFileType = wrapper.cfbundle; includeInIndex = 0; path = UITests.xctest; sourceTree = BUILT_PRODUCTS_DIR; };
		196130D522DF0E6F00CE044F /* Info.plist */ = {isa = PBXFileReference; lastKnownFileType = text.plist.xml; path = Info.plist; sourceTree = "<group>"; };
		19A9DFEB22E08F41003EEF17 /* UITests-Bridging-Header.h */ = {isa = PBXFileReference; fileEncoding = 4; lastKnownFileType = sourcecode.c.h; path = "UITests-Bridging-Header.h"; sourceTree = "<group>"; };
		19A9DFEC22E08F41003EEF17 /* PhotoStickersUITests.swift */ = {isa = PBXFileReference; fileEncoding = 4; lastKnownFileType = sourcecode.swift; path = PhotoStickersUITests.swift; sourceTree = "<group>"; };
		19A9DFEE22E08F41003EEF17 /* SnapshotHelper.swift */ = {isa = PBXFileReference; fileEncoding = 4; lastKnownFileType = sourcecode.swift; path = SnapshotHelper.swift; sourceTree = "<group>"; };
		19A9DFF922E0A165003EEF17 /* UITestHost.app */ = {isa = PBXFileReference; explicitFileType = wrapper.application; includeInIndex = 0; path = UITestHost.app; sourceTree = BUILT_PRODUCTS_DIR; };
		19A9DFFB22E0A165003EEF17 /* AppDelegate.swift */ = {isa = PBXFileReference; lastKnownFileType = sourcecode.swift; path = AppDelegate.swift; sourceTree = "<group>"; };
		19A9DFFD22E0A165003EEF17 /* ViewController.swift */ = {isa = PBXFileReference; lastKnownFileType = sourcecode.swift; path = ViewController.swift; sourceTree = "<group>"; };
		19A9E00022E0A165003EEF17 /* Base */ = {isa = PBXFileReference; lastKnownFileType = file.storyboard; name = Base; path = Base.lproj/Main.storyboard; sourceTree = "<group>"; };
		19A9E00222E0A165003EEF17 /* Assets.xcassets */ = {isa = PBXFileReference; lastKnownFileType = folder.assetcatalog; path = Assets.xcassets; sourceTree = "<group>"; };
		19A9E00522E0A165003EEF17 /* Base */ = {isa = PBXFileReference; lastKnownFileType = file.storyboard; name = Base; path = Base.lproj/LaunchScreen.storyboard; sourceTree = "<group>"; };
		19A9E00722E0A165003EEF17 /* Info.plist */ = {isa = PBXFileReference; lastKnownFileType = text.plist.xml; path = Info.plist; sourceTree = "<group>"; };
		19A9E01122E1A83F003EEF17 /* XCUIApplication+Extensions.m */ = {isa = PBXFileReference; fileEncoding = 4; lastKnownFileType = sourcecode.c.objc; path = "XCUIApplication+Extensions.m"; sourceTree = "<group>"; };
		19A9E01222E1A83F003EEF17 /* XCUIApplication+Extensions.h */ = {isa = PBXFileReference; fileEncoding = 4; lastKnownFileType = sourcecode.c.h; path = "XCUIApplication+Extensions.h"; sourceTree = "<group>"; };
		19DE76812253766600CF29AB /* PhotoStickers.app */ = {isa = PBXFileReference; explicitFileType = wrapper.application; includeInIndex = 0; path = PhotoStickers.app; sourceTree = BUILT_PRODUCTS_DIR; };
		19DE76842253766700CF29AB /* Assets.xcassets */ = {isa = PBXFileReference; lastKnownFileType = folder.assetcatalog; path = Assets.xcassets; sourceTree = "<group>"; };
		19DE76862253766700CF29AB /* Info.plist */ = {isa = PBXFileReference; lastKnownFileType = text.plist.xml; path = Info.plist; sourceTree = "<group>"; };
		19DE768B2253766700CF29AB /* MessagesExtension.appex */ = {isa = PBXFileReference; explicitFileType = "wrapper.app-extension"; includeInIndex = 0; path = MessagesExtension.appex; sourceTree = BUILT_PRODUCTS_DIR; };
		19DE76902253766700CF29AB /* Messages.framework */ = {isa = PBXFileReference; lastKnownFileType = wrapper.framework; name = Messages.framework; path = System/Library/Frameworks/Messages.framework; sourceTree = SDKROOT; };
		19DE76932253766700CF29AB /* MessagesAppViewController.swift */ = {isa = PBXFileReference; lastKnownFileType = sourcecode.swift; path = MessagesAppViewController.swift; sourceTree = "<group>"; };
		19DE76982253766700CF29AB /* Assets.xcassets */ = {isa = PBXFileReference; lastKnownFileType = folder.assetcatalog; path = Assets.xcassets; sourceTree = "<group>"; };
		19DE76A822537C9F00CF29AB /* Info.plist */ = {isa = PBXFileReference; fileEncoding = 4; lastKnownFileType = text.plist.xml; path = Info.plist; sourceTree = "<group>"; };
		19DE76B92253847E00CF29AB /* prefillContent.zip */ = {isa = PBXFileReference; lastKnownFileType = archive.zip; path = prefillContent.zip; sourceTree = "<group>"; };
		19DE76C0225384F800CF29AB /* de */ = {isa = PBXFileReference; lastKnownFileType = text.plist.strings; name = de; path = de.lproj/Localizable.strings; sourceTree = "<group>"; };
		19DE76C2225384F800CF29AB /* de */ = {isa = PBXFileReference; lastKnownFileType = text.plist.strings; name = de; path = de.lproj/InfoPlist.strings; sourceTree = "<group>"; };
		19DE76C52253850C00CF29AB /* en */ = {isa = PBXFileReference; lastKnownFileType = text.plist.strings; name = en; path = en.lproj/InfoPlist.strings; sourceTree = "<group>"; };
		19DE76C62253851000CF29AB /* en */ = {isa = PBXFileReference; lastKnownFileType = text.plist.strings; name = en; path = en.lproj/Localizable.strings; sourceTree = "<group>"; };
		19DE76C92253876F00CF29AB /* MessagesApp.storyboard */ = {isa = PBXFileReference; fileEncoding = 4; lastKnownFileType = file.storyboard; path = MessagesApp.storyboard; sourceTree = "<group>"; };
		19DE76CC2253897D00CF29AB /* StickerInfo.swift */ = {isa = PBXFileReference; fileEncoding = 4; lastKnownFileType = sourcecode.swift; path = StickerInfo.swift; sourceTree = "<group>"; };
		19DE76CD2253897D00CF29AB /* Sticker.swift */ = {isa = PBXFileReference; fileEncoding = 4; lastKnownFileType = sourcecode.swift; path = Sticker.swift; sourceTree = "<group>"; };
		19DE76CE2253897D00CF29AB /* Mask.swift */ = {isa = PBXFileReference; fileEncoding = 4; lastKnownFileType = sourcecode.swift; path = Mask.swift; sourceTree = "<group>"; };
		19DE76D32253898900CF29AB /* ViewModelBased.swift */ = {isa = PBXFileReference; fileEncoding = 4; lastKnownFileType = sourcecode.swift; path = ViewModelBased.swift; sourceTree = "<group>"; };
		19DE76D6225389A600CF29AB /* AddIconView.swift */ = {isa = PBXFileReference; fileEncoding = 4; lastKnownFileType = sourcecode.swift; path = AddIconView.swift; sourceTree = "<group>"; };
		19DE76D7225389A600CF29AB /* AppIconView.swift */ = {isa = PBXFileReference; fileEncoding = 4; lastKnownFileType = sourcecode.swift; path = AppIconView.swift; sourceTree = "<group>"; };
		19DE76D9225389A600CF29AB /* UIScrollView+Rx.swift */ = {isa = PBXFileReference; fileEncoding = 4; lastKnownFileType = sourcecode.swift; path = "UIScrollView+Rx.swift"; sourceTree = "<group>"; };
		19DE76DA225389A600CF29AB /* Observable+Operators.swift */ = {isa = PBXFileReference; fileEncoding = 4; lastKnownFileType = sourcecode.swift; path = "Observable+Operators.swift"; sourceTree = "<group>"; };
		19DE76DB225389A600CF29AB /* MSMessagesAppViewController+Rx.swift */ = {isa = PBXFileReference; fileEncoding = 4; lastKnownFileType = sourcecode.swift; path = "MSMessagesAppViewController+Rx.swift"; sourceTree = "<group>"; };
		19DE76DC225389A600CF29AB /* UIImagePickerController+Rx.swift */ = {isa = PBXFileReference; fileEncoding = 4; lastKnownFileType = sourcecode.swift; path = "UIImagePickerController+Rx.swift"; sourceTree = "<group>"; };
		19DE76DE225389A600CF29AB /* RxImagePickerDelegateProxy.swift */ = {isa = PBXFileReference; fileEncoding = 4; lastKnownFileType = sourcecode.swift; path = RxImagePickerDelegateProxy.swift; sourceTree = "<group>"; };
		19DE76DF225389A600CF29AB /* UIImagePickerController+RxCreate.swift */ = {isa = PBXFileReference; fileEncoding = 4; lastKnownFileType = sourcecode.swift; path = "UIImagePickerController+RxCreate.swift"; sourceTree = "<group>"; };
		19DE76E1225389A600CF29AB /* StickerRenderService.swift */ = {isa = PBXFileReference; fileEncoding = 4; lastKnownFileType = sourcecode.swift; path = StickerRenderService.swift; sourceTree = "<group>"; };
		19DE76E2225389A600CF29AB /* StickerFlowLayout.swift */ = {isa = PBXFileReference; fileEncoding = 4; lastKnownFileType = sourcecode.swift; path = StickerFlowLayout.swift; sourceTree = "<group>"; };
		19DE76E3225389A600CF29AB /* StickerService.swift */ = {isa = PBXFileReference; fileEncoding = 4; lastKnownFileType = sourcecode.swift; path = StickerService.swift; sourceTree = "<group>"; };
		19DE76E4225389A600CF29AB /* PSError.swift */ = {isa = PBXFileReference; fileEncoding = 4; lastKnownFileType = sourcecode.swift; path = PSError.swift; sourceTree = "<group>"; };
		19DE76E5225389A600CF29AB /* StoryboardIdentifiers.swift */ = {isa = PBXFileReference; fileEncoding = 4; lastKnownFileType = sourcecode.swift; path = StoryboardIdentifiers.swift; sourceTree = "<group>"; };
		19DE76E6225389A600CF29AB /* StyleKit.swift */ = {isa = PBXFileReference; fileEncoding = 4; lastKnownFileType = sourcecode.swift; path = StyleKit.swift; sourceTree = "<group>"; };
		19DE76E7225389A600CF29AB /* DataFolderService.swift */ = {isa = PBXFileReference; fileEncoding = 4; lastKnownFileType = sourcecode.swift; path = DataFolderService.swift; sourceTree = "<group>"; };
		19DE76E8225389A600CF29AB /* ImageStoreService.swift */ = {isa = PBXFileReference; fileEncoding = 4; lastKnownFileType = sourcecode.swift; path = ImageStoreService.swift; sourceTree = "<group>"; };
		19DE76FB22538A8200CF29AB /* StickerService+UITestSetup.swift */ = {isa = PBXFileReference; fileEncoding = 4; lastKnownFileType = sourcecode.swift; path = "StickerService+UITestSetup.swift"; sourceTree = "<group>"; };
		19DE76FD22538A8200CF29AB /* UIImage+RoundedCorner.swift */ = {isa = PBXFileReference; fileEncoding = 4; lastKnownFileType = sourcecode.swift; path = "UIImage+RoundedCorner.swift"; sourceTree = "<group>"; };
		19DE76FE22538A8200CF29AB /* UIViewController+Extensions.swift */ = {isa = PBXFileReference; fileEncoding = 4; lastKnownFileType = sourcecode.swift; path = "UIViewController+Extensions.swift"; sourceTree = "<group>"; };
		19DE76FF22538A8200CF29AB /* UIButton+Extensions.swift */ = {isa = PBXFileReference; fileEncoding = 4; lastKnownFileType = sourcecode.swift; path = "UIButton+Extensions.swift"; sourceTree = "<group>"; };
		19DE770022538A8200CF29AB /* UIView+Extensions.swift */ = {isa = PBXFileReference; fileEncoding = 4; lastKnownFileType = sourcecode.swift; path = "UIView+Extensions.swift"; sourceTree = "<group>"; };
		19DE770122538A8200CF29AB /* UIImage+Resize.swift */ = {isa = PBXFileReference; fileEncoding = 4; lastKnownFileType = sourcecode.swift; path = "UIImage+Resize.swift"; sourceTree = "<group>"; };
		19DE770222538A8200CF29AB /* String+Extensions.swift */ = {isa = PBXFileReference; fileEncoding = 4; lastKnownFileType = sourcecode.swift; path = "String+Extensions.swift"; sourceTree = "<group>"; };
		19DE770322538A8200CF29AB /* UIDevice+Extensions.swift */ = {isa = PBXFileReference; fileEncoding = 4; lastKnownFileType = sourcecode.swift; path = "UIDevice+Extensions.swift"; sourceTree = "<group>"; };
		19DE770422538A8200CF29AB /* UIStoryboardSegue+Extensions.swift */ = {isa = PBXFileReference; fileEncoding = 4; lastKnownFileType = sourcecode.swift; path = "UIStoryboardSegue+Extensions.swift"; sourceTree = "<group>"; };
		19DE770522538A8200CF29AB /* UIImage+Average.swift */ = {isa = PBXFileReference; fileEncoding = 4; lastKnownFileType = sourcecode.swift; path = "UIImage+Average.swift"; sourceTree = "<group>"; };
		19DE770622538A8200CF29AB /* UIImage+Orientation.swift */ = {isa = PBXFileReference; fileEncoding = 4; lastKnownFileType = sourcecode.swift; path = "UIImage+Orientation.swift"; sourceTree = "<group>"; };
		19DE770722538A8200CF29AB /* UIStoryboard+Extensions.swift */ = {isa = PBXFileReference; fileEncoding = 4; lastKnownFileType = sourcecode.swift; path = "UIStoryboard+Extensions.swift"; sourceTree = "<group>"; };
		19DE770822538A8200CF29AB /* Logger+Shared.swift */ = {isa = PBXFileReference; fileEncoding = 4; lastKnownFileType = sourcecode.swift; path = "Logger+Shared.swift"; sourceTree = "<group>"; };
		19DE770922538A8200CF29AB /* CGGeometry+Extensions.swift */ = {isa = PBXFileReference; fileEncoding = 4; lastKnownFileType = sourcecode.swift; path = "CGGeometry+Extensions.swift"; sourceTree = "<group>"; };
		19DE770A22538A8200CF29AB /* UIImage+Alpha.swift */ = {isa = PBXFileReference; fileEncoding = 4; lastKnownFileType = sourcecode.swift; path = "UIImage+Alpha.swift"; sourceTree = "<group>"; };
		19DE771B22538AB900CF29AB /* CoreImage.framework */ = {isa = PBXFileReference; lastKnownFileType = wrapper.framework; name = CoreImage.framework; path = System/Library/Frameworks/CoreImage.framework; sourceTree = SDKROOT; };
		19DE771F22538C5500CF29AB /* PhotoStickerStep.swift */ = {isa = PBXFileReference; fileEncoding = 4; lastKnownFileType = sourcecode.swift; path = PhotoStickerStep.swift; sourceTree = "<group>"; };
		19DE772422538DF000CF29AB /* EditStickerViewController.swift */ = {isa = PBXFileReference; fileEncoding = 4; lastKnownFileType = sourcecode.swift; path = EditStickerViewController.swift; sourceTree = "<group>"; };
		19DE772522538DF000CF29AB /* EditStickerViewModel.swift */ = {isa = PBXFileReference; fileEncoding = 4; lastKnownFileType = sourcecode.swift; path = EditStickerViewModel.swift; sourceTree = "<group>"; };
		19DE772622538DF000CF29AB /* EditStickerViewController.storyboard */ = {isa = PBXFileReference; fileEncoding = 4; lastKnownFileType = file.storyboard; path = EditStickerViewController.storyboard; sourceTree = "<group>"; };
		19DE772C22538DFE00CF29AB /* StickerBrowserCell.swift */ = {isa = PBXFileReference; fileEncoding = 4; lastKnownFileType = sourcecode.swift; path = StickerBrowserCell.swift; sourceTree = "<group>"; };
		19DE772D22538DFE00CF29AB /* AddStickerCell.swift */ = {isa = PBXFileReference; fileEncoding = 4; lastKnownFileType = sourcecode.swift; path = AddStickerCell.swift; sourceTree = "<group>"; };
		19DE772E22538DFE00CF29AB /* StickerSection.swift */ = {isa = PBXFileReference; fileEncoding = 4; lastKnownFileType = sourcecode.swift; path = StickerSection.swift; sourceTree = "<group>"; };
		19DE772F22538DFE00CF29AB /* StickerBrowserCellViewModel.swift */ = {isa = PBXFileReference; fileEncoding = 4; lastKnownFileType = sourcecode.swift; path = StickerBrowserCellViewModel.swift; sourceTree = "<group>"; };
		19DE773022538DFE00CF29AB /* StickerBrowserViewModel.swift */ = {isa = PBXFileReference; fileEncoding = 4; lastKnownFileType = sourcecode.swift; path = StickerBrowserViewModel.swift; sourceTree = "<group>"; };
		19DE773122538DFE00CF29AB /* StickerBrowserViewController.swift */ = {isa = PBXFileReference; fileEncoding = 4; lastKnownFileType = sourcecode.swift; path = StickerBrowserViewController.swift; sourceTree = "<group>"; };
		19DE773222538DFE00CF29AB /* StickerBrowserViewController.storyboard */ = {isa = PBXFileReference; fileEncoding = 4; lastKnownFileType = file.storyboard; path = StickerBrowserViewController.storyboard; sourceTree = "<group>"; };
		19DE773A22538E0A00CF29AB /* Application.swift */ = {isa = PBXFileReference; fileEncoding = 4; lastKnownFileType = sourcecode.swift; path = Application.swift; sourceTree = "<group>"; };
		19DE774A2253F12100CF29AB /* StickerBrowserFlow.swift */ = {isa = PBXFileReference; lastKnownFileType = sourcecode.swift; path = StickerBrowserFlow.swift; sourceTree = "<group>"; };
		19DE774C2253F2D900CF29AB /* EditStickerFlow.swift */ = {isa = PBXFileReference; lastKnownFileType = sourcecode.swift; path = EditStickerFlow.swift; sourceTree = "<group>"; };
		19DE774E2255F61300CF29AB /* WiggleEffect.swift */ = {isa = PBXFileReference; lastKnownFileType = sourcecode.swift; path = WiggleEffect.swift; sourceTree = "<group>"; };
		19DE7750225619A000CF29AB /* MessagesExtension.entitlements */ = {isa = PBXFileReference; lastKnownFileType = text.plist.entitlements; path = MessagesExtension.entitlements; sourceTree = "<group>"; };
		19FBF5ED226E283C008125D0 /* UIColor+Image.swift */ = {isa = PBXFileReference; lastKnownFileType = sourcecode.swift; path = "UIColor+Image.swift"; sourceTree = "<group>"; };
		26C3235425CFFC8A1C9DA7A4 /* Pods-PhotoStickers.debug.xcconfig */ = {isa = PBXFileReference; includeInIndex = 1; lastKnownFileType = text.xcconfig; name = "Pods-PhotoStickers.debug.xcconfig"; path = "Target Support Files/Pods-PhotoStickers/Pods-PhotoStickers.debug.xcconfig"; sourceTree = "<group>"; };
		691C1DE00623A4390F844B51 /* Pods-MessagesExtension.release.xcconfig */ = {isa = PBXFileReference; includeInIndex = 1; lastKnownFileType = text.xcconfig; name = "Pods-MessagesExtension.release.xcconfig"; path = "Target Support Files/Pods-MessagesExtension/Pods-MessagesExtension.release.xcconfig"; sourceTree = "<group>"; };
		82EF334FCAFA78E6AE3742E4 /* Pods-MessagesExtension.debug.xcconfig */ = {isa = PBXFileReference; includeInIndex = 1; lastKnownFileType = text.xcconfig; name = "Pods-MessagesExtension.debug.xcconfig"; path = "Target Support Files/Pods-MessagesExtension/Pods-MessagesExtension.debug.xcconfig"; sourceTree = "<group>"; };
		DABC52933D01666980734608 /* Pods_PhotoStickers.framework */ = {isa = PBXFileReference; explicitFileType = wrapper.framework; includeInIndex = 0; path = Pods_PhotoStickers.framework; sourceTree = BUILT_PRODUCTS_DIR; };
		DF17B84E90047C93FD70D6E7 /* Pods_MessagesExtension.framework */ = {isa = PBXFileReference; explicitFileType = wrapper.framework; includeInIndex = 0; path = Pods_MessagesExtension.framework; sourceTree = BUILT_PRODUCTS_DIR; };
/* End PBXFileReference section */

/* Begin PBXFrameworksBuildPhase section */
		196130CE22DF0E6F00CE044F /* Frameworks */ = {
			isa = PBXFrameworksBuildPhase;
			buildActionMask = 2147483647;
			files = (
			);
			runOnlyForDeploymentPostprocessing = 0;
		};
		19A9DFF622E0A165003EEF17 /* Frameworks */ = {
			isa = PBXFrameworksBuildPhase;
			buildActionMask = 2147483647;
			files = (
			);
			runOnlyForDeploymentPostprocessing = 0;
		};
		19DE76882253766700CF29AB /* Frameworks */ = {
			isa = PBXFrameworksBuildPhase;
			buildActionMask = 2147483647;
			files = (
				19DE76912253766700CF29AB /* Messages.framework in Frameworks */,
				B0034632D28495ED89CCA4DE /* Pods_MessagesExtension.framework in Frameworks */,
			);
			runOnlyForDeploymentPostprocessing = 0;
		};
		B547B6F5D9FC3D12856C9E9B /* Frameworks */ = {
			isa = PBXFrameworksBuildPhase;
			buildActionMask = 2147483647;
			files = (
				38EA589E2B26EDE38F5DAE31 /* Pods_PhotoStickers.framework in Frameworks */,
			);
			runOnlyForDeploymentPostprocessing = 0;
		};
/* End PBXFrameworksBuildPhase section */

/* Begin PBXGroup section */
		196130D222DF0E6F00CE044F /* UITests */ = {
			isa = PBXGroup;
			children = (
				19A9E01822E1AD7D003EEF17 /* Tests */,
				19A9DFE822E08F41003EEF17 /* ObjC */,
				19A9DFED22E08F41003EEF17 /* Snapshots */,
				19A9E00D22E1A7C3003EEF17 /* Supporting Files */,
			);
			path = UITests;
			sourceTree = "<group>";
		};
		19A9DFE822E08F41003EEF17 /* ObjC */ = {
			isa = PBXGroup;
			children = (
				19A9E01222E1A83F003EEF17 /* XCUIApplication+Extensions.h */,
				19A9E01122E1A83F003EEF17 /* XCUIApplication+Extensions.m */,
				19A9DFEB22E08F41003EEF17 /* UITests-Bridging-Header.h */,
			);
			path = ObjC;
			sourceTree = "<group>";
		};
		19A9DFED22E08F41003EEF17 /* Snapshots */ = {
			isa = PBXGroup;
			children = (
				19A9DFEE22E08F41003EEF17 /* SnapshotHelper.swift */,
			);
			path = Snapshots;
			sourceTree = "<group>";
		};
		19A9DFFA22E0A165003EEF17 /* UITestHost */ = {
			isa = PBXGroup;
			children = (
				19A9E01522E1AD10003EEF17 /* Classes */,
				19A9E01622E1AD2B003EEF17 /* Resources */,
				19A9E01422E1ACBE003EEF17 /* Supporting Files */,
			);
			path = UITestHost;
			sourceTree = "<group>";
		};
		19A9E00D22E1A7C3003EEF17 /* Supporting Files */ = {
			isa = PBXGroup;
			children = (
				196130D522DF0E6F00CE044F /* Info.plist */,
			);
			path = "Supporting Files";
			sourceTree = "<group>";
		};
		19A9E01422E1ACBE003EEF17 /* Supporting Files */ = {
			isa = PBXGroup;
			children = (
				19A9E00722E0A165003EEF17 /* Info.plist */,
			);
			path = "Supporting Files";
			sourceTree = "<group>";
		};
		19A9E01522E1AD10003EEF17 /* Classes */ = {
			isa = PBXGroup;
			children = (
				19A9DFFB22E0A165003EEF17 /* AppDelegate.swift */,
				19A9DFFD22E0A165003EEF17 /* ViewController.swift */,
			);
			path = Classes;
			sourceTree = "<group>";
		};
		19A9E01622E1AD2B003EEF17 /* Resources */ = {
			isa = PBXGroup;
			children = (
				19A9DFFF22E0A165003EEF17 /* Main.storyboard */,
				19A9E00422E0A165003EEF17 /* LaunchScreen.storyboard */,
				19A9E00222E0A165003EEF17 /* Assets.xcassets */,
			);
			path = Resources;
			sourceTree = "<group>";
		};
		19A9E01822E1AD7D003EEF17 /* Tests */ = {
			isa = PBXGroup;
			children = (
				19A9DFEC22E08F41003EEF17 /* PhotoStickersUITests.swift */,
			);
			path = Tests;
			sourceTree = "<group>";
		};
		19DE767A2253766600CF29AB = {
			isa = PBXGroup;
			children = (
				19DE76832253766600CF29AB /* App */,
				19DE76922253766700CF29AB /* MessagesExtension */,
				196130D222DF0E6F00CE044F /* UITests */,
				19A9DFFA22E0A165003EEF17 /* UITestHost */,
				19DE768F2253766700CF29AB /* Frameworks */,
				19DE76822253766600CF29AB /* Products */,
				43035F314911C7D9455D2FFD /* Pods */,
			);
			sourceTree = "<group>";
		};
		19DE76822253766600CF29AB /* Products */ = {
			isa = PBXGroup;
			children = (
				19DE76812253766600CF29AB /* PhotoStickers.app */,
				19DE768B2253766700CF29AB /* MessagesExtension.appex */,
				196130D122DF0E6F00CE044F /* UITests.xctest */,
				19A9DFF922E0A165003EEF17 /* UITestHost.app */,
			);
			name = Products;
			sourceTree = "<group>";
		};
		19DE76832253766600CF29AB /* App */ = {
			isa = PBXGroup;
			children = (
				19DE76AD2253830F00CF29AB /* Resources */,
				19DE76AB22537E2300CF29AB /* Supporting Files */,
			);
			path = App;
			sourceTree = "<group>";
		};
		19DE768F2253766700CF29AB /* Frameworks */ = {
			isa = PBXGroup;
			children = (
				19DE771B22538AB900CF29AB /* CoreImage.framework */,
				19DE76902253766700CF29AB /* Messages.framework */,
				DF17B84E90047C93FD70D6E7 /* Pods_MessagesExtension.framework */,
				DABC52933D01666980734608 /* Pods_PhotoStickers.framework */,
			);
			name = Frameworks;
			sourceTree = "<group>";
		};
		19DE76922253766700CF29AB /* MessagesExtension */ = {
			isa = PBXGroup;
			children = (
				19DE76D22253898900CF29AB /* Protocols */,
				19DE76C8225385FF00CF29AB /* Scenes */,
				19DE771E22538C5500CF29AB /* Flows */,
				19DE76CB2253897D00CF29AB /* Models */,
				19DE76E0225389A600CF29AB /* Services */,
				19DE76FA22538A8200CF29AB /* Extensions */,
				19DE76D8225389A600CF29AB /* Rx */,
				19DE76D5225389A600CF29AB /* Views */,
				19DE76AE2253832A00CF29AB /* Resources */,
				19DE76A622537C9F00CF29AB /* Supporting Files */,
			);
			path = MessagesExtension;
			sourceTree = "<group>";
		};
		19DE76A622537C9F00CF29AB /* Supporting Files */ = {
			isa = PBXGroup;
			children = (
				19DE7750225619A000CF29AB /* MessagesExtension.entitlements */,
				19DE76A822537C9F00CF29AB /* Info.plist */,
			);
			path = "Supporting Files";
			sourceTree = "<group>";
		};
		19DE76AB22537E2300CF29AB /* Supporting Files */ = {
			isa = PBXGroup;
			children = (
				19DE76862253766700CF29AB /* Info.plist */,
			);
			path = "Supporting Files";
			sourceTree = "<group>";
		};
		19DE76AD2253830F00CF29AB /* Resources */ = {
			isa = PBXGroup;
			children = (
				19DE76842253766700CF29AB /* Assets.xcassets */,
			);
			path = Resources;
			sourceTree = "<group>";
		};
		19DE76AE2253832A00CF29AB /* Resources */ = {
			isa = PBXGroup;
			children = (
				19DE76982253766700CF29AB /* Assets.xcassets */,
				19DE76C1225384F800CF29AB /* InfoPlist.strings */,
				19DE76BF225384F800CF29AB /* Localizable.strings */,
				19DE76B92253847E00CF29AB /* prefillContent.zip */,
			);
			path = Resources;
			sourceTree = "<group>";
		};
		19DE76C7225385C000CF29AB /* Messages App */ = {
			isa = PBXGroup;
			children = (
				19DE773A22538E0A00CF29AB /* Application.swift */,
				19DE76932253766700CF29AB /* MessagesAppViewController.swift */,
				19DE76C92253876F00CF29AB /* MessagesApp.storyboard */,
			);
			path = "Messages App";
			sourceTree = "<group>";
		};
		19DE76C8225385FF00CF29AB /* Scenes */ = {
			isa = PBXGroup;
			children = (
				19DE76C7225385C000CF29AB /* Messages App */,
				19DE772A22538DFE00CF29AB /* Sticker Browser */,
				19DE772322538DF000CF29AB /* Edit Sticker */,
			);
			path = Scenes;
			sourceTree = "<group>";
		};
		19DE76CB2253897D00CF29AB /* Models */ = {
			isa = PBXGroup;
			children = (
				19DE76CC2253897D00CF29AB /* StickerInfo.swift */,
				19DE76CD2253897D00CF29AB /* Sticker.swift */,
				19DE76CE2253897D00CF29AB /* Mask.swift */,
			);
			path = Models;
			sourceTree = "<group>";
		};
		19DE76D22253898900CF29AB /* Protocols */ = {
			isa = PBXGroup;
			children = (
				19DE76D32253898900CF29AB /* ViewModelBased.swift */,
				19DE774E2255F61300CF29AB /* WiggleEffect.swift */,
			);
			path = Protocols;
			sourceTree = "<group>";
		};
		19DE76D5225389A600CF29AB /* Views */ = {
			isa = PBXGroup;
			children = (
				19DE76D6225389A600CF29AB /* AddIconView.swift */,
				19DE76D7225389A600CF29AB /* AppIconView.swift */,
			);
			path = Views;
			sourceTree = "<group>";
		};
		19DE76D8225389A600CF29AB /* Rx */ = {
			isa = PBXGroup;
			children = (
				19DE76DB225389A600CF29AB /* MSMessagesAppViewController+Rx.swift */,
				19DE76DA225389A600CF29AB /* Observable+Operators.swift */,
				19DE76DE225389A600CF29AB /* RxImagePickerDelegateProxy.swift */,
				19DE76DC225389A600CF29AB /* UIImagePickerController+Rx.swift */,
				19DE76DF225389A600CF29AB /* UIImagePickerController+RxCreate.swift */,
				19DE76D9225389A600CF29AB /* UIScrollView+Rx.swift */,
			);
			path = Rx;
			sourceTree = "<group>";
		};
		19DE76E0225389A600CF29AB /* Services */ = {
			isa = PBXGroup;
			children = (
				19DE76E7225389A600CF29AB /* DataFolderService.swift */,
				19DE76E8225389A600CF29AB /* ImageStoreService.swift */,
				19DE76E4225389A600CF29AB /* PSError.swift */,
				19DE76E2225389A600CF29AB /* StickerFlowLayout.swift */,
				19DE76E1225389A600CF29AB /* StickerRenderService.swift */,
				19DE76E3225389A600CF29AB /* StickerService.swift */,
				19DE76E5225389A600CF29AB /* StoryboardIdentifiers.swift */,
				19DE76E6225389A600CF29AB /* StyleKit.swift */,
			);
			path = Services;
			sourceTree = "<group>";
		};
		19DE76FA22538A8200CF29AB /* Extensions */ = {
			isa = PBXGroup;
			children = (
				19DE770922538A8200CF29AB /* CGGeometry+Extensions.swift */,
				19DE770822538A8200CF29AB /* Logger+Shared.swift */,
				19DE76FB22538A8200CF29AB /* StickerService+UITestSetup.swift */,
				19DE770222538A8200CF29AB /* String+Extensions.swift */,
				19DE76FF22538A8200CF29AB /* UIButton+Extensions.swift */,
				19DE770322538A8200CF29AB /* UIDevice+Extensions.swift */,
				19DE770A22538A8200CF29AB /* UIImage+Alpha.swift */,
				19DE770522538A8200CF29AB /* UIImage+Average.swift */,
				19DE770622538A8200CF29AB /* UIImage+Orientation.swift */,
				19DE770122538A8200CF29AB /* UIImage+Resize.swift */,
				19DE76FD22538A8200CF29AB /* UIImage+RoundedCorner.swift */,
				19FBF5ED226E283C008125D0 /* UIColor+Image.swift */,
				19DE770722538A8200CF29AB /* UIStoryboard+Extensions.swift */,
				19DE770422538A8200CF29AB /* UIStoryboardSegue+Extensions.swift */,
				19DE770022538A8200CF29AB /* UIView+Extensions.swift */,
				19DE76FE22538A8200CF29AB /* UIViewController+Extensions.swift */,
			);
			path = Extensions;
			sourceTree = "<group>";
		};
		19DE771E22538C5500CF29AB /* Flows */ = {
			isa = PBXGroup;
			children = (
				19DE771F22538C5500CF29AB /* PhotoStickerStep.swift */,
				19DE774A2253F12100CF29AB /* StickerBrowserFlow.swift */,
				19DE774C2253F2D900CF29AB /* EditStickerFlow.swift */,
			);
			path = Flows;
			sourceTree = "<group>";
		};
		19DE772322538DF000CF29AB /* Edit Sticker */ = {
			isa = PBXGroup;
			children = (
				19DE772422538DF000CF29AB /* EditStickerViewController.swift */,
				19DE772522538DF000CF29AB /* EditStickerViewModel.swift */,
				19DE772622538DF000CF29AB /* EditStickerViewController.storyboard */,
			);
			path = "Edit Sticker";
			sourceTree = "<group>";
		};
		19DE772A22538DFE00CF29AB /* Sticker Browser */ = {
			isa = PBXGroup;
			children = (
				19DE772B22538DFE00CF29AB /* Cells */,
				19DE773122538DFE00CF29AB /* StickerBrowserViewController.swift */,
				19DE773022538DFE00CF29AB /* StickerBrowserViewModel.swift */,
				19DE773222538DFE00CF29AB /* StickerBrowserViewController.storyboard */,
			);
			path = "Sticker Browser";
			sourceTree = "<group>";
		};
		19DE772B22538DFE00CF29AB /* Cells */ = {
			isa = PBXGroup;
			children = (
				19DE772E22538DFE00CF29AB /* StickerSection.swift */,
				19DE772D22538DFE00CF29AB /* AddStickerCell.swift */,
				19DE772C22538DFE00CF29AB /* StickerBrowserCell.swift */,
				19DE772F22538DFE00CF29AB /* StickerBrowserCellViewModel.swift */,
			);
			path = Cells;
			sourceTree = "<group>";
		};
		43035F314911C7D9455D2FFD /* Pods */ = {
			isa = PBXGroup;
			children = (
				82EF334FCAFA78E6AE3742E4 /* Pods-MessagesExtension.debug.xcconfig */,
				691C1DE00623A4390F844B51 /* Pods-MessagesExtension.release.xcconfig */,
				26C3235425CFFC8A1C9DA7A4 /* Pods-PhotoStickers.debug.xcconfig */,
				0DF8AFFCFA6C5CF8E063A117 /* Pods-PhotoStickers.release.xcconfig */,
			);
			path = Pods;
			sourceTree = "<group>";
		};
/* End PBXGroup section */

/* Begin PBXNativeTarget section */
		196130D022DF0E6F00CE044F /* UITests */ = {
			isa = PBXNativeTarget;
			buildConfigurationList = 196130D822DF0E6F00CE044F /* Build configuration list for PBXNativeTarget "UITests" */;
			buildPhases = (
				196130CD22DF0E6F00CE044F /* Sources */,
				196130CE22DF0E6F00CE044F /* Frameworks */,
				196130CF22DF0E6F00CE044F /* Resources */,
			);
			buildRules = (
			);
			dependencies = (
				19A9E00C22E0A16D003EEF17 /* PBXTargetDependency */,
			);
			name = UITests;
			productName = UITests;
			productReference = 196130D122DF0E6F00CE044F /* UITests.xctest */;
			productType = "com.apple.product-type.bundle.ui-testing";
		};
		19A9DFF822E0A165003EEF17 /* UITestHost */ = {
			isa = PBXNativeTarget;
			buildConfigurationList = 19A9E00A22E0A165003EEF17 /* Build configuration list for PBXNativeTarget "UITestHost" */;
			buildPhases = (
				19A9DFF522E0A165003EEF17 /* Sources */,
				19A9DFF622E0A165003EEF17 /* Frameworks */,
				19A9DFF722E0A165003EEF17 /* Resources */,
			);
			buildRules = (
			);
			dependencies = (
			);
			name = UITestHost;
			productName = UITestHost;
			productReference = 19A9DFF922E0A165003EEF17 /* UITestHost.app */;
			productType = "com.apple.product-type.application";
		};
		19DE76802253766600CF29AB /* PhotoStickers */ = {
			isa = PBXNativeTarget;
			buildConfigurationList = 19DE76A12253766700CF29AB /* Build configuration list for PBXNativeTarget "PhotoStickers" */;
			buildPhases = (
				03BB231A75CB36402C6B2D08 /* [CP] Check Pods Manifest.lock */,
				19DE767F2253766600CF29AB /* Resources */,
				19DE76A02253766700CF29AB /* Embed App Extensions */,
				B547B6F5D9FC3D12856C9E9B /* Frameworks */,
				0C0E09D67D2C3750C427A85C /* [CP] Embed Pods Frameworks */,
			);
			buildRules = (
			);
			dependencies = (
				19DE768E2253766700CF29AB /* PBXTargetDependency */,
			);
			name = PhotoStickers;
			productName = PhotoStickers;
			productReference = 19DE76812253766600CF29AB /* PhotoStickers.app */;
			productType = "com.apple.product-type.application.messages";
		};
		19DE768A2253766700CF29AB /* MessagesExtension */ = {
			isa = PBXNativeTarget;
			buildConfigurationList = 19DE769D2253766700CF29AB /* Build configuration list for PBXNativeTarget "MessagesExtension" */;
			buildPhases = (
				10700BDE4C66D5ED69136FD1 /* [CP] Check Pods Manifest.lock */,
				19DE76AC2253803700CF29AB /* Run swiftformat */,
				19DE76872253766700CF29AB /* Sources */,
				19DE76882253766700CF29AB /* Frameworks */,
				19DE76892253766700CF29AB /* Resources */,
			);
			buildRules = (
			);
			dependencies = (
			);
			name = MessagesExtension;
			productName = "PhotoStickers MessagesExtension";
			productReference = 19DE768B2253766700CF29AB /* MessagesExtension.appex */;
			productType = "com.apple.product-type.app-extension.messages";
		};
/* End PBXNativeTarget section */

/* Begin PBXProject section */
		19DE767B2253766600CF29AB /* Project object */ = {
			isa = PBXProject;
			attributes = {
				LastSwiftUpdateCheck = 1020;
				LastUpgradeCheck = 1030;
				ORGANIZATIONNAME = "Jochen Pfeiffer";
				TargetAttributes = {
					196130D022DF0E6F00CE044F = {
						CreatedOnToolsVersion = 10.2.1;
						LastSwiftMigration = 1020;
						TestTargetID = 19A9DFF822E0A165003EEF17;
					};
					19A9DFF822E0A165003EEF17 = {
						CreatedOnToolsVersion = 10.2.1;
					};
					19DE76802253766600CF29AB = {
						CreatedOnToolsVersion = 10.2;
					};
					19DE768A2253766700CF29AB = {
						CreatedOnToolsVersion = 10.2;
						SystemCapabilities = {
							com.apple.ApplicationGroups.iOS = {
								enabled = 1;
							};
						};
					};
				};
			};
			buildConfigurationList = 19DE767E2253766600CF29AB /* Build configuration list for PBXProject "PhotoStickers" */;
			compatibilityVersion = "Xcode 9.3";
			developmentRegion = en;
			hasScannedForEncodings = 0;
			knownRegions = (
				en,
				Base,
				de,
			);
			mainGroup = 19DE767A2253766600CF29AB;
			productRefGroup = 19DE76822253766600CF29AB /* Products */;
			projectDirPath = "";
			projectRoot = "";
			targets = (
				19DE76802253766600CF29AB /* PhotoStickers */,
				19DE768A2253766700CF29AB /* MessagesExtension */,
				19A9DFF822E0A165003EEF17 /* UITestHost */,
				196130D022DF0E6F00CE044F /* UITests */,
			);
		};
/* End PBXProject section */

/* Begin PBXResourcesBuildPhase section */
		196130CF22DF0E6F00CE044F /* Resources */ = {
			isa = PBXResourcesBuildPhase;
			buildActionMask = 2147483647;
			files = (
			);
			runOnlyForDeploymentPostprocessing = 0;
		};
		19A9DFF722E0A165003EEF17 /* Resources */ = {
			isa = PBXResourcesBuildPhase;
			buildActionMask = 2147483647;
			files = (
				19A9E00622E0A165003EEF17 /* LaunchScreen.storyboard in Resources */,
				19A9E00322E0A165003EEF17 /* Assets.xcassets in Resources */,
				19A9E00122E0A165003EEF17 /* Main.storyboard in Resources */,
			);
			runOnlyForDeploymentPostprocessing = 0;
		};
		19DE767F2253766600CF29AB /* Resources */ = {
			isa = PBXResourcesBuildPhase;
			buildActionMask = 2147483647;
			files = (
				19DE76852253766700CF29AB /* Assets.xcassets in Resources */,
			);
			runOnlyForDeploymentPostprocessing = 0;
		};
		19DE76892253766700CF29AB /* Resources */ = {
			isa = PBXResourcesBuildPhase;
			buildActionMask = 2147483647;
			files = (
				19DE76BE2253847E00CF29AB /* prefillContent.zip in Resources */,
				19DE774422538F6F00CF29AB /* StickerBrowserViewController.storyboard in Resources */,
				19DE76C3225384F800CF29AB /* Localizable.strings in Resources */,
				19DE76CA2253876F00CF29AB /* MessagesApp.storyboard in Resources */,
				19DE774722538F7300CF29AB /* EditStickerViewController.storyboard in Resources */,
				19DE76992253766700CF29AB /* Assets.xcassets in Resources */,
				19DE76C4225384F800CF29AB /* InfoPlist.strings in Resources */,
			);
			runOnlyForDeploymentPostprocessing = 0;
		};
/* End PBXResourcesBuildPhase section */

/* Begin PBXShellScriptBuildPhase section */
		03BB231A75CB36402C6B2D08 /* [CP] Check Pods Manifest.lock */ = {
			isa = PBXShellScriptBuildPhase;
			buildActionMask = 2147483647;
			files = (
			);
			inputFileListPaths = (
			);
			inputPaths = (
				"${PODS_PODFILE_DIR_PATH}/Podfile.lock",
				"${PODS_ROOT}/Manifest.lock",
			);
			name = "[CP] Check Pods Manifest.lock";
			outputFileListPaths = (
			);
			outputPaths = (
				"$(DERIVED_FILE_DIR)/Pods-PhotoStickers-checkManifestLockResult.txt",
			);
			runOnlyForDeploymentPostprocessing = 0;
			shellPath = /bin/sh;
			shellScript = "diff \"${PODS_PODFILE_DIR_PATH}/Podfile.lock\" \"${PODS_ROOT}/Manifest.lock\" > /dev/null\nif [ $? != 0 ] ; then\n    # print error to STDERR\n    echo \"error: The sandbox is not in sync with the Podfile.lock. Run 'pod install' or update your CocoaPods installation.\" >&2\n    exit 1\nfi\n# This output is used by Xcode 'outputs' to avoid re-running this script phase.\necho \"SUCCESS\" > \"${SCRIPT_OUTPUT_FILE_0}\"\n";
			showEnvVarsInLog = 0;
		};
		0C0E09D67D2C3750C427A85C /* [CP] Embed Pods Frameworks */ = {
			isa = PBXShellScriptBuildPhase;
			buildActionMask = 2147483647;
			files = (
			);
			inputFileListPaths = (
				"${PODS_ROOT}/Target Support Files/Pods-PhotoStickers/Pods-PhotoStickers-frameworks-${CONFIGURATION}-input-files.xcfilelist",
			);
			name = "[CP] Embed Pods Frameworks";
			outputFileListPaths = (
				"${PODS_ROOT}/Target Support Files/Pods-PhotoStickers/Pods-PhotoStickers-frameworks-${CONFIGURATION}-output-files.xcfilelist",
			);
			runOnlyForDeploymentPostprocessing = 0;
			shellPath = /bin/sh;
			shellScript = "\"${PODS_ROOT}/Target Support Files/Pods-PhotoStickers/Pods-PhotoStickers-frameworks.sh\"\n";
			showEnvVarsInLog = 0;
		};
		10700BDE4C66D5ED69136FD1 /* [CP] Check Pods Manifest.lock */ = {
			isa = PBXShellScriptBuildPhase;
			buildActionMask = 2147483647;
			files = (
			);
			inputFileListPaths = (
			);
			inputPaths = (
				"${PODS_PODFILE_DIR_PATH}/Podfile.lock",
				"${PODS_ROOT}/Manifest.lock",
			);
			name = "[CP] Check Pods Manifest.lock";
			outputFileListPaths = (
			);
			outputPaths = (
				"$(DERIVED_FILE_DIR)/Pods-MessagesExtension-checkManifestLockResult.txt",
			);
			runOnlyForDeploymentPostprocessing = 0;
			shellPath = /bin/sh;
			shellScript = "diff \"${PODS_PODFILE_DIR_PATH}/Podfile.lock\" \"${PODS_ROOT}/Manifest.lock\" > /dev/null\nif [ $? != 0 ] ; then\n    # print error to STDERR\n    echo \"error: The sandbox is not in sync with the Podfile.lock. Run 'pod install' or update your CocoaPods installation.\" >&2\n    exit 1\nfi\n# This output is used by Xcode 'outputs' to avoid re-running this script phase.\necho \"SUCCESS\" > \"${SCRIPT_OUTPUT_FILE_0}\"\n";
			showEnvVarsInLog = 0;
		};
		19DE76AC2253803700CF29AB /* Run swiftformat */ = {
			isa = PBXShellScriptBuildPhase;
			buildActionMask = 2147483647;
			files = (
			);
			inputFileListPaths = (
			);
			inputPaths = (
			);
			name = "Run swiftformat";
			outputFileListPaths = (
			);
			outputPaths = (
			);
			runOnlyForDeploymentPostprocessing = 0;
			shellPath = /bin/sh;
			shellScript = "\"${PODS_ROOT}/SwiftFormat/CommandLineTool/swiftformat\" \"${SRCROOT}/App\" \"${SRCROOT}/MessagesExtension\" \"${SRCROOT}/Tests\" \"${SRCROOT}/UITests\"\n";
		};
/* End PBXShellScriptBuildPhase section */

/* Begin PBXSourcesBuildPhase section */
		196130CD22DF0E6F00CE044F /* Sources */ = {
			isa = PBXSourcesBuildPhase;
			buildActionMask = 2147483647;
			files = (
				19A9E00E22E1A7E5003EEF17 /* PhotoStickersUITests.swift in Sources */,
				19A9DFF322E08F41003EEF17 /* SnapshotHelper.swift in Sources */,
				19A9E01322E1A83F003EEF17 /* XCUIApplication+Extensions.m in Sources */,
			);
			runOnlyForDeploymentPostprocessing = 0;
		};
		19A9DFF522E0A165003EEF17 /* Sources */ = {
			isa = PBXSourcesBuildPhase;
			buildActionMask = 2147483647;
			files = (
				19A9DFFE22E0A165003EEF17 /* ViewController.swift in Sources */,
				19A9DFFC22E0A165003EEF17 /* AppDelegate.swift in Sources */,
			);
			runOnlyForDeploymentPostprocessing = 0;
		};
		19DE76872253766700CF29AB /* Sources */ = {
			isa = PBXSourcesBuildPhase;
			buildActionMask = 2147483647;
			files = (
				19DE76ED225389A600CF29AB /* MSMessagesAppViewController+Rx.swift in Sources */,
				19DE76EA225389A600CF29AB /* AppIconView.swift in Sources */,
				19DE770E22538A8200CF29AB /* UIViewController+Extensions.swift in Sources */,
				19DE771922538A8200CF29AB /* CGGeometry+Extensions.swift in Sources */,
				19DE774B2253F12100CF29AB /* StickerBrowserFlow.swift in Sources */,
				19DE76D42253898900CF29AB /* ViewModelBased.swift in Sources */,
				19DE76F9225389A600CF29AB /* ImageStoreService.swift in Sources */,
				19DE76F6225389A600CF29AB /* StoryboardIdentifiers.swift in Sources */,
				19DE770D22538A8200CF29AB /* UIImage+RoundedCorner.swift in Sources */,
				19DE773B22538E0A00CF29AB /* Application.swift in Sources */,
				19DE76F8225389A600CF29AB /* DataFolderService.swift in Sources */,
				19DE76F2225389A600CF29AB /* StickerRenderService.swift in Sources */,
				19DE774622538F7300CF29AB /* EditStickerViewModel.swift in Sources */,
				19DE76942253766700CF29AB /* MessagesAppViewController.swift in Sources */,
				19DE771222538A8200CF29AB /* String+Extensions.swift in Sources */,
				19DE76EE225389A600CF29AB /* UIImagePickerController+Rx.swift in Sources */,
				19DE773E22538F6700CF29AB /* StickerSection.swift in Sources */,
				19DE76F1225389A600CF29AB /* UIImagePickerController+RxCreate.swift in Sources */,
				19DE770B22538A8200CF29AB /* StickerService+UITestSetup.swift in Sources */,
				19DE770F22538A8200CF29AB /* UIButton+Extensions.swift in Sources */,
				19DE771022538A8200CF29AB /* UIView+Extensions.swift in Sources */,
				19DE76D12253897D00CF29AB /* Mask.swift in Sources */,
				19DE772122538C5500CF29AB /* PhotoStickerStep.swift in Sources */,
				19DE76D02253897D00CF29AB /* Sticker.swift in Sources */,
				19DE76EB225389A600CF29AB /* UIScrollView+Rx.swift in Sources */,
				19DE76CF2253897D00CF29AB /* StickerInfo.swift in Sources */,
				19DE773F22538F6700CF29AB /* AddStickerCell.swift in Sources */,
				19DE76F4225389A600CF29AB /* StickerService.swift in Sources */,
				19DE774F2255F61300CF29AB /* WiggleEffect.swift in Sources */,
				19DE76E9225389A600CF29AB /* AddIconView.swift in Sources */,
				19DE771822538A8200CF29AB /* Logger+Shared.swift in Sources */,
				19DE771A22538A8200CF29AB /* UIImage+Alpha.swift in Sources */,
				19DE774122538F6700CF29AB /* StickerBrowserCellViewModel.swift in Sources */,
				19DE76F3225389A600CF29AB /* StickerFlowLayout.swift in Sources */,
				19DE771422538A8200CF29AB /* UIStoryboardSegue+Extensions.swift in Sources */,
				19DE76EC225389A600CF29AB /* Observable+Operators.swift in Sources */,
				19DE774D2253F2D900CF29AB /* EditStickerFlow.swift in Sources */,
				19DE774322538F6F00CF29AB /* StickerBrowserViewModel.swift in Sources */,
				19DE771722538A8200CF29AB /* UIStoryboard+Extensions.swift in Sources */,
				19DE774522538F7300CF29AB /* EditStickerViewController.swift in Sources */,
				19DE771122538A8200CF29AB /* UIImage+Resize.swift in Sources */,
				19DE76F0225389A600CF29AB /* RxImagePickerDelegateProxy.swift in Sources */,
				19DE774022538F6700CF29AB /* StickerBrowserCell.swift in Sources */,
				19DE771622538A8200CF29AB /* UIImage+Orientation.swift in Sources */,
				19DE771322538A8200CF29AB /* UIDevice+Extensions.swift in Sources */,
				19DE76F7225389A600CF29AB /* StyleKit.swift in Sources */,
				19DE76F5225389A600CF29AB /* PSError.swift in Sources */,
				19FBF5EE226E283C008125D0 /* UIColor+Image.swift in Sources */,
				19DE774222538F6F00CF29AB /* StickerBrowserViewController.swift in Sources */,
			);
			runOnlyForDeploymentPostprocessing = 0;
		};
/* End PBXSourcesBuildPhase section */

/* Begin PBXTargetDependency section */
		19A9E00C22E0A16D003EEF17 /* PBXTargetDependency */ = {
			isa = PBXTargetDependency;
			target = 19A9DFF822E0A165003EEF17 /* UITestHost */;
			targetProxy = 19A9E00B22E0A16D003EEF17 /* PBXContainerItemProxy */;
		};
		19DE768E2253766700CF29AB /* PBXTargetDependency */ = {
			isa = PBXTargetDependency;
			target = 19DE768A2253766700CF29AB /* MessagesExtension */;
			targetProxy = 19DE768D2253766700CF29AB /* PBXContainerItemProxy */;
		};
/* End PBXTargetDependency section */

/* Begin PBXVariantGroup section */
		19A9DFFF22E0A165003EEF17 /* Main.storyboard */ = {
			isa = PBXVariantGroup;
			children = (
				19A9E00022E0A165003EEF17 /* Base */,
			);
			name = Main.storyboard;
			sourceTree = "<group>";
		};
		19A9E00422E0A165003EEF17 /* LaunchScreen.storyboard */ = {
			isa = PBXVariantGroup;
			children = (
				19A9E00522E0A165003EEF17 /* Base */,
			);
			name = LaunchScreen.storyboard;
			sourceTree = "<group>";
		};
		19DE76BF225384F800CF29AB /* Localizable.strings */ = {
			isa = PBXVariantGroup;
			children = (
				19DE76C0225384F800CF29AB /* de */,
				19DE76C62253851000CF29AB /* en */,
			);
			name = Localizable.strings;
			path = .;
			sourceTree = "<group>";
		};
		19DE76C1225384F800CF29AB /* InfoPlist.strings */ = {
			isa = PBXVariantGroup;
			children = (
				19DE76C2225384F800CF29AB /* de */,
				19DE76C52253850C00CF29AB /* en */,
			);
			name = InfoPlist.strings;
			path = .;
			sourceTree = "<group>";
		};
/* End PBXVariantGroup section */

/* Begin XCBuildConfiguration section */
		196130D622DF0E6F00CE044F /* Debug */ = {
			isa = XCBuildConfiguration;
			buildSettings = {
				CLANG_ENABLE_MODULES = YES;
				CODE_SIGN_STYLE = Manual;
				DEVELOPMENT_TEAM = "";
				INFOPLIST_FILE = "UITests/Supporting Files/Info.plist";
				LD_RUNPATH_SEARCH_PATHS = (
					"$(inherited)",
					"@executable_path/Frameworks",
					"@loader_path/Frameworks",
				);
				PRODUCT_BUNDLE_IDENTIFIER = "com.jochen-pfeiffer.UITests";
				PRODUCT_NAME = "$(TARGET_NAME)";
				PROVISIONING_PROFILE = "";
				PROVISIONING_PROFILE_SPECIFIER = "";
				SWIFT_OBJC_BRIDGING_HEADER = "UITests/ObjC/UITests-Bridging-Header.h";
				SWIFT_OPTIMIZATION_LEVEL = "-Onone";
				SWIFT_VERSION = 5.0;
				TARGETED_DEVICE_FAMILY = "1,2";
				TEST_TARGET_NAME = UITestHost;
			};
			name = Debug;
		};
		196130D722DF0E6F00CE044F /* Release */ = {
			isa = XCBuildConfiguration;
			buildSettings = {
				CLANG_ENABLE_MODULES = YES;
				CODE_SIGN_STYLE = Manual;
				DEVELOPMENT_TEAM = "";
				INFOPLIST_FILE = "UITests/Supporting Files/Info.plist";
				LD_RUNPATH_SEARCH_PATHS = (
					"$(inherited)",
					"@executable_path/Frameworks",
					"@loader_path/Frameworks",
				);
				PRODUCT_BUNDLE_IDENTIFIER = "com.jochen-pfeiffer.UITests";
				PRODUCT_NAME = "$(TARGET_NAME)";
				PROVISIONING_PROFILE = "";
				PROVISIONING_PROFILE_SPECIFIER = "";
				SWIFT_OBJC_BRIDGING_HEADER = "UITests/ObjC/UITests-Bridging-Header.h";
				SWIFT_VERSION = 5.0;
				TARGETED_DEVICE_FAMILY = "1,2";
				TEST_TARGET_NAME = UITestHost;
			};
			name = Release;
		};
		19A9E00822E0A165003EEF17 /* Debug */ = {
			isa = XCBuildConfiguration;
			buildSettings = {
				ASSETCATALOG_COMPILER_APPICON_NAME = AppIcon;
				CODE_SIGN_STYLE = Manual;
				DEVELOPMENT_TEAM = "";
				INFOPLIST_FILE = "UITestHost/Supporting Files/Info.plist";
				LD_RUNPATH_SEARCH_PATHS = (
					"$(inherited)",
					"@executable_path/Frameworks",
				);
				PRODUCT_BUNDLE_IDENTIFIER = "com.jochen-pfeiffer.UITestHost";
				PRODUCT_NAME = "$(TARGET_NAME)";
				PROVISIONING_PROFILE_SPECIFIER = "";
				SWIFT_VERSION = 5.0;
				TARGETED_DEVICE_FAMILY = "1,2";
			};
			name = Debug;
		};
		19A9E00922E0A165003EEF17 /* Release */ = {
			isa = XCBuildConfiguration;
			buildSettings = {
				ASSETCATALOG_COMPILER_APPICON_NAME = AppIcon;
				CODE_SIGN_STYLE = Manual;
				DEVELOPMENT_TEAM = "";
				INFOPLIST_FILE = "UITestHost/Supporting Files/Info.plist";
				LD_RUNPATH_SEARCH_PATHS = (
					"$(inherited)",
					"@executable_path/Frameworks",
				);
				PRODUCT_BUNDLE_IDENTIFIER = "com.jochen-pfeiffer.UITestHost";
				PRODUCT_NAME = "$(TARGET_NAME)";
				PROVISIONING_PROFILE_SPECIFIER = "";
				SWIFT_VERSION = 5.0;
				TARGETED_DEVICE_FAMILY = "1,2";
			};
			name = Release;
		};
		19DE769B2253766700CF29AB /* Debug */ = {
			isa = XCBuildConfiguration;
			buildSettings = {
				ALWAYS_SEARCH_USER_PATHS = NO;
				CLANG_ANALYZER_LOCALIZABILITY_NONLOCALIZED = YES;
				CLANG_ANALYZER_NONNULL = YES;
				CLANG_ANALYZER_NUMBER_OBJECT_CONVERSION = YES_AGGRESSIVE;
				CLANG_CXX_LANGUAGE_STANDARD = "gnu++14";
				CLANG_CXX_LIBRARY = "libc++";
				CLANG_ENABLE_MODULES = YES;
				CLANG_ENABLE_OBJC_ARC = YES;
				CLANG_ENABLE_OBJC_WEAK = YES;
				CLANG_WARN_BLOCK_CAPTURE_AUTORELEASING = YES;
				CLANG_WARN_BOOL_CONVERSION = YES;
				CLANG_WARN_COMMA = YES;
				CLANG_WARN_CONSTANT_CONVERSION = YES;
				CLANG_WARN_DEPRECATED_OBJC_IMPLEMENTATIONS = YES;
				CLANG_WARN_DIRECT_OBJC_ISA_USAGE = YES_ERROR;
				CLANG_WARN_DOCUMENTATION_COMMENTS = YES;
				CLANG_WARN_EMPTY_BODY = YES;
				CLANG_WARN_ENUM_CONVERSION = YES;
				CLANG_WARN_INFINITE_RECURSION = YES;
				CLANG_WARN_INT_CONVERSION = YES;
				CLANG_WARN_NON_LITERAL_NULL_CONVERSION = YES;
				CLANG_WARN_OBJC_IMPLICIT_RETAIN_SELF = YES;
				CLANG_WARN_OBJC_LITERAL_CONVERSION = YES;
				CLANG_WARN_OBJC_ROOT_CLASS = YES_ERROR;
				CLANG_WARN_RANGE_LOOP_ANALYSIS = YES;
				CLANG_WARN_STRICT_PROTOTYPES = YES;
				CLANG_WARN_SUSPICIOUS_MOVE = YES;
				CLANG_WARN_UNGUARDED_AVAILABILITY = YES_AGGRESSIVE;
				CLANG_WARN_UNREACHABLE_CODE = YES;
				CLANG_WARN__DUPLICATE_METHOD_MATCH = YES;
				CODE_SIGN_IDENTITY = "iPhone Developer";
				COPY_PHASE_STRIP = NO;
				DEBUG_INFORMATION_FORMAT = dwarf;
				ENABLE_STRICT_OBJC_MSGSEND = YES;
				ENABLE_TESTABILITY = YES;
				GCC_C_LANGUAGE_STANDARD = gnu11;
				GCC_DYNAMIC_NO_PIC = NO;
				GCC_NO_COMMON_BLOCKS = YES;
				GCC_OPTIMIZATION_LEVEL = 0;
				GCC_PREPROCESSOR_DEFINITIONS = (
					"DEBUG=1",
					"$(inherited)",
				);
				GCC_WARN_64_TO_32_BIT_CONVERSION = YES;
				GCC_WARN_ABOUT_RETURN_TYPE = YES_ERROR;
				GCC_WARN_UNDECLARED_SELECTOR = YES;
				GCC_WARN_UNINITIALIZED_AUTOS = YES_AGGRESSIVE;
				GCC_WARN_UNUSED_FUNCTION = YES;
				GCC_WARN_UNUSED_VARIABLE = YES;
				IPHONEOS_DEPLOYMENT_TARGET = 11.4;
				MTL_ENABLE_DEBUG_INFO = INCLUDE_SOURCE;
				MTL_FAST_MATH = YES;
				ONLY_ACTIVE_ARCH = YES;
				SDKROOT = iphoneos;
				SWIFT_ACTIVE_COMPILATION_CONDITIONS = DEBUG;
				SWIFT_OPTIMIZATION_LEVEL = "-Onone";
			};
			name = Debug;
		};
		19DE769C2253766700CF29AB /* Release */ = {
			isa = XCBuildConfiguration;
			buildSettings = {
				ALWAYS_SEARCH_USER_PATHS = NO;
				CLANG_ANALYZER_LOCALIZABILITY_NONLOCALIZED = YES;
				CLANG_ANALYZER_NONNULL = YES;
				CLANG_ANALYZER_NUMBER_OBJECT_CONVERSION = YES_AGGRESSIVE;
				CLANG_CXX_LANGUAGE_STANDARD = "gnu++14";
				CLANG_CXX_LIBRARY = "libc++";
				CLANG_ENABLE_MODULES = YES;
				CLANG_ENABLE_OBJC_ARC = YES;
				CLANG_ENABLE_OBJC_WEAK = YES;
				CLANG_WARN_BLOCK_CAPTURE_AUTORELEASING = YES;
				CLANG_WARN_BOOL_CONVERSION = YES;
				CLANG_WARN_COMMA = YES;
				CLANG_WARN_CONSTANT_CONVERSION = YES;
				CLANG_WARN_DEPRECATED_OBJC_IMPLEMENTATIONS = YES;
				CLANG_WARN_DIRECT_OBJC_ISA_USAGE = YES_ERROR;
				CLANG_WARN_DOCUMENTATION_COMMENTS = YES;
				CLANG_WARN_EMPTY_BODY = YES;
				CLANG_WARN_ENUM_CONVERSION = YES;
				CLANG_WARN_INFINITE_RECURSION = YES;
				CLANG_WARN_INT_CONVERSION = YES;
				CLANG_WARN_NON_LITERAL_NULL_CONVERSION = YES;
				CLANG_WARN_OBJC_IMPLICIT_RETAIN_SELF = YES;
				CLANG_WARN_OBJC_LITERAL_CONVERSION = YES;
				CLANG_WARN_OBJC_ROOT_CLASS = YES_ERROR;
				CLANG_WARN_RANGE_LOOP_ANALYSIS = YES;
				CLANG_WARN_STRICT_PROTOTYPES = YES;
				CLANG_WARN_SUSPICIOUS_MOVE = YES;
				CLANG_WARN_UNGUARDED_AVAILABILITY = YES_AGGRESSIVE;
				CLANG_WARN_UNREACHABLE_CODE = YES;
				CLANG_WARN__DUPLICATE_METHOD_MATCH = YES;
				CODE_SIGN_IDENTITY = "iPhone Developer";
				COPY_PHASE_STRIP = NO;
				DEBUG_INFORMATION_FORMAT = "dwarf-with-dsym";
				ENABLE_NS_ASSERTIONS = NO;
				ENABLE_STRICT_OBJC_MSGSEND = YES;
				GCC_C_LANGUAGE_STANDARD = gnu11;
				GCC_NO_COMMON_BLOCKS = YES;
				GCC_WARN_64_TO_32_BIT_CONVERSION = YES;
				GCC_WARN_ABOUT_RETURN_TYPE = YES_ERROR;
				GCC_WARN_UNDECLARED_SELECTOR = YES;
				GCC_WARN_UNINITIALIZED_AUTOS = YES_AGGRESSIVE;
				GCC_WARN_UNUSED_FUNCTION = YES;
				GCC_WARN_UNUSED_VARIABLE = YES;
				IPHONEOS_DEPLOYMENT_TARGET = 11.4;
				MTL_ENABLE_DEBUG_INFO = NO;
				MTL_FAST_MATH = YES;
				SDKROOT = iphoneos;
				SWIFT_COMPILATION_MODE = wholemodule;
				SWIFT_OPTIMIZATION_LEVEL = "-O";
				VALIDATE_PRODUCT = YES;
			};
			name = Release;
		};
		19DE769E2253766700CF29AB /* Debug */ = {
			isa = XCBuildConfiguration;
			baseConfigurationReference = 82EF334FCAFA78E6AE3742E4 /* Pods-MessagesExtension.debug.xcconfig */;
			buildSettings = {
				ASSETCATALOG_COMPILER_APPICON_NAME = "iMessage App Icon";
				CODE_SIGN_ENTITLEMENTS = "MessagesExtension/Supporting Files/MessagesExtension.entitlements";
				CODE_SIGN_STYLE = Manual;
				CURRENT_PROJECT_VERSION = 2047;
				DEVELOPMENT_TEAM = 2TV9GXC7CB;
				INFOPLIST_FILE = "MessagesExtension/Supporting Files/Info.plist";
				LD_RUNPATH_SEARCH_PATHS = (
					"$(inherited)",
					"@executable_path/Frameworks",
				);
				PREFILL_STICKERS = NO;
				PRODUCT_BUNDLE_IDENTIFIER = "com.jochen-pfeiffer.photo-stickers.extension-only.message-extension";
				PRODUCT_NAME = "$(TARGET_NAME)";
				PROVISIONING_PROFILE_SPECIFIER = "match Development com.jochen-pfeiffer.photo-stickers.extension-only.message-extension";
				SKIP_INSTALL = YES;
				SWIFT_VERSION = 5.0;
				TARGETED_DEVICE_FAMILY = "1,2";
				VERSIONING_SYSTEM = "apple-generic";
			};
			name = Debug;
		};
		19DE769F2253766700CF29AB /* Release */ = {
			isa = XCBuildConfiguration;
			baseConfigurationReference = 691C1DE00623A4390F844B51 /* Pods-MessagesExtension.release.xcconfig */;
			buildSettings = {
				ASSETCATALOG_COMPILER_APPICON_NAME = "iMessage App Icon";
				CODE_SIGN_ENTITLEMENTS = "MessagesExtension/Supporting Files/MessagesExtension.entitlements";
				CODE_SIGN_STYLE = Manual;
				CURRENT_PROJECT_VERSION = 2047;
				DEVELOPMENT_TEAM = 2TV9GXC7CB;
				INFOPLIST_FILE = "MessagesExtension/Supporting Files/Info.plist";
				LD_RUNPATH_SEARCH_PATHS = (
					"$(inherited)",
					"@executable_path/Frameworks",
				);
				PREFILL_STICKERS = NO;
				PRODUCT_BUNDLE_IDENTIFIER = "com.jochen-pfeiffer.photo-stickers.extension-only.message-extension";
				PRODUCT_NAME = "$(TARGET_NAME)";
				PROVISIONING_PROFILE_SPECIFIER = "match Development com.jochen-pfeiffer.photo-stickers.extension-only.message-extension";
				SKIP_INSTALL = YES;
				SWIFT_VERSION = 5.0;
				TARGETED_DEVICE_FAMILY = "1,2";
				VERSIONING_SYSTEM = "apple-generic";
			};
			name = Release;
		};
		19DE76A22253766700CF29AB /* Debug */ = {
			isa = XCBuildConfiguration;
			baseConfigurationReference = 26C3235425CFFC8A1C9DA7A4 /* Pods-PhotoStickers.debug.xcconfig */;
			buildSettings = {
				ASSETCATALOG_COMPILER_APPICON_NAME = AppIcon;
				CODE_SIGN_STYLE = Manual;
				CURRENT_PROJECT_VERSION = 2047;
				DEVELOPMENT_TEAM = 2TV9GXC7CB;
				INFOPLIST_FILE = "App/Supporting Files/Info.plist";
				PRODUCT_BUNDLE_IDENTIFIER = "com.jochen-pfeiffer.photo-stickers.extension-only";
				PRODUCT_NAME = "$(TARGET_NAME)";
				PROVISIONING_PROFILE_SPECIFIER = "match Development com.jochen-pfeiffer.photo-stickers.extension-only";
				SWIFT_VERSION = 5.0;
				TARGETED_DEVICE_FAMILY = "1,2";
				VERSIONING_SYSTEM = "apple-generic";
			};
			name = Debug;
		};
		19DE76A32253766700CF29AB /* Release */ = {
			isa = XCBuildConfiguration;
			baseConfigurationReference = 0DF8AFFCFA6C5CF8E063A117 /* Pods-PhotoStickers.release.xcconfig */;
			buildSettings = {
				ASSETCATALOG_COMPILER_APPICON_NAME = AppIcon;
				CODE_SIGN_STYLE = Manual;
				CURRENT_PROJECT_VERSION = 2047;
				DEVELOPMENT_TEAM = 2TV9GXC7CB;
				INFOPLIST_FILE = "App/Supporting Files/Info.plist";
				PRODUCT_BUNDLE_IDENTIFIER = "com.jochen-pfeiffer.photo-stickers.extension-only";
				PRODUCT_NAME = "$(TARGET_NAME)";
				PROVISIONING_PROFILE_SPECIFIER = "match Development com.jochen-pfeiffer.photo-stickers.extension-only";
				SWIFT_VERSION = 5.0;
				TARGETED_DEVICE_FAMILY = "1,2";
				VERSIONING_SYSTEM = "apple-generic";
			};
			name = Release;
		};
/* End XCBuildConfiguration section */

/* Begin XCConfigurationList section */
		196130D822DF0E6F00CE044F /* Build configuration list for PBXNativeTarget "UITests" */ = {
			isa = XCConfigurationList;
			buildConfigurations = (
				196130D622DF0E6F00CE044F /* Debug */,
				196130D722DF0E6F00CE044F /* Release */,
			);
			defaultConfigurationIsVisible = 0;
			defaultConfigurationName = Release;
		};
		19A9E00A22E0A165003EEF17 /* Build configuration list for PBXNativeTarget "UITestHost" */ = {
			isa = XCConfigurationList;
			buildConfigurations = (
				19A9E00822E0A165003EEF17 /* Debug */,
				19A9E00922E0A165003EEF17 /* Release */,
			);
			defaultConfigurationIsVisible = 0;
			defaultConfigurationName = Release;
		};
		19DE767E2253766600CF29AB /* Build configuration list for PBXProject "PhotoStickers" */ = {
			isa = XCConfigurationList;
			buildConfigurations = (
				19DE769B2253766700CF29AB /* Debug */,
				19DE769C2253766700CF29AB /* Release */,
			);
			defaultConfigurationIsVisible = 0;
			defaultConfigurationName = Release;
		};
		19DE769D2253766700CF29AB /* Build configuration list for PBXNativeTarget "MessagesExtension" */ = {
			isa = XCConfigurationList;
			buildConfigurations = (
				19DE769E2253766700CF29AB /* Debug */,
				19DE769F2253766700CF29AB /* Release */,
			);
			defaultConfigurationIsVisible = 0;
			defaultConfigurationName = Release;
		};
		19DE76A12253766700CF29AB /* Build configuration list for PBXNativeTarget "PhotoStickers" */ = {
			isa = XCConfigurationList;
			buildConfigurations = (
				19DE76A22253766700CF29AB /* Debug */,
				19DE76A32253766700CF29AB /* Release */,
			);
			defaultConfigurationIsVisible = 0;
			defaultConfigurationName = Release;
		};
/* End XCConfigurationList section */
	};
	rootObject = 19DE767B2253766600CF29AB /* Project object */;
}
