// !$*UTF8*$!
{
	archiveVersion = 1;
	classes = {
	};
	objectVersion = 50;
	objects = {

/* Begin PBXBuildFile section */
		19DE76852253766700CF29AB /* Assets.xcassets in Resources */ = {isa = PBXBuildFile; fileRef = 19DE76842253766700CF29AB /* Assets.xcassets */; };
		19DE768C2253766700CF29AB /* MessagesExtension.appex in Embed App Extensions */ = {isa = PBXBuildFile; fileRef = 19DE768B2253766700CF29AB /* MessagesExtension.appex */; settings = {ATTRIBUTES = (RemoveHeadersOnCopy, ); }; };
		19DE76912253766700CF29AB /* Messages.framework in Frameworks */ = {isa = PBXBuildFile; fileRef = 19DE76902253766700CF29AB /* Messages.framework */; };
		19DE76942253766700CF29AB /* MessagesViewController.swift in Sources */ = {isa = PBXBuildFile; fileRef = 19DE76932253766700CF29AB /* MessagesViewController.swift */; };
		19DE76972253766700CF29AB /* MainInterface.storyboard in Resources */ = {isa = PBXBuildFile; fileRef = 19DE76952253766700CF29AB /* MainInterface.storyboard */; };
		19DE76992253766700CF29AB /* Assets.xcassets in Resources */ = {isa = PBXBuildFile; fileRef = 19DE76982253766700CF29AB /* Assets.xcassets */; };
/* End PBXBuildFile section */

/* Begin PBXContainerItemProxy section */
		19DE768D2253766700CF29AB /* PBXContainerItemProxy */ = {
			isa = PBXContainerItemProxy;
			containerPortal = 19DE767B2253766600CF29AB /* Project object */;
			proxyType = 1;
			remoteGlobalIDString = 19DE768A2253766700CF29AB;
			remoteInfo = "PhotoStickers MessagesExtension";
		};
/* End PBXContainerItemProxy section */

/* Begin PBXCopyFilesBuildPhase section */
		19DE76A02253766700CF29AB /* Embed App Extensions */ = {
			isa = PBXCopyFilesBuildPhase;
			buildActionMask = 2147483647;
			dstPath = "";
			dstSubfolderSpec = 13;
			files = (
				19DE768C2253766700CF29AB /* MessagesExtension.appex in Embed App Extensions */,
			);
			name = "Embed App Extensions";
			runOnlyForDeploymentPostprocessing = 0;
		};
/* End PBXCopyFilesBuildPhase section */

/* Begin PBXFileReference section */
		19DE76812253766600CF29AB /* PhotoStickers.app */ = {isa = PBXFileReference; explicitFileType = wrapper.application; includeInIndex = 0; path = PhotoStickers.app; sourceTree = BUILT_PRODUCTS_DIR; };
		19DE76842253766700CF29AB /* Assets.xcassets */ = {isa = PBXFileReference; lastKnownFileType = folder.assetcatalog; path = Assets.xcassets; sourceTree = "<group>"; };
		19DE76862253766700CF29AB /* Info.plist */ = {isa = PBXFileReference; lastKnownFileType = text.plist.xml; path = Info.plist; sourceTree = "<group>"; };
		19DE768B2253766700CF29AB /* MessagesExtension.appex */ = {isa = PBXFileReference; explicitFileType = "wrapper.app-extension"; includeInIndex = 0; path = MessagesExtension.appex; sourceTree = BUILT_PRODUCTS_DIR; };
		19DE76902253766700CF29AB /* Messages.framework */ = {isa = PBXFileReference; lastKnownFileType = wrapper.framework; name = Messages.framework; path = System/Library/Frameworks/Messages.framework; sourceTree = SDKROOT; };
		19DE76932253766700CF29AB /* MessagesViewController.swift */ = {isa = PBXFileReference; lastKnownFileType = sourcecode.swift; path = MessagesViewController.swift; sourceTree = "<group>"; };
		19DE76962253766700CF29AB /* Base */ = {isa = PBXFileReference; lastKnownFileType = file.storyboard; name = Base; path = Base.lproj/MainInterface.storyboard; sourceTree = "<group>"; };
		19DE76982253766700CF29AB /* Assets.xcassets */ = {isa = PBXFileReference; lastKnownFileType = folder.assetcatalog; path = Assets.xcassets; sourceTree = "<group>"; };
		19DE76A822537C9F00CF29AB /* Info.plist */ = {isa = PBXFileReference; fileEncoding = 4; lastKnownFileType = text.plist.xml; path = Info.plist; sourceTree = "<group>"; };
/* End PBXFileReference section */

/* Begin PBXFrameworksBuildPhase section */
		19DE76882253766700CF29AB /* Frameworks */ = {
			isa = PBXFrameworksBuildPhase;
			buildActionMask = 2147483647;
			files = (
				19DE76912253766700CF29AB /* Messages.framework in Frameworks */,
			);
			runOnlyForDeploymentPostprocessing = 0;
		};
/* End PBXFrameworksBuildPhase section */

/* Begin PBXGroup section */
		19DE767A2253766600CF29AB = {
			isa = PBXGroup;
			children = (
				19DE76832253766600CF29AB /* App */,
				19DE76922253766700CF29AB /* MessagesExtension */,
				19DE768F2253766700CF29AB /* Frameworks */,
				19DE76822253766600CF29AB /* Products */,
			);
			sourceTree = "<group>";
		};
		19DE76822253766600CF29AB /* Products */ = {
			isa = PBXGroup;
			children = (
				19DE76812253766600CF29AB /* PhotoStickers.app */,
				19DE768B2253766700CF29AB /* MessagesExtension.appex */,
			);
			name = Products;
			sourceTree = "<group>";
		};
		19DE76832253766600CF29AB /* App */ = {
			isa = PBXGroup;
			children = (
				19DE76842253766700CF29AB /* Assets.xcassets */,
				19DE76AB22537E2300CF29AB /* Supporting Files */,
			);
			path = App;
			sourceTree = "<group>";
		};
		19DE768F2253766700CF29AB /* Frameworks */ = {
			isa = PBXGroup;
			children = (
				19DE76902253766700CF29AB /* Messages.framework */,
			);
			name = Frameworks;
			sourceTree = "<group>";
		};
		19DE76922253766700CF29AB /* MessagesExtension */ = {
			isa = PBXGroup;
			children = (
				19DE76932253766700CF29AB /* MessagesViewController.swift */,
				19DE76952253766700CF29AB /* MainInterface.storyboard */,
				19DE76982253766700CF29AB /* Assets.xcassets */,
				19DE76A622537C9F00CF29AB /* Supporting Files */,
			);
			path = MessagesExtension;
			sourceTree = "<group>";
		};
		19DE76A622537C9F00CF29AB /* Supporting Files */ = {
			isa = PBXGroup;
			children = (
				19DE76A822537C9F00CF29AB /* Info.plist */,
			);
			path = "Supporting Files";
			sourceTree = "<group>";
		};
		19DE76AB22537E2300CF29AB /* Supporting Files */ = {
			isa = PBXGroup;
			children = (
				19DE76862253766700CF29AB /* Info.plist */,
			);
			path = "Supporting Files";
			sourceTree = "<group>";
		};
/* End PBXGroup section */

/* Begin PBXNativeTarget section */
		19DE76802253766600CF29AB /* PhotoStickers */ = {
			isa = PBXNativeTarget;
			buildConfigurationList = 19DE76A12253766700CF29AB /* Build configuration list for PBXNativeTarget "PhotoStickers" */;
			buildPhases = (
				19DE767F2253766600CF29AB /* Resources */,
				19DE76A02253766700CF29AB /* Embed App Extensions */,
			);
			buildRules = (
			);
			dependencies = (
				19DE768E2253766700CF29AB /* PBXTargetDependency */,
			);
			name = PhotoStickers;
			productName = PhotoStickers;
			productReference = 19DE76812253766600CF29AB /* PhotoStickers.app */;
			productType = "com.apple.product-type.application.messages";
		};
		19DE768A2253766700CF29AB /* MessagesExtension */ = {
			isa = PBXNativeTarget;
			buildConfigurationList = 19DE769D2253766700CF29AB /* Build configuration list for PBXNativeTarget "MessagesExtension" */;
			buildPhases = (
				19DE76872253766700CF29AB /* Sources */,
				19DE76882253766700CF29AB /* Frameworks */,
				19DE76892253766700CF29AB /* Resources */,
			);
			buildRules = (
			);
			dependencies = (
			);
			name = MessagesExtension;
			productName = "PhotoStickers MessagesExtension";
			productReference = 19DE768B2253766700CF29AB /* MessagesExtension.appex */;
			productType = "com.apple.product-type.app-extension.messages";
		};
/* End PBXNativeTarget section */

/* Begin PBXProject section */
		19DE767B2253766600CF29AB /* Project object */ = {
			isa = PBXProject;
			attributes = {
				LastSwiftUpdateCheck = 1020;
				LastUpgradeCheck = 1020;
				ORGANIZATIONNAME = "Jochen Pfeiffer";
				TargetAttributes = {
					19DE76802253766600CF29AB = {
						CreatedOnToolsVersion = 10.2;
					};
					19DE768A2253766700CF29AB = {
						CreatedOnToolsVersion = 10.2;
					};
				};
			};
			buildConfigurationList = 19DE767E2253766600CF29AB /* Build configuration list for PBXProject "PhotoStickers" */;
			compatibilityVersion = "Xcode 9.3";
			developmentRegion = en;
			hasScannedForEncodings = 0;
			knownRegions = (
				en,
				Base,
			);
			mainGroup = 19DE767A2253766600CF29AB;
			productRefGroup = 19DE76822253766600CF29AB /* Products */;
			projectDirPath = "";
			projectRoot = "";
			targets = (
				19DE76802253766600CF29AB /* PhotoStickers */,
				19DE768A2253766700CF29AB /* MessagesExtension */,
			);
		};
/* End PBXProject section */

/* Begin PBXResourcesBuildPhase section */
		19DE767F2253766600CF29AB /* Resources */ = {
			isa = PBXResourcesBuildPhase;
			buildActionMask = 2147483647;
			files = (
				19DE76852253766700CF29AB /* Assets.xcassets in Resources */,
			);
			runOnlyForDeploymentPostprocessing = 0;
		};
		19DE76892253766700CF29AB /* Resources */ = {
			isa = PBXResourcesBuildPhase;
			buildActionMask = 2147483647;
			files = (
				19DE76992253766700CF29AB /* Assets.xcassets in Resources */,
				19DE76972253766700CF29AB /* MainInterface.storyboard in Resources */,
			);
			runOnlyForDeploymentPostprocessing = 0;
		};
/* End PBXResourcesBuildPhase section */

/* Begin PBXSourcesBuildPhase section */
		19DE76872253766700CF29AB /* Sources */ = {
			isa = PBXSourcesBuildPhase;
			buildActionMask = 2147483647;
			files = (
				19DE76942253766700CF29AB /* MessagesViewController.swift in Sources */,
			);
			runOnlyForDeploymentPostprocessing = 0;
		};
/* End PBXSourcesBuildPhase section */

/* Begin PBXTargetDependency section */
		19DE768E2253766700CF29AB /* PBXTargetDependency */ = {
			isa = PBXTargetDependency;
			target = 19DE768A2253766700CF29AB /* MessagesExtension */;
			targetProxy = 19DE768D2253766700CF29AB /* PBXContainerItemProxy */;
		};
/* End PBXTargetDependency section */

/* Begin PBXVariantGroup section */
		19DE76952253766700CF29AB /* MainInterface.storyboard */ = {
			isa = PBXVariantGroup;
			children = (
				19DE76962253766700CF29AB /* Base */,
			);
			name = MainInterface.storyboard;
			sourceTree = "<group>";
		};
/* End PBXVariantGroup section */

/* Begin XCBuildConfiguration section */
		19DE769B2253766700CF29AB /* Debug */ = {
			isa = XCBuildConfiguration;
			buildSettings = {
				ALWAYS_SEARCH_USER_PATHS = NO;
				CLANG_ANALYZER_NONNULL = YES;
				CLANG_ANALYZER_NUMBER_OBJECT_CONVERSION = YES_AGGRESSIVE;
				CLANG_CXX_LANGUAGE_STANDARD = "gnu++14";
				CLANG_CXX_LIBRARY = "libc++";
				CLANG_ENABLE_MODULES = YES;
				CLANG_ENABLE_OBJC_ARC = YES;
				CLANG_ENABLE_OBJC_WEAK = YES;
				CLANG_WARN_BLOCK_CAPTURE_AUTORELEASING = YES;
				CLANG_WARN_BOOL_CONVERSION = YES;
				CLANG_WARN_COMMA = YES;
				CLANG_WARN_CONSTANT_CONVERSION = YES;
				CLANG_WARN_DEPRECATED_OBJC_IMPLEMENTATIONS = YES;
				CLANG_WARN_DIRECT_OBJC_ISA_USAGE = YES_ERROR;
				CLANG_WARN_DOCUMENTATION_COMMENTS = YES;
				CLANG_WARN_EMPTY_BODY = YES;
				CLANG_WARN_ENUM_CONVERSION = YES;
				CLANG_WARN_INFINITE_RECURSION = YES;
				CLANG_WARN_INT_CONVERSION = YES;
				CLANG_WARN_NON_LITERAL_NULL_CONVERSION = YES;
				CLANG_WARN_OBJC_IMPLICIT_RETAIN_SELF = YES;
				CLANG_WARN_OBJC_LITERAL_CONVERSION = YES;
				CLANG_WARN_OBJC_ROOT_CLASS = YES_ERROR;
				CLANG_WARN_RANGE_LOOP_ANALYSIS = YES;
				CLANG_WARN_STRICT_PROTOTYPES = YES;
				CLANG_WARN_SUSPICIOUS_MOVE = YES;
				CLANG_WARN_UNGUARDED_AVAILABILITY = YES_AGGRESSIVE;
				CLANG_WARN_UNREACHABLE_CODE = YES;
				CLANG_WARN__DUPLICATE_METHOD_MATCH = YES;
				CODE_SIGN_IDENTITY = "iPhone Developer";
				COPY_PHASE_STRIP = NO;
				DEBUG_INFORMATION_FORMAT = dwarf;
				ENABLE_STRICT_OBJC_MSGSEND = YES;
				ENABLE_TESTABILITY = YES;
				GCC_C_LANGUAGE_STANDARD = gnu11;
				GCC_DYNAMIC_NO_PIC = NO;
				GCC_NO_COMMON_BLOCKS = YES;
				GCC_OPTIMIZATION_LEVEL = 0;
				GCC_PREPROCESSOR_DEFINITIONS = (
					"DEBUG=1",
					"$(inherited)",
				);
				GCC_WARN_64_TO_32_BIT_CONVERSION = YES;
				GCC_WARN_ABOUT_RETURN_TYPE = YES_ERROR;
				GCC_WARN_UNDECLARED_SELECTOR = YES;
				GCC_WARN_UNINITIALIZED_AUTOS = YES_AGGRESSIVE;
				GCC_WARN_UNUSED_FUNCTION = YES;
				GCC_WARN_UNUSED_VARIABLE = YES;
				IPHONEOS_DEPLOYMENT_TARGET = 12.0;
				MTL_ENABLE_DEBUG_INFO = INCLUDE_SOURCE;
				MTL_FAST_MATH = YES;
				ONLY_ACTIVE_ARCH = YES;
				SDKROOT = iphoneos;
				SWIFT_ACTIVE_COMPILATION_CONDITIONS = DEBUG;
				SWIFT_OPTIMIZATION_LEVEL = "-Onone";
			};
			name = Debug;
		};
		19DE769C2253766700CF29AB /* Release */ = {
			isa = XCBuildConfiguration;
			buildSettings = {
				ALWAYS_SEARCH_USER_PATHS = NO;
				CLANG_ANALYZER_NONNULL = YES;
				CLANG_ANALYZER_NUMBER_OBJECT_CONVERSION = YES_AGGRESSIVE;
				CLANG_CXX_LANGUAGE_STANDARD = "gnu++14";
				CLANG_CXX_LIBRARY = "libc++";
				CLANG_ENABLE_MODULES = YES;
				CLANG_ENABLE_OBJC_ARC = YES;
				CLANG_ENABLE_OBJC_WEAK = YES;
				CLANG_WARN_BLOCK_CAPTURE_AUTORELEASING = YES;
				CLANG_WARN_BOOL_CONVERSION = YES;
				CLANG_WARN_COMMA = YES;
				CLANG_WARN_CONSTANT_CONVERSION = YES;
				CLANG_WARN_DEPRECATED_OBJC_IMPLEMENTATIONS = YES;
				CLANG_WARN_DIRECT_OBJC_ISA_USAGE = YES_ERROR;
				CLANG_WARN_DOCUMENTATION_COMMENTS = YES;
				CLANG_WARN_EMPTY_BODY = YES;
				CLANG_WARN_ENUM_CONVERSION = YES;
				CLANG_WARN_INFINITE_RECURSION = YES;
				CLANG_WARN_INT_CONVERSION = YES;
				CLANG_WARN_NON_LITERAL_NULL_CONVERSION = YES;
				CLANG_WARN_OBJC_IMPLICIT_RETAIN_SELF = YES;
				CLANG_WARN_OBJC_LITERAL_CONVERSION = YES;
				CLANG_WARN_OBJC_ROOT_CLASS = YES_ERROR;
				CLANG_WARN_RANGE_LOOP_ANALYSIS = YES;
				CLANG_WARN_STRICT_PROTOTYPES = YES;
				CLANG_WARN_SUSPICIOUS_MOVE = YES;
				CLANG_WARN_UNGUARDED_AVAILABILITY = YES_AGGRESSIVE;
				CLANG_WARN_UNREACHABLE_CODE = YES;
				CLANG_WARN__DUPLICATE_METHOD_MATCH = YES;
				CODE_SIGN_IDENTITY = "iPhone Developer";
				COPY_PHASE_STRIP = NO;
				DEBUG_INFORMATION_FORMAT = "dwarf-with-dsym";
				ENABLE_NS_ASSERTIONS = NO;
				ENABLE_STRICT_OBJC_MSGSEND = YES;
				GCC_C_LANGUAGE_STANDARD = gnu11;
				GCC_NO_COMMON_BLOCKS = YES;
				GCC_WARN_64_TO_32_BIT_CONVERSION = YES;
				GCC_WARN_ABOUT_RETURN_TYPE = YES_ERROR;
				GCC_WARN_UNDECLARED_SELECTOR = YES;
				GCC_WARN_UNINITIALIZED_AUTOS = YES_AGGRESSIVE;
				GCC_WARN_UNUSED_FUNCTION = YES;
				GCC_WARN_UNUSED_VARIABLE = YES;
				IPHONEOS_DEPLOYMENT_TARGET = 12.0;
				MTL_ENABLE_DEBUG_INFO = NO;
				MTL_FAST_MATH = YES;
				SDKROOT = iphoneos;
				SWIFT_COMPILATION_MODE = wholemodule;
				SWIFT_OPTIMIZATION_LEVEL = "-O";
				VALIDATE_PRODUCT = YES;
			};
			name = Release;
		};
		19DE769E2253766700CF29AB /* Debug */ = {
			isa = XCBuildConfiguration;
			buildSettings = {
				ASSETCATALOG_COMPILER_APPICON_NAME = "iMessage App Icon";
				CODE_SIGN_STYLE = Manual;
				DEVELOPMENT_TEAM = 2TV9GXC7CB;
				INFOPLIST_FILE = "$(SRCROOT)/MessagesExtension/Supporting Files/Info.plist";
				LD_RUNPATH_SEARCH_PATHS = (
					"$(inherited)",
					"@executable_path/Frameworks",
					"@executable_path/../../Frameworks",
				);
				PRODUCT_BUNDLE_IDENTIFIER = "com.jochen-pfeiffer.photo-stickers.message-extension";
				PRODUCT_NAME = "$(TARGET_NAME)";
				PROVISIONING_PROFILE_SPECIFIER = "match Development com.jochen-pfeiffer.photo-stickers.message-extension";
				SKIP_INSTALL = YES;
				SWIFT_VERSION = 5.0;
				TARGETED_DEVICE_FAMILY = "1,2";
			};
			name = Debug;
		};
		19DE769F2253766700CF29AB /* Release */ = {
			isa = XCBuildConfiguration;
			buildSettings = {
				ASSETCATALOG_COMPILER_APPICON_NAME = "iMessage App Icon";
				CODE_SIGN_STYLE = Manual;
				DEVELOPMENT_TEAM = 2TV9GXC7CB;
				INFOPLIST_FILE = "$(SRCROOT)/MessagesExtension/Supporting Files/Info.plist";
				LD_RUNPATH_SEARCH_PATHS = (
					"$(inherited)",
					"@executable_path/Frameworks",
					"@executable_path/../../Frameworks",
				);
				PRODUCT_BUNDLE_IDENTIFIER = "com.jochen-pfeiffer.photo-stickers.message-extension";
				PRODUCT_NAME = "$(TARGET_NAME)";
				PROVISIONING_PROFILE_SPECIFIER = "match Development com.jochen-pfeiffer.photo-stickers.message-extension";
				SKIP_INSTALL = YES;
				SWIFT_VERSION = 5.0;
				TARGETED_DEVICE_FAMILY = "1,2";
			};
			name = Release;
		};
		19DE76A22253766700CF29AB /* Debug */ = {
			isa = XCBuildConfiguration;
			buildSettings = {
				ALWAYS_EMBED_SWIFT_STANDARD_LIBRARIES = YES;
				ASSETCATALOG_COMPILER_APPICON_NAME = AppIcon;
				CODE_SIGN_STYLE = Manual;
				DEVELOPMENT_TEAM = 2TV9GXC7CB;
				INFOPLIST_FILE = "$(SRCROOT)/App/Supporting Files/Info.plist";
				PRODUCT_BUNDLE_IDENTIFIER = "com.jochen-pfeiffer.photo-stickers";
				PRODUCT_NAME = "$(TARGET_NAME)";
				PROVISIONING_PROFILE_SPECIFIER = "match Development com.jochen-pfeiffer.photo-stickers";
				SWIFT_VERSION = 5.0;
				TARGETED_DEVICE_FAMILY = "1,2";
			};
			name = Debug;
		};
		19DE76A32253766700CF29AB /* Release */ = {
			isa = XCBuildConfiguration;
			buildSettings = {
				ALWAYS_EMBED_SWIFT_STANDARD_LIBRARIES = YES;
				ASSETCATALOG_COMPILER_APPICON_NAME = AppIcon;
				CODE_SIGN_STYLE = Manual;
				DEVELOPMENT_TEAM = 2TV9GXC7CB;
				INFOPLIST_FILE = "$(SRCROOT)/App/Supporting Files/Info.plist";
				PRODUCT_BUNDLE_IDENTIFIER = "com.jochen-pfeiffer.photo-stickers";
				PRODUCT_NAME = "$(TARGET_NAME)";
				PROVISIONING_PROFILE_SPECIFIER = "match Development com.jochen-pfeiffer.photo-stickers";
				SWIFT_VERSION = 5.0;
				TARGETED_DEVICE_FAMILY = "1,2";
			};
			name = Release;
		};
/* End XCBuildConfiguration section */

/* Begin XCConfigurationList section */
		19DE767E2253766600CF29AB /* Build configuration list for PBXProject "PhotoStickers" */ = {
			isa = XCConfigurationList;
			buildConfigurations = (
				19DE769B2253766700CF29AB /* Debug */,
				19DE769C2253766700CF29AB /* Release */,
			);
			defaultConfigurationIsVisible = 0;
			defaultConfigurationName = Release;
		};
		19DE769D2253766700CF29AB /* Build configuration list for PBXNativeTarget "MessagesExtension" */ = {
			isa = XCConfigurationList;
			buildConfigurations = (
				19DE769E2253766700CF29AB /* Debug */,
				19DE769F2253766700CF29AB /* Release */,
			);
			defaultConfigurationIsVisible = 0;
			defaultConfigurationName = Release;
		};
		19DE76A12253766700CF29AB /* Build configuration list for PBXNativeTarget "PhotoStickers" */ = {
			isa = XCConfigurationList;
			buildConfigurations = (
				19DE76A22253766700CF29AB /* Debug */,
				19DE76A32253766700CF29AB /* Release */,
			);
			defaultConfigurationIsVisible = 0;
			defaultConfigurationName = Release;
		};
/* End XCConfigurationList section */
	};
	rootObject = 19DE767B2253766600CF29AB /* Project object */;
}
