// !$*UTF8*$!
{
	archiveVersion = 1;
	classes = {
	};
	objectVersion = 46;
	objects = {

/* Begin PBXBuildFile section */
		1237E380319BE40A860FC623 /* Pods_PhotoStickersTests.framework in Frameworks */ = {isa = PBXBuildFile; fileRef = 394EA5E241F8BED0EF9FE8E7 /* Pods_PhotoStickersTests.framework */; };
		1946211A1E3CFDA1000F09CE /* Logger+Shared.swift in Sources */ = {isa = PBXBuildFile; fileRef = 194621061E3CFDA1000F09CE /* Logger+Shared.swift */; };
		1946211C1E3CFDA1000F09CE /* Realm+Extensions.swift in Sources */ = {isa = PBXBuildFile; fileRef = 194621071E3CFDA1000F09CE /* Realm+Extensions.swift */; };
		1946211E1E3CFDA1000F09CE /* UIStoryboard+Extensions.swift in Sources */ = {isa = PBXBuildFile; fileRef = 194621081E3CFDA1000F09CE /* UIStoryboard+Extensions.swift */; };
		194621201E3CFDA1000F09CE /* UIStoryboardSegue+Extensions.swift in Sources */ = {isa = PBXBuildFile; fileRef = 194621091E3CFDA1000F09CE /* UIStoryboardSegue+Extensions.swift */; };
		194621221E3CFDA1000F09CE /* UIViewController+Extensions.swift in Sources */ = {isa = PBXBuildFile; fileRef = 1946210A1E3CFDA1000F09CE /* UIViewController+Extensions.swift */; };
		194621281E3CFDA1000F09CE /* Assets.xcassets in Resources */ = {isa = PBXBuildFile; fileRef = 1946210F1E3CFDA1000F09CE /* Assets.xcassets */; };
		194621301E3CFDA1000F09CE /* Appearance.swift in Sources */ = {isa = PBXBuildFile; fileRef = 194621151E3CFDA1000F09CE /* Appearance.swift */; };
		194621321E3CFDA1000F09CE /* AppGroup.swift in Sources */ = {isa = PBXBuildFile; fileRef = 194621161E3CFDA1000F09CE /* AppGroup.swift */; };
		194621341E3CFDA1000F09CE /* PSError.swift in Sources */ = {isa = PBXBuildFile; fileRef = 194621171E3CFDA1000F09CE /* PSError.swift */; };
		194621361E3CFDA1000F09CE /* StoryboardIdentifiers.swift in Sources */ = {isa = PBXBuildFile; fileRef = 194621181E3CFDA1000F09CE /* StoryboardIdentifiers.swift */; };
		194621591E3CFE16000F09CE /* AppDelegate.swift in Sources */ = {isa = PBXBuildFile; fileRef = 1946214F1E3CFE16000F09CE /* AppDelegate.swift */; };
		1946215A1E3CFE16000F09CE /* LaunchScreen.storyboard in Resources */ = {isa = PBXBuildFile; fileRef = 194621501E3CFE16000F09CE /* LaunchScreen.storyboard */; };
		1946215B1E3CFE16000F09CE /* App.storyboard in Resources */ = {isa = PBXBuildFile; fileRef = 194621521E3CFE16000F09CE /* App.storyboard */; };
		1946215C1E3CFE16000F09CE /* StickerCollectionViewController.swift in Sources */ = {isa = PBXBuildFile; fileRef = 194621551E3CFE16000F09CE /* StickerCollectionViewController.swift */; };
		1946216D1E3CFE56000F09CE /* MessageExtension.storyboard in Resources */ = {isa = PBXBuildFile; fileRef = 194621601E3CFE55000F09CE /* MessageExtension.storyboard */; };
		1946216E1E3CFE56000F09CE /* MessagesViewController.swift in Sources */ = {isa = PBXBuildFile; fileRef = 194621631E3CFE55000F09CE /* MessagesViewController.swift */; };
		1946216F1E3CFE56000F09CE /* MessagesViewModel.swift in Sources */ = {isa = PBXBuildFile; fileRef = 194621641E3CFE55000F09CE /* MessagesViewModel.swift */; };
		194621701E3CFE56000F09CE /* PhotoStickerBrowserViewController.swift in Sources */ = {isa = PBXBuildFile; fileRef = 194621661E3CFE55000F09CE /* PhotoStickerBrowserViewController.swift */; };
		194621711E3CFE56000F09CE /* PhotoStickerBrowserViewModel.swift in Sources */ = {isa = PBXBuildFile; fileRef = 194621671E3CFE55000F09CE /* PhotoStickerBrowserViewModel.swift */; };
		194621721E3CFE56000F09CE /* StickerBrowserCell.swift in Sources */ = {isa = PBXBuildFile; fileRef = 194621681E3CFE55000F09CE /* StickerBrowserCell.swift */; };
		194621731E3CFE56000F09CE /* StickerSection.swift in Sources */ = {isa = PBXBuildFile; fileRef = 194621691E3CFE55000F09CE /* StickerSection.swift */; };
		194621851E3CFF4F000F09CE /* PhotoStickersUITests.swift in Sources */ = {isa = PBXBuildFile; fileRef = 194621821E3CFF4F000F09CE /* PhotoStickersUITests.swift */; };
		1946218C1E3D1460000F09CE /* Sticker.swift in Sources */ = {isa = PBXBuildFile; fileRef = 194621891E3D1460000F09CE /* Sticker.swift */; };
		194621921E3FE8A1000F09CE /* StickerTests.swift in Sources */ = {isa = PBXBuildFile; fileRef = 194621911E3FE8A1000F09CE /* StickerTests.swift */; };
		194621951E40E74C000F09CE /* MSSticker+Extensions.swift in Sources */ = {isa = PBXBuildFile; fileRef = 194621941E40E74C000F09CE /* MSSticker+Extensions.swift */; };
		1946219E1E435205000F09CE /* StickerRenderer.swift in Sources */ = {isa = PBXBuildFile; fileRef = 1946219D1E435205000F09CE /* StickerRenderer.swift */; };
		194621A21E43569C000F09CE /* UIImage+Alpha.swift in Sources */ = {isa = PBXBuildFile; fileRef = 1946219F1E43569C000F09CE /* UIImage+Alpha.swift */; };
		194621A31E43569C000F09CE /* UIImage+Resize.swift in Sources */ = {isa = PBXBuildFile; fileRef = 194621A01E43569C000F09CE /* UIImage+Resize.swift */; };
		194621A41E43569C000F09CE /* UIImage+RoundedCorner.swift in Sources */ = {isa = PBXBuildFile; fileRef = 194621A11E43569C000F09CE /* UIImage+RoundedCorner.swift */; };
		194621A81E45346F000F09CE /* ImageStoreService.swift in Sources */ = {isa = PBXBuildFile; fileRef = 194621A71E45346F000F09CE /* ImageStoreService.swift */; };
		194621AF1E4928C8000F09CE /* StickerCollectionViewModel.swift in Sources */ = {isa = PBXBuildFile; fileRef = 194621AE1E4928C8000F09CE /* StickerCollectionViewModel.swift */; };
		194621B11E4BC528000F09CE /* StickerCollectionCell.swift in Sources */ = {isa = PBXBuildFile; fileRef = 194621B01E4BC527000F09CE /* StickerCollectionCell.swift */; };
		194621B31E4BC97B000F09CE /* StickerCollectionCellModel.swift in Sources */ = {isa = PBXBuildFile; fileRef = 194621B21E4BC97B000F09CE /* StickerCollectionCellModel.swift */; };
		19B7A4F21E13C1F00074B6B1 /* Messages.framework in Frameworks */ = {isa = PBXBuildFile; fileRef = 19B7A4F11E13C1F00074B6B1 /* Messages.framework */; };
		19B7A4FE1E13C1F00074B6B1 /* MessageExtension.appex in Embed App Extensions */ = {isa = PBXBuildFile; fileRef = 19B7A4EF1E13C1F00074B6B1 /* MessageExtension.appex */; settings = {ATTRIBUTES = (RemoveHeadersOnCopy, ); }; };
		19F6DC6D1E4D178100CAE9D0 /* ServiceProvider.swift in Sources */ = {isa = PBXBuildFile; fileRef = 19F6DC6C1E4D178100CAE9D0 /* ServiceProvider.swift */; };
		19F6DC731E4D250400CAE9D0 /* RealmService.swift in Sources */ = {isa = PBXBuildFile; fileRef = 19F6DC721E4D250400CAE9D0 /* RealmService.swift */; };
		19F6DC791E4F237D00CAE9D0 /* RxImagePickerDelegateProxy.swift in Sources */ = {isa = PBXBuildFile; fileRef = 19F6DC761E4F237D00CAE9D0 /* RxImagePickerDelegateProxy.swift */; };
		19F6DC7A1E4F237D00CAE9D0 /* UIImagePickerController+Rx.swift in Sources */ = {isa = PBXBuildFile; fileRef = 19F6DC771E4F237D00CAE9D0 /* UIImagePickerController+Rx.swift */; };
		19F6DC7B1E4F237D00CAE9D0 /* UIImagePickerController+RxCreate.swift in Sources */ = {isa = PBXBuildFile; fileRef = 19F6DC781E4F237D00CAE9D0 /* UIImagePickerController+RxCreate.swift */; };
		19F6DC7F1E4F238F00CAE9D0 /* BaseService.swift in Sources */ = {isa = PBXBuildFile; fileRef = 19F6DC7D1E4F238F00CAE9D0 /* BaseService.swift */; };
		19F6DC801E4F238F00CAE9D0 /* BaseViewModel.swift in Sources */ = {isa = PBXBuildFile; fileRef = 19F6DC7E1E4F238F00CAE9D0 /* BaseViewModel.swift */; };
		19F6DC861E4F23BD00CAE9D0 /* BaseService.swift in Sources */ = {isa = PBXBuildFile; fileRef = 19F6DC7D1E4F238F00CAE9D0 /* BaseService.swift */; };
		19F6DC871E4F23BD00CAE9D0 /* BaseViewModel.swift in Sources */ = {isa = PBXBuildFile; fileRef = 19F6DC7E1E4F238F00CAE9D0 /* BaseViewModel.swift */; };
		19F6DC881E4F23BD00CAE9D0 /* Sticker.swift in Sources */ = {isa = PBXBuildFile; fileRef = 194621891E3D1460000F09CE /* Sticker.swift */; };
		19F6DC891E4F23BD00CAE9D0 /* Logger+Shared.swift in Sources */ = {isa = PBXBuildFile; fileRef = 194621061E3CFDA1000F09CE /* Logger+Shared.swift */; };
		19F6DC8A1E4F23BD00CAE9D0 /* Realm+Extensions.swift in Sources */ = {isa = PBXBuildFile; fileRef = 194621071E3CFDA1000F09CE /* Realm+Extensions.swift */; };
		19F6DC8B1E4F23BD00CAE9D0 /* UIStoryboard+Extensions.swift in Sources */ = {isa = PBXBuildFile; fileRef = 194621081E3CFDA1000F09CE /* UIStoryboard+Extensions.swift */; };
		19F6DC8C1E4F23BD00CAE9D0 /* UIStoryboardSegue+Extensions.swift in Sources */ = {isa = PBXBuildFile; fileRef = 194621091E3CFDA1000F09CE /* UIStoryboardSegue+Extensions.swift */; };
		19F6DC8D1E4F23BD00CAE9D0 /* UIViewController+Extensions.swift in Sources */ = {isa = PBXBuildFile; fileRef = 1946210A1E3CFDA1000F09CE /* UIViewController+Extensions.swift */; };
		19F6DC8E1E4F23BD00CAE9D0 /* RxImagePickerDelegateProxy.swift in Sources */ = {isa = PBXBuildFile; fileRef = 19F6DC761E4F237D00CAE9D0 /* RxImagePickerDelegateProxy.swift */; };
		19F6DC8F1E4F23BD00CAE9D0 /* UIImagePickerController+Rx.swift in Sources */ = {isa = PBXBuildFile; fileRef = 19F6DC771E4F237D00CAE9D0 /* UIImagePickerController+Rx.swift */; };
		19F6DC901E4F23BD00CAE9D0 /* UIImagePickerController+RxCreate.swift in Sources */ = {isa = PBXBuildFile; fileRef = 19F6DC781E4F237D00CAE9D0 /* UIImagePickerController+RxCreate.swift */; };
		19F6DC911E4F23BD00CAE9D0 /* ServiceProvider.swift in Sources */ = {isa = PBXBuildFile; fileRef = 19F6DC6C1E4D178100CAE9D0 /* ServiceProvider.swift */; };
		19F6DC921E4F23BD00CAE9D0 /* ImageStoreService.swift in Sources */ = {isa = PBXBuildFile; fileRef = 194621A71E45346F000F09CE /* ImageStoreService.swift */; };
		19F6DC931E4F23BD00CAE9D0 /* RealmService.swift in Sources */ = {isa = PBXBuildFile; fileRef = 19F6DC721E4D250400CAE9D0 /* RealmService.swift */; };
		19F6DC941E4F23BD00CAE9D0 /* Appearance.swift in Sources */ = {isa = PBXBuildFile; fileRef = 194621151E3CFDA1000F09CE /* Appearance.swift */; };
		19F6DC951E4F23BD00CAE9D0 /* AppGroup.swift in Sources */ = {isa = PBXBuildFile; fileRef = 194621161E3CFDA1000F09CE /* AppGroup.swift */; };
		19F6DC961E4F23BD00CAE9D0 /* PSError.swift in Sources */ = {isa = PBXBuildFile; fileRef = 194621171E3CFDA1000F09CE /* PSError.swift */; };
		19F6DC971E4F23BD00CAE9D0 /* StoryboardIdentifiers.swift in Sources */ = {isa = PBXBuildFile; fileRef = 194621181E3CFDA1000F09CE /* StoryboardIdentifiers.swift */; };
		19F6DC981E4F23BD00CAE9D0 /* Assets.xcassets in Resources */ = {isa = PBXBuildFile; fileRef = 1946210F1E3CFDA1000F09CE /* Assets.xcassets */; };
		2558FD07BC50C7AD6AD41C76 /* Pods_MessageExtension.framework in Frameworks */ = {isa = PBXBuildFile; fileRef = 5B39E22591049F520A696201 /* Pods_MessageExtension.framework */; };
		35BB1EA51A7D579F940486A0 /* Pods_PhotoStickers.framework in Frameworks */ = {isa = PBXBuildFile; fileRef = 9AF27224A693AE97737AE50A /* Pods_PhotoStickers.framework */; };
/* End PBXBuildFile section */

/* Begin PBXContainerItemProxy section */
		19B7A4CF1E13C14B0074B6B1 /* PBXContainerItemProxy */ = {
			isa = PBXContainerItemProxy;
			containerPortal = 19B7A4AF1E13C14B0074B6B1 /* Project object */;
			proxyType = 1;
			remoteGlobalIDString = 19B7A4B61E13C14B0074B6B1;
			remoteInfo = PhotoStickers;
		};
		19B7A4DA1E13C14B0074B6B1 /* PBXContainerItemProxy */ = {
			isa = PBXContainerItemProxy;
			containerPortal = 19B7A4AF1E13C14B0074B6B1 /* Project object */;
			proxyType = 1;
			remoteGlobalIDString = 19B7A4B61E13C14B0074B6B1;
			remoteInfo = PhotoStickers;
		};
		19B7A4FC1E13C1F00074B6B1 /* PBXContainerItemProxy */ = {
			isa = PBXContainerItemProxy;
			containerPortal = 19B7A4AF1E13C14B0074B6B1 /* Project object */;
			proxyType = 1;
			remoteGlobalIDString = 19B7A4EE1E13C1F00074B6B1;
			remoteInfo = MessageExtension;
		};
/* End PBXContainerItemProxy section */

/* Begin PBXCopyFilesBuildPhase section */
		19B7A5021E13C1F00074B6B1 /* Embed App Extensions */ = {
			isa = PBXCopyFilesBuildPhase;
			buildActionMask = 2147483647;
			dstPath = "";
			dstSubfolderSpec = 13;
			files = (
				19B7A4FE1E13C1F00074B6B1 /* MessageExtension.appex in Embed App Extensions */,
			);
			name = "Embed App Extensions";
			runOnlyForDeploymentPostprocessing = 0;
		};
/* End PBXCopyFilesBuildPhase section */

/* Begin PBXFileReference section */
		194621061E3CFDA1000F09CE /* Logger+Shared.swift */ = {isa = PBXFileReference; fileEncoding = 4; lastKnownFileType = sourcecode.swift; path = "Logger+Shared.swift"; sourceTree = "<group>"; };
		194621071E3CFDA1000F09CE /* Realm+Extensions.swift */ = {isa = PBXFileReference; fileEncoding = 4; lastKnownFileType = sourcecode.swift; path = "Realm+Extensions.swift"; sourceTree = "<group>"; };
		194621081E3CFDA1000F09CE /* UIStoryboard+Extensions.swift */ = {isa = PBXFileReference; fileEncoding = 4; lastKnownFileType = sourcecode.swift; path = "UIStoryboard+Extensions.swift"; sourceTree = "<group>"; };
		194621091E3CFDA1000F09CE /* UIStoryboardSegue+Extensions.swift */ = {isa = PBXFileReference; fileEncoding = 4; lastKnownFileType = sourcecode.swift; path = "UIStoryboardSegue+Extensions.swift"; sourceTree = "<group>"; };
		1946210A1E3CFDA1000F09CE /* UIViewController+Extensions.swift */ = {isa = PBXFileReference; fileEncoding = 4; lastKnownFileType = sourcecode.swift; path = "UIViewController+Extensions.swift"; sourceTree = "<group>"; };
		1946210F1E3CFDA1000F09CE /* Assets.xcassets */ = {isa = PBXFileReference; lastKnownFileType = folder.assetcatalog; path = Assets.xcassets; sourceTree = "<group>"; };
		194621151E3CFDA1000F09CE /* Appearance.swift */ = {isa = PBXFileReference; fileEncoding = 4; lastKnownFileType = sourcecode.swift; path = Appearance.swift; sourceTree = "<group>"; };
		194621161E3CFDA1000F09CE /* AppGroup.swift */ = {isa = PBXFileReference; fileEncoding = 4; lastKnownFileType = sourcecode.swift; path = AppGroup.swift; sourceTree = "<group>"; };
		194621171E3CFDA1000F09CE /* PSError.swift */ = {isa = PBXFileReference; fileEncoding = 4; lastKnownFileType = sourcecode.swift; path = PSError.swift; sourceTree = "<group>"; };
		194621181E3CFDA1000F09CE /* StoryboardIdentifiers.swift */ = {isa = PBXFileReference; fileEncoding = 4; lastKnownFileType = sourcecode.swift; path = StoryboardIdentifiers.swift; sourceTree = "<group>"; };
		1946214F1E3CFE16000F09CE /* AppDelegate.swift */ = {isa = PBXFileReference; fileEncoding = 4; lastKnownFileType = sourcecode.swift; path = AppDelegate.swift; sourceTree = "<group>"; };
		194621511E3CFE16000F09CE /* Base */ = {isa = PBXFileReference; lastKnownFileType = file.storyboard; name = Base; path = Base.lproj/LaunchScreen.storyboard; sourceTree = "<group>"; };
		194621531E3CFE16000F09CE /* Base */ = {isa = PBXFileReference; lastKnownFileType = file.storyboard; name = Base; path = Base.lproj/App.storyboard; sourceTree = "<group>"; };
		194621551E3CFE16000F09CE /* StickerCollectionViewController.swift */ = {isa = PBXFileReference; fileEncoding = 4; lastKnownFileType = sourcecode.swift; path = StickerCollectionViewController.swift; sourceTree = "<group>"; };
		194621571E3CFE16000F09CE /* Info.plist */ = {isa = PBXFileReference; fileEncoding = 4; lastKnownFileType = text.plist.xml; path = Info.plist; sourceTree = "<group>"; };
		194621581E3CFE16000F09CE /* PhotoStickers.entitlements */ = {isa = PBXFileReference; fileEncoding = 4; lastKnownFileType = text.plist.entitlements; path = PhotoStickers.entitlements; sourceTree = "<group>"; };
		194621611E3CFE55000F09CE /* Base */ = {isa = PBXFileReference; lastKnownFileType = file.storyboard; name = Base; path = Base.lproj/MessageExtension.storyboard; sourceTree = "<group>"; };
		194621631E3CFE55000F09CE /* MessagesViewController.swift */ = {isa = PBXFileReference; fileEncoding = 4; lastKnownFileType = sourcecode.swift; path = MessagesViewController.swift; sourceTree = "<group>"; };
		194621641E3CFE55000F09CE /* MessagesViewModel.swift */ = {isa = PBXFileReference; fileEncoding = 4; lastKnownFileType = sourcecode.swift; path = MessagesViewModel.swift; sourceTree = "<group>"; };
		194621661E3CFE55000F09CE /* PhotoStickerBrowserViewController.swift */ = {isa = PBXFileReference; fileEncoding = 4; lastKnownFileType = sourcecode.swift; path = PhotoStickerBrowserViewController.swift; sourceTree = "<group>"; };
		194621671E3CFE55000F09CE /* PhotoStickerBrowserViewModel.swift */ = {isa = PBXFileReference; fileEncoding = 4; lastKnownFileType = sourcecode.swift; path = PhotoStickerBrowserViewModel.swift; sourceTree = "<group>"; };
		194621681E3CFE55000F09CE /* StickerBrowserCell.swift */ = {isa = PBXFileReference; fileEncoding = 4; lastKnownFileType = sourcecode.swift; path = StickerBrowserCell.swift; sourceTree = "<group>"; };
		194621691E3CFE55000F09CE /* StickerSection.swift */ = {isa = PBXFileReference; fileEncoding = 4; lastKnownFileType = sourcecode.swift; path = StickerSection.swift; sourceTree = "<group>"; };
		1946216B1E3CFE55000F09CE /* Info.plist */ = {isa = PBXFileReference; fileEncoding = 4; lastKnownFileType = text.plist.xml; path = Info.plist; sourceTree = "<group>"; };
		1946216C1E3CFE56000F09CE /* MessageExtension.entitlements */ = {isa = PBXFileReference; fileEncoding = 4; lastKnownFileType = text.plist.entitlements; path = MessageExtension.entitlements; sourceTree = "<group>"; };
		1946217E1E3CFF40000F09CE /* Info.plist */ = {isa = PBXFileReference; fileEncoding = 4; lastKnownFileType = text.plist.xml; path = Info.plist; sourceTree = "<group>"; };
		194621821E3CFF4F000F09CE /* PhotoStickersUITests.swift */ = {isa = PBXFileReference; fileEncoding = 4; lastKnownFileType = sourcecode.swift; path = PhotoStickersUITests.swift; sourceTree = "<group>"; };
		194621841E3CFF4F000F09CE /* Info.plist */ = {isa = PBXFileReference; fileEncoding = 4; lastKnownFileType = text.plist.xml; path = Info.plist; sourceTree = "<group>"; };
		194621891E3D1460000F09CE /* Sticker.swift */ = {isa = PBXFileReference; fileEncoding = 4; lastKnownFileType = sourcecode.swift; path = Sticker.swift; sourceTree = "<group>"; };
		194621911E3FE8A1000F09CE /* StickerTests.swift */ = {isa = PBXFileReference; fileEncoding = 4; lastKnownFileType = sourcecode.swift; path = StickerTests.swift; sourceTree = "<group>"; };
		194621941E40E74C000F09CE /* MSSticker+Extensions.swift */ = {isa = PBXFileReference; fileEncoding = 4; lastKnownFileType = sourcecode.swift; path = "MSSticker+Extensions.swift"; sourceTree = "<group>"; };
		1946219D1E435205000F09CE /* StickerRenderer.swift */ = {isa = PBXFileReference; fileEncoding = 4; lastKnownFileType = sourcecode.swift; path = StickerRenderer.swift; sourceTree = "<group>"; };
		1946219F1E43569C000F09CE /* UIImage+Alpha.swift */ = {isa = PBXFileReference; fileEncoding = 4; lastKnownFileType = sourcecode.swift; path = "UIImage+Alpha.swift"; sourceTree = "<group>"; };
		194621A01E43569C000F09CE /* UIImage+Resize.swift */ = {isa = PBXFileReference; fileEncoding = 4; lastKnownFileType = sourcecode.swift; path = "UIImage+Resize.swift"; sourceTree = "<group>"; };
		194621A11E43569C000F09CE /* UIImage+RoundedCorner.swift */ = {isa = PBXFileReference; fileEncoding = 4; lastKnownFileType = sourcecode.swift; path = "UIImage+RoundedCorner.swift"; sourceTree = "<group>"; };
		194621A71E45346F000F09CE /* ImageStoreService.swift */ = {isa = PBXFileReference; fileEncoding = 4; lastKnownFileType = sourcecode.swift; path = ImageStoreService.swift; sourceTree = "<group>"; };
		194621AE1E4928C8000F09CE /* StickerCollectionViewModel.swift */ = {isa = PBXFileReference; fileEncoding = 4; lastKnownFileType = sourcecode.swift; path = StickerCollectionViewModel.swift; sourceTree = "<group>"; };
		194621B01E4BC527000F09CE /* StickerCollectionCell.swift */ = {isa = PBXFileReference; fileEncoding = 4; lastKnownFileType = sourcecode.swift; path = StickerCollectionCell.swift; sourceTree = "<group>"; };
		194621B21E4BC97B000F09CE /* StickerCollectionCellModel.swift */ = {isa = PBXFileReference; fileEncoding = 4; lastKnownFileType = sourcecode.swift; path = StickerCollectionCellModel.swift; sourceTree = "<group>"; };
		199A78921E264480002B058E /* CHANGELOG.yml */ = {isa = PBXFileReference; fileEncoding = 4; lastKnownFileType = text; path = CHANGELOG.yml; sourceTree = "<group>"; };
		19B7A4B71E13C14B0074B6B1 /* PhotoStickers.app */ = {isa = PBXFileReference; explicitFileType = wrapper.application; includeInIndex = 0; path = PhotoStickers.app; sourceTree = BUILT_PRODUCTS_DIR; };
		19B7A4CE1E13C14B0074B6B1 /* PhotoStickersTests.xctest */ = {isa = PBXFileReference; explicitFileType = wrapper.cfbundle; includeInIndex = 0; path = PhotoStickersTests.xctest; sourceTree = BUILT_PRODUCTS_DIR; };
		19B7A4D91E13C14B0074B6B1 /* PhotoStickersUITests.xctest */ = {isa = PBXFileReference; explicitFileType = wrapper.cfbundle; includeInIndex = 0; path = PhotoStickersUITests.xctest; sourceTree = BUILT_PRODUCTS_DIR; };
		19B7A4EF1E13C1F00074B6B1 /* MessageExtension.appex */ = {isa = PBXFileReference; explicitFileType = "wrapper.app-extension"; includeInIndex = 0; path = MessageExtension.appex; sourceTree = BUILT_PRODUCTS_DIR; };
		19B7A4F11E13C1F00074B6B1 /* Messages.framework */ = {isa = PBXFileReference; lastKnownFileType = wrapper.framework; name = Messages.framework; path = System/Library/Frameworks/Messages.framework; sourceTree = SDKROOT; };
		19F69E4C1E17F57D00EEF781 /* Appfile */ = {isa = PBXFileReference; fileEncoding = 4; lastKnownFileType = text; name = Appfile; path = fastlane/Appfile; sourceTree = "<group>"; xcLanguageSpecificationIdentifier = xcode.lang.ruby; };
		19F69E4D1E17F57D00EEF781 /* Deliverfile */ = {isa = PBXFileReference; fileEncoding = 4; lastKnownFileType = text; name = Deliverfile; path = fastlane/Deliverfile; sourceTree = "<group>"; xcLanguageSpecificationIdentifier = xcode.lang.ruby; };
		19F69E4E1E17F57D00EEF781 /* Fastfile */ = {isa = PBXFileReference; fileEncoding = 4; lastKnownFileType = text; name = Fastfile; path = fastlane/Fastfile; sourceTree = "<group>"; xcLanguageSpecificationIdentifier = xcode.lang.ruby; };
		19F69E4F1E17F57D00EEF781 /* Scanfile */ = {isa = PBXFileReference; fileEncoding = 4; lastKnownFileType = text; name = Scanfile; path = fastlane/Scanfile; sourceTree = "<group>"; xcLanguageSpecificationIdentifier = xcode.lang.ruby; };
		19F69E501E17F57D00EEF781 /* Gemfile */ = {isa = PBXFileReference; fileEncoding = 4; lastKnownFileType = text; path = Gemfile; sourceTree = "<group>"; xcLanguageSpecificationIdentifier = xcode.lang.ruby; };
		19F69E511E17F57D00EEF781 /* LICENSE */ = {isa = PBXFileReference; fileEncoding = 4; lastKnownFileType = text; path = LICENSE; sourceTree = "<group>"; };
		19F69E521E17F57D00EEF781 /* README.md */ = {isa = PBXFileReference; fileEncoding = 4; lastKnownFileType = net.daringfireball.markdown; path = README.md; sourceTree = "<group>"; };
		19F6DC6C1E4D178100CAE9D0 /* ServiceProvider.swift */ = {isa = PBXFileReference; fileEncoding = 4; lastKnownFileType = sourcecode.swift; path = ServiceProvider.swift; sourceTree = "<group>"; };
		19F6DC721E4D250400CAE9D0 /* RealmService.swift */ = {isa = PBXFileReference; fileEncoding = 4; lastKnownFileType = sourcecode.swift; path = RealmService.swift; sourceTree = "<group>"; };
		19F6DC761E4F237D00CAE9D0 /* RxImagePickerDelegateProxy.swift */ = {isa = PBXFileReference; fileEncoding = 4; lastKnownFileType = sourcecode.swift; path = RxImagePickerDelegateProxy.swift; sourceTree = "<group>"; };
		19F6DC771E4F237D00CAE9D0 /* UIImagePickerController+Rx.swift */ = {isa = PBXFileReference; fileEncoding = 4; lastKnownFileType = sourcecode.swift; path = "UIImagePickerController+Rx.swift"; sourceTree = "<group>"; };
		19F6DC781E4F237D00CAE9D0 /* UIImagePickerController+RxCreate.swift */ = {isa = PBXFileReference; fileEncoding = 4; lastKnownFileType = sourcecode.swift; path = "UIImagePickerController+RxCreate.swift"; sourceTree = "<group>"; };
		19F6DC7D1E4F238F00CAE9D0 /* BaseService.swift */ = {isa = PBXFileReference; fileEncoding = 4; lastKnownFileType = sourcecode.swift; path = BaseService.swift; sourceTree = "<group>"; };
		19F6DC7E1E4F238F00CAE9D0 /* BaseViewModel.swift */ = {isa = PBXFileReference; fileEncoding = 4; lastKnownFileType = sourcecode.swift; path = BaseViewModel.swift; sourceTree = "<group>"; };
		1AD09361712801F0329E3B8E /* Pods-MessageExtension.debug.xcconfig */ = {isa = PBXFileReference; includeInIndex = 1; lastKnownFileType = text.xcconfig; name = "Pods-MessageExtension.debug.xcconfig"; path = "Pods/Target Support Files/Pods-MessageExtension/Pods-MessageExtension.debug.xcconfig"; sourceTree = "<group>"; };
		394EA5E241F8BED0EF9FE8E7 /* Pods_PhotoStickersTests.framework */ = {isa = PBXFileReference; explicitFileType = wrapper.framework; includeInIndex = 0; path = Pods_PhotoStickersTests.framework; sourceTree = BUILT_PRODUCTS_DIR; };
		41CCFCE02724E764D6757E77 /* Pods-PhotoStickers.debug.xcconfig */ = {isa = PBXFileReference; includeInIndex = 1; lastKnownFileType = text.xcconfig; name = "Pods-PhotoStickers.debug.xcconfig"; path = "Pods/Target Support Files/Pods-PhotoStickers/Pods-PhotoStickers.debug.xcconfig"; sourceTree = "<group>"; };
		5B39E22591049F520A696201 /* Pods_MessageExtension.framework */ = {isa = PBXFileReference; explicitFileType = wrapper.framework; includeInIndex = 0; path = Pods_MessageExtension.framework; sourceTree = BUILT_PRODUCTS_DIR; };
		5F8E6BB8CF157783DB7D48B8 /* Pods-PhotoStickersTests.release.xcconfig */ = {isa = PBXFileReference; includeInIndex = 1; lastKnownFileType = text.xcconfig; name = "Pods-PhotoStickersTests.release.xcconfig"; path = "Pods/Target Support Files/Pods-PhotoStickersTests/Pods-PhotoStickersTests.release.xcconfig"; sourceTree = "<group>"; };
		9364A72BBC5B7C8C4EB21BBA /* Pods-MessageExtension.release.xcconfig */ = {isa = PBXFileReference; includeInIndex = 1; lastKnownFileType = text.xcconfig; name = "Pods-MessageExtension.release.xcconfig"; path = "Pods/Target Support Files/Pods-MessageExtension/Pods-MessageExtension.release.xcconfig"; sourceTree = "<group>"; };
		9AC3D4C5CE5BFC7174F8E904 /* Pods-PhotoStickersTests.debug.xcconfig */ = {isa = PBXFileReference; includeInIndex = 1; lastKnownFileType = text.xcconfig; name = "Pods-PhotoStickersTests.debug.xcconfig"; path = "Pods/Target Support Files/Pods-PhotoStickersTests/Pods-PhotoStickersTests.debug.xcconfig"; sourceTree = "<group>"; };
		9AF27224A693AE97737AE50A /* Pods_PhotoStickers.framework */ = {isa = PBXFileReference; explicitFileType = wrapper.framework; includeInIndex = 0; path = Pods_PhotoStickers.framework; sourceTree = BUILT_PRODUCTS_DIR; };
		9CA3CEA28066015B2AC559EF /* Pods-PhotoStickers.release.xcconfig */ = {isa = PBXFileReference; includeInIndex = 1; lastKnownFileType = text.xcconfig; name = "Pods-PhotoStickers.release.xcconfig"; path = "Pods/Target Support Files/Pods-PhotoStickers/Pods-PhotoStickers.release.xcconfig"; sourceTree = "<group>"; };
/* End PBXFileReference section */

/* Begin PBXFrameworksBuildPhase section */
		19B7A4B41E13C14B0074B6B1 /* Frameworks */ = {
			isa = PBXFrameworksBuildPhase;
			buildActionMask = 2147483647;
			files = (
				35BB1EA51A7D579F940486A0 /* Pods_PhotoStickers.framework in Frameworks */,
			);
			runOnlyForDeploymentPostprocessing = 0;
		};
		19B7A4CB1E13C14B0074B6B1 /* Frameworks */ = {
			isa = PBXFrameworksBuildPhase;
			buildActionMask = 2147483647;
			files = (
				1237E380319BE40A860FC623 /* Pods_PhotoStickersTests.framework in Frameworks */,
			);
			runOnlyForDeploymentPostprocessing = 0;
		};
		19B7A4D61E13C14B0074B6B1 /* Frameworks */ = {
			isa = PBXFrameworksBuildPhase;
			buildActionMask = 2147483647;
			files = (
			);
			runOnlyForDeploymentPostprocessing = 0;
		};
		19B7A4EC1E13C1F00074B6B1 /* Frameworks */ = {
			isa = PBXFrameworksBuildPhase;
			buildActionMask = 2147483647;
			files = (
				19B7A4F21E13C1F00074B6B1 /* Messages.framework in Frameworks */,
				2558FD07BC50C7AD6AD41C76 /* Pods_MessageExtension.framework in Frameworks */,
			);
			runOnlyForDeploymentPostprocessing = 0;
		};
/* End PBXFrameworksBuildPhase section */

/* Begin PBXGroup section */
		194621041E3CFDA1000F09CE /* Shared */ = {
			isa = PBXGroup;
			children = (
				19F6DC7C1E4F238F00CAE9D0 /* Base Classes */,
				194621871E3D1460000F09CE /* Models */,
				194621051E3CFDA1000F09CE /* Extensions */,
				19F6DC751E4F237D00CAE9D0 /* Rx */,
				194621141E3CFDA1000F09CE /* Services */,
				194621191E3CFDA1000F09CE /* Views */,
				1946210E1E3CFDA1000F09CE /* Resources */,
			);
			path = Shared;
			sourceTree = "<group>";
		};
		194621051E3CFDA1000F09CE /* Extensions */ = {
			isa = PBXGroup;
			children = (
				194621061E3CFDA1000F09CE /* Logger+Shared.swift */,
				194621071E3CFDA1000F09CE /* Realm+Extensions.swift */,
				194621081E3CFDA1000F09CE /* UIStoryboard+Extensions.swift */,
				194621091E3CFDA1000F09CE /* UIStoryboardSegue+Extensions.swift */,
				1946210A1E3CFDA1000F09CE /* UIViewController+Extensions.swift */,
			);
			path = Extensions;
			sourceTree = "<group>";
		};
		1946210E1E3CFDA1000F09CE /* Resources */ = {
			isa = PBXGroup;
			children = (
				1946210F1E3CFDA1000F09CE /* Assets.xcassets */,
			);
			path = Resources;
			sourceTree = "<group>";
		};
		194621141E3CFDA1000F09CE /* Services */ = {
			isa = PBXGroup;
			children = (
				194621151E3CFDA1000F09CE /* Appearance.swift */,
				194621161E3CFDA1000F09CE /* AppGroup.swift */,
				194621A71E45346F000F09CE /* ImageStoreService.swift */,
				194621171E3CFDA1000F09CE /* PSError.swift */,
				19F6DC721E4D250400CAE9D0 /* RealmService.swift */,
				19F6DC6C1E4D178100CAE9D0 /* ServiceProvider.swift */,
				194621181E3CFDA1000F09CE /* StoryboardIdentifiers.swift */,
			);
			path = Services;
			sourceTree = "<group>";
		};
		194621191E3CFDA1000F09CE /* Views */ = {
			isa = PBXGroup;
			children = (
			);
			path = Views;
			sourceTree = "<group>";
		};
		1946214E1E3CFE16000F09CE /* App */ = {
			isa = PBXGroup;
			children = (
				1946214F1E3CFE16000F09CE /* AppDelegate.swift */,
				194621541E3CFE16000F09CE /* Sticker Collection */,
				1946219A1E4350C6000F09CE /* Services */,
				1946219B1E4350C6000F09CE /* Views */,
				1946219C1E4350C6000F09CE /* Extensions */,
				1946215E1E3CFE23000F09CE /* Storyboards */,
				194621561E3CFE16000F09CE /* Supporting Files */,
			);
			path = App;
			sourceTree = "<group>";
		};
		194621541E3CFE16000F09CE /* Sticker Collection */ = {
			isa = PBXGroup;
			children = (
				194621551E3CFE16000F09CE /* StickerCollectionViewController.swift */,
				194621AE1E4928C8000F09CE /* StickerCollectionViewModel.swift */,
				194621B01E4BC527000F09CE /* StickerCollectionCell.swift */,
				194621B21E4BC97B000F09CE /* StickerCollectionCellModel.swift */,
			);
			path = "Sticker Collection";
			sourceTree = "<group>";
		};
		194621561E3CFE16000F09CE /* Supporting Files */ = {
			isa = PBXGroup;
			children = (
				194621571E3CFE16000F09CE /* Info.plist */,
				194621581E3CFE16000F09CE /* PhotoStickers.entitlements */,
			);
			path = "Supporting Files";
			sourceTree = "<group>";
		};
		1946215E1E3CFE23000F09CE /* Storyboards */ = {
			isa = PBXGroup;
			children = (
				194621521E3CFE16000F09CE /* App.storyboard */,
				194621501E3CFE16000F09CE /* LaunchScreen.storyboard */,
			);
			name = Storyboards;
			sourceTree = "<group>";
		};
		1946215F1E3CFE55000F09CE /* Message Extension */ = {
			isa = PBXGroup;
			children = (
				194621621E3CFE55000F09CE /* Main */,
				194621651E3CFE55000F09CE /* Sticker Browser */,
				194621931E40E727000F09CE /* Extensions */,
				194621751E3CFE66000F09CE /* Storyboards */,
				1946216A1E3CFE55000F09CE /* Supporting Files */,
			);
			path = "Message Extension";
			sourceTree = "<group>";
		};
		194621621E3CFE55000F09CE /* Main */ = {
			isa = PBXGroup;
			children = (
				194621631E3CFE55000F09CE /* MessagesViewController.swift */,
				194621641E3CFE55000F09CE /* MessagesViewModel.swift */,
			);
			path = Main;
			sourceTree = "<group>";
		};
		194621651E3CFE55000F09CE /* Sticker Browser */ = {
			isa = PBXGroup;
			children = (
				194621661E3CFE55000F09CE /* PhotoStickerBrowserViewController.swift */,
				194621671E3CFE55000F09CE /* PhotoStickerBrowserViewModel.swift */,
				194621681E3CFE55000F09CE /* StickerBrowserCell.swift */,
				194621691E3CFE55000F09CE /* StickerSection.swift */,
			);
			path = "Sticker Browser";
			sourceTree = "<group>";
		};
		1946216A1E3CFE55000F09CE /* Supporting Files */ = {
			isa = PBXGroup;
			children = (
				1946216B1E3CFE55000F09CE /* Info.plist */,
				1946216C1E3CFE56000F09CE /* MessageExtension.entitlements */,
			);
			path = "Supporting Files";
			sourceTree = "<group>";
		};
		194621751E3CFE66000F09CE /* Storyboards */ = {
			isa = PBXGroup;
			children = (
				194621601E3CFE55000F09CE /* MessageExtension.storyboard */,
			);
			name = Storyboards;
			sourceTree = "<group>";
		};
		1946217B1E3CFF40000F09CE /* Tests */ = {
			isa = PBXGroup;
			children = (
				194621911E3FE8A1000F09CE /* StickerTests.swift */,
				1946217D1E3CFF40000F09CE /* Supporting Files */,
			);
			path = Tests;
			sourceTree = "<group>";
		};
		1946217D1E3CFF40000F09CE /* Supporting Files */ = {
			isa = PBXGroup;
			children = (
				1946217E1E3CFF40000F09CE /* Info.plist */,
			);
			path = "Supporting Files";
			sourceTree = "<group>";
		};
		194621811E3CFF4F000F09CE /* UITests */ = {
			isa = PBXGroup;
			children = (
				194621821E3CFF4F000F09CE /* PhotoStickersUITests.swift */,
				194621831E3CFF4F000F09CE /* Supporting Files */,
			);
			path = UITests;
			sourceTree = "<group>";
		};
		194621831E3CFF4F000F09CE /* Supporting Files */ = {
			isa = PBXGroup;
			children = (
				194621841E3CFF4F000F09CE /* Info.plist */,
			);
			path = "Supporting Files";
			sourceTree = "<group>";
		};
		194621871E3D1460000F09CE /* Models */ = {
			isa = PBXGroup;
			children = (
				194621891E3D1460000F09CE /* Sticker.swift */,
			);
			name = Models;
			path = Shared/Models;
			sourceTree = SOURCE_ROOT;
		};
		194621931E40E727000F09CE /* Extensions */ = {
			isa = PBXGroup;
			children = (
				194621941E40E74C000F09CE /* MSSticker+Extensions.swift */,
			);
			path = Extensions;
			sourceTree = "<group>";
		};
		1946219A1E4350C6000F09CE /* Services */ = {
			isa = PBXGroup;
			children = (
				1946219D1E435205000F09CE /* StickerRenderer.swift */,
			);
			path = Services;
			sourceTree = "<group>";
		};
		1946219B1E4350C6000F09CE /* Views */ = {
			isa = PBXGroup;
			children = (
			);
			path = Views;
			sourceTree = "<group>";
		};
		1946219C1E4350C6000F09CE /* Extensions */ = {
			isa = PBXGroup;
			children = (
				1946219F1E43569C000F09CE /* UIImage+Alpha.swift */,
				194621A01E43569C000F09CE /* UIImage+Resize.swift */,
				194621A11E43569C000F09CE /* UIImage+RoundedCorner.swift */,
			);
			path = Extensions;
			sourceTree = "<group>";
		};
		19B7A4AE1E13C14B0074B6B1 = {
			isa = PBXGroup;
			children = (
				19F69E4B1E17F53400EEF781 /* Metadata */,
				19F69E5C1E17F64500EEF781 /* Deployment */,
				194621041E3CFDA1000F09CE /* Shared */,
				1946214E1E3CFE16000F09CE /* App */,
				1946215F1E3CFE55000F09CE /* Message Extension */,
				1946217B1E3CFF40000F09CE /* Tests */,
				194621811E3CFF4F000F09CE /* UITests */,
				19B7A4F01E13C1F00074B6B1 /* Frameworks */,
				19B7A4B81E13C14B0074B6B1 /* Products */,
				2823475AFE808514473B029E /* Pods */,
			);
			sourceTree = "<group>";
		};
		19B7A4B81E13C14B0074B6B1 /* Products */ = {
			isa = PBXGroup;
			children = (
				19B7A4B71E13C14B0074B6B1 /* PhotoStickers.app */,
				19B7A4CE1E13C14B0074B6B1 /* PhotoStickersTests.xctest */,
				19B7A4D91E13C14B0074B6B1 /* PhotoStickersUITests.xctest */,
				19B7A4EF1E13C1F00074B6B1 /* MessageExtension.appex */,
			);
			name = Products;
			sourceTree = "<group>";
		};
		19B7A4F01E13C1F00074B6B1 /* Frameworks */ = {
			isa = PBXGroup;
			children = (
				19B7A4F11E13C1F00074B6B1 /* Messages.framework */,
				5B39E22591049F520A696201 /* Pods_MessageExtension.framework */,
				9AF27224A693AE97737AE50A /* Pods_PhotoStickers.framework */,
				394EA5E241F8BED0EF9FE8E7 /* Pods_PhotoStickersTests.framework */,
			);
			name = Frameworks;
			sourceTree = "<group>";
		};
		19F69E4B1E17F53400EEF781 /* Metadata */ = {
			isa = PBXGroup;
			children = (
				19F69E521E17F57D00EEF781 /* README.md */,
				19F69E511E17F57D00EEF781 /* LICENSE */,
			);
			name = Metadata;
			sourceTree = "<group>";
		};
		19F69E5A1E17F58600EEF781 /* fastlane */ = {
			isa = PBXGroup;
			children = (
				19F69E4C1E17F57D00EEF781 /* Appfile */,
				19F69E4D1E17F57D00EEF781 /* Deliverfile */,
				19F69E4E1E17F57D00EEF781 /* Fastfile */,
				19F69E4F1E17F57D00EEF781 /* Scanfile */,
			);
			name = fastlane;
			sourceTree = "<group>";
		};
		19F69E5B1E17F59200EEF781 /* ruby gems */ = {
			isa = PBXGroup;
			children = (
				19F69E501E17F57D00EEF781 /* Gemfile */,
			);
			name = "ruby gems";
			sourceTree = "<group>";
		};
		19F69E5C1E17F64500EEF781 /* Deployment */ = {
			isa = PBXGroup;
			children = (
				199A78921E264480002B058E /* CHANGELOG.yml */,
				19F69E5A1E17F58600EEF781 /* fastlane */,
				19F69E5B1E17F59200EEF781 /* ruby gems */,
			);
			name = Deployment;
			sourceTree = "<group>";
		};
		19F6DC751E4F237D00CAE9D0 /* Rx */ = {
			isa = PBXGroup;
			children = (
				19F6DC761E4F237D00CAE9D0 /* RxImagePickerDelegateProxy.swift */,
				19F6DC771E4F237D00CAE9D0 /* UIImagePickerController+Rx.swift */,
				19F6DC781E4F237D00CAE9D0 /* UIImagePickerController+RxCreate.swift */,
			);
			path = Rx;
			sourceTree = "<group>";
		};
		19F6DC7C1E4F238F00CAE9D0 /* Base Classes */ = {
			isa = PBXGroup;
			children = (
				19F6DC7D1E4F238F00CAE9D0 /* BaseService.swift */,
				19F6DC7E1E4F238F00CAE9D0 /* BaseViewModel.swift */,
			);
			path = "Base Classes";
			sourceTree = "<group>";
		};
		2823475AFE808514473B029E /* Pods */ = {
			isa = PBXGroup;
			children = (
				1AD09361712801F0329E3B8E /* Pods-MessageExtension.debug.xcconfig */,
				9364A72BBC5B7C8C4EB21BBA /* Pods-MessageExtension.release.xcconfig */,
				41CCFCE02724E764D6757E77 /* Pods-PhotoStickers.debug.xcconfig */,
				9CA3CEA28066015B2AC559EF /* Pods-PhotoStickers.release.xcconfig */,
				9AC3D4C5CE5BFC7174F8E904 /* Pods-PhotoStickersTests.debug.xcconfig */,
				5F8E6BB8CF157783DB7D48B8 /* Pods-PhotoStickersTests.release.xcconfig */,
			);
			name = Pods;
			sourceTree = "<group>";
		};
/* End PBXGroup section */

/* Begin PBXNativeTarget section */
		19B7A4B61E13C14B0074B6B1 /* PhotoStickers */ = {
			isa = PBXNativeTarget;
			buildConfigurationList = 19B7A4E21E13C14B0074B6B1 /* Build configuration list for PBXNativeTarget "PhotoStickers" */;
			buildPhases = (
				EAA254FB65AF814B49B3F090 /* [CP] Check Pods Manifest.lock */,
				19B7A5171E1669600074B6B1 /* Run swiftformat */,
				19B7A4B31E13C14B0074B6B1 /* Sources */,
				19B7A4B41E13C14B0074B6B1 /* Frameworks */,
				19B7A4B51E13C14B0074B6B1 /* Resources */,
				19B7A5021E13C1F00074B6B1 /* Embed App Extensions */,
				FA330FFD0EC841C95488FDE6 /* [CP] Embed Pods Frameworks */,
				0D9FD959C402ABDE95EB4BA4 /* [CP] Copy Pods Resources */,
			);
			buildRules = (
			);
			dependencies = (
				19B7A4FD1E13C1F00074B6B1 /* PBXTargetDependency */,
			);
			name = PhotoStickers;
			productName = PhotoStickers;
			productReference = 19B7A4B71E13C14B0074B6B1 /* PhotoStickers.app */;
			productType = "com.apple.product-type.application";
		};
		19B7A4CD1E13C14B0074B6B1 /* PhotoStickersTests */ = {
			isa = PBXNativeTarget;
			buildConfigurationList = 19B7A4E51E13C14B0074B6B1 /* Build configuration list for PBXNativeTarget "PhotoStickersTests" */;
			buildPhases = (
				0DBA5EB139F0865CCD73C9DB /* [CP] Check Pods Manifest.lock */,
				19B7A4CA1E13C14B0074B6B1 /* Sources */,
				19B7A4CB1E13C14B0074B6B1 /* Frameworks */,
				19B7A4CC1E13C14B0074B6B1 /* Resources */,
				D8EF847BD7CB7A2413218502 /* [CP] Embed Pods Frameworks */,
				0CC941C08240B229D925B9B0 /* [CP] Copy Pods Resources */,
			);
			buildRules = (
			);
			dependencies = (
				19B7A4D01E13C14B0074B6B1 /* PBXTargetDependency */,
			);
			name = PhotoStickersTests;
			productName = PhotoStickersTests;
			productReference = 19B7A4CE1E13C14B0074B6B1 /* PhotoStickersTests.xctest */;
			productType = "com.apple.product-type.bundle.unit-test";
		};
		19B7A4D81E13C14B0074B6B1 /* PhotoStickersUITests */ = {
			isa = PBXNativeTarget;
			buildConfigurationList = 19B7A4E81E13C14B0074B6B1 /* Build configuration list for PBXNativeTarget "PhotoStickersUITests" */;
			buildPhases = (
				19B7A4D51E13C14B0074B6B1 /* Sources */,
				19B7A4D61E13C14B0074B6B1 /* Frameworks */,
				19B7A4D71E13C14B0074B6B1 /* Resources */,
			);
			buildRules = (
			);
			dependencies = (
				19B7A4DB1E13C14B0074B6B1 /* PBXTargetDependency */,
			);
			name = PhotoStickersUITests;
			productName = PhotoStickersUITests;
			productReference = 19B7A4D91E13C14B0074B6B1 /* PhotoStickersUITests.xctest */;
			productType = "com.apple.product-type.bundle.ui-testing";
		};
		19B7A4EE1E13C1F00074B6B1 /* MessageExtension */ = {
			isa = PBXNativeTarget;
			buildConfigurationList = 19B7A4FF1E13C1F00074B6B1 /* Build configuration list for PBXNativeTarget "MessageExtension" */;
			buildPhases = (
				3FF0887124FE39A67D4237E4 /* [CP] Check Pods Manifest.lock */,
				19B7A4EB1E13C1F00074B6B1 /* Sources */,
				19B7A4EC1E13C1F00074B6B1 /* Frameworks */,
				19B7A4ED1E13C1F00074B6B1 /* Resources */,
				D6D1A829E493B9ACA39B910C /* [CP] Copy Pods Resources */,
			);
			buildRules = (
			);
			dependencies = (
			);
			name = MessageExtension;
			productName = MessageExtension;
			productReference = 19B7A4EF1E13C1F00074B6B1 /* MessageExtension.appex */;
			productType = "com.apple.product-type.app-extension.messages";
		};
/* End PBXNativeTarget section */

/* Begin PBXProject section */
		19B7A4AF1E13C14B0074B6B1 /* Project object */ = {
			isa = PBXProject;
			attributes = {
				LastSwiftUpdateCheck = 0820;
				LastUpgradeCheck = 0820;
				ORGANIZATIONNAME = "Jochen Pfeiffer";
				TargetAttributes = {
					19B7A4B61E13C14B0074B6B1 = {
						CreatedOnToolsVersion = 8.2.1;
						DevelopmentTeam = 2TV9GXC7CB;
						ProvisioningStyle = Automatic;
						SystemCapabilities = {
							com.apple.ApplicationGroups.iOS = {
								enabled = 1;
							};
						};
					};
					19B7A4CD1E13C14B0074B6B1 = {
						CreatedOnToolsVersion = 8.2.1;
						DevelopmentTeam = 2TV9GXC7CB;
						ProvisioningStyle = Automatic;
						TestTargetID = 19B7A4B61E13C14B0074B6B1;
					};
					19B7A4D81E13C14B0074B6B1 = {
						CreatedOnToolsVersion = 8.2.1;
						DevelopmentTeam = 2TV9GXC7CB;
						ProvisioningStyle = Automatic;
						TestTargetID = 19B7A4B61E13C14B0074B6B1;
					};
					19B7A4EE1E13C1F00074B6B1 = {
						CreatedOnToolsVersion = 8.2.1;
						DevelopmentTeam = 2TV9GXC7CB;
						ProvisioningStyle = Automatic;
						SystemCapabilities = {
							com.apple.ApplicationGroups.iOS = {
								enabled = 1;
							};
						};
					};
				};
			};
			buildConfigurationList = 19B7A4B21E13C14B0074B6B1 /* Build configuration list for PBXProject "PhotoStickers" */;
			compatibilityVersion = "Xcode 3.2";
			developmentRegion = English;
			hasScannedForEncodings = 0;
			knownRegions = (
				en,
				Base,
			);
			mainGroup = 19B7A4AE1E13C14B0074B6B1;
			productRefGroup = 19B7A4B81E13C14B0074B6B1 /* Products */;
			projectDirPath = "";
			projectRoot = "";
			targets = (
				19B7A4B61E13C14B0074B6B1 /* PhotoStickers */,
				19B7A4EE1E13C1F00074B6B1 /* MessageExtension */,
				19B7A4CD1E13C14B0074B6B1 /* PhotoStickersTests */,
				19B7A4D81E13C14B0074B6B1 /* PhotoStickersUITests */,
			);
		};
/* End PBXProject section */

/* Begin PBXResourcesBuildPhase section */
		19B7A4B51E13C14B0074B6B1 /* Resources */ = {
			isa = PBXResourcesBuildPhase;
			buildActionMask = 2147483647;
			files = (
				1946215A1E3CFE16000F09CE /* LaunchScreen.storyboard in Resources */,
				1946215B1E3CFE16000F09CE /* App.storyboard in Resources */,
				194621281E3CFDA1000F09CE /* Assets.xcassets in Resources */,
			);
			runOnlyForDeploymentPostprocessing = 0;
		};
		19B7A4CC1E13C14B0074B6B1 /* Resources */ = {
			isa = PBXResourcesBuildPhase;
			buildActionMask = 2147483647;
			files = (
			);
			runOnlyForDeploymentPostprocessing = 0;
		};
		19B7A4D71E13C14B0074B6B1 /* Resources */ = {
			isa = PBXResourcesBuildPhase;
			buildActionMask = 2147483647;
			files = (
			);
			runOnlyForDeploymentPostprocessing = 0;
		};
		19B7A4ED1E13C1F00074B6B1 /* Resources */ = {
			isa = PBXResourcesBuildPhase;
			buildActionMask = 2147483647;
			files = (
				19F6DC981E4F23BD00CAE9D0 /* Assets.xcassets in Resources */,
				1946216D1E3CFE56000F09CE /* MessageExtension.storyboard in Resources */,
			);
			runOnlyForDeploymentPostprocessing = 0;
		};
/* End PBXResourcesBuildPhase section */

/* Begin PBXShellScriptBuildPhase section */
		0CC941C08240B229D925B9B0 /* [CP] Copy Pods Resources */ = {
			isa = PBXShellScriptBuildPhase;
			buildActionMask = 2147483647;
			files = (
			);
			inputPaths = (
			);
			name = "[CP] Copy Pods Resources";
			outputPaths = (
			);
			runOnlyForDeploymentPostprocessing = 0;
			shellPath = /bin/sh;
			shellScript = "\"${SRCROOT}/Pods/Target Support Files/Pods-PhotoStickersTests/Pods-PhotoStickersTests-resources.sh\"\n";
			showEnvVarsInLog = 0;
		};
		0D9FD959C402ABDE95EB4BA4 /* [CP] Copy Pods Resources */ = {
			isa = PBXShellScriptBuildPhase;
			buildActionMask = 2147483647;
			files = (
			);
			inputPaths = (
			);
			name = "[CP] Copy Pods Resources";
			outputPaths = (
			);
			runOnlyForDeploymentPostprocessing = 0;
			shellPath = /bin/sh;
			shellScript = "\"${SRCROOT}/Pods/Target Support Files/Pods-PhotoStickers/Pods-PhotoStickers-resources.sh\"\n";
			showEnvVarsInLog = 0;
		};
		0DBA5EB139F0865CCD73C9DB /* [CP] Check Pods Manifest.lock */ = {
			isa = PBXShellScriptBuildPhase;
			buildActionMask = 2147483647;
			files = (
			);
			inputPaths = (
			);
			name = "[CP] Check Pods Manifest.lock";
			outputPaths = (
			);
			runOnlyForDeploymentPostprocessing = 0;
			shellPath = /bin/sh;
			shellScript = "diff \"${PODS_ROOT}/../Podfile.lock\" \"${PODS_ROOT}/Manifest.lock\" > /dev/null\nif [ $? != 0 ] ; then\n    # print error to STDERR\n    echo \"error: The sandbox is not in sync with the Podfile.lock. Run 'pod install' or update your CocoaPods installation.\" >&2\n    exit 1\nfi\n";
			showEnvVarsInLog = 0;
		};
		19B7A5171E1669600074B6B1 /* Run swiftformat */ = {
			isa = PBXShellScriptBuildPhase;
			buildActionMask = 2147483647;
			files = (
			);
			inputPaths = (
			);
			name = "Run swiftformat";
			outputPaths = (
			);
			runOnlyForDeploymentPostprocessing = 0;
			shellPath = /bin/sh;
			shellScript = "\"${SRCROOT}/Tools/swiftformat\" \"${SRCROOT}/Shared\" \"${SRCROOT}/App\" \"${SRCROOT}/Message Extension\" \"${SRCROOT}/Tests\" \"${SRCROOT}/UITests\"";
		};
		3FF0887124FE39A67D4237E4 /* [CP] Check Pods Manifest.lock */ = {
			isa = PBXShellScriptBuildPhase;
			buildActionMask = 2147483647;
			files = (
			);
			inputPaths = (
			);
			name = "[CP] Check Pods Manifest.lock";
			outputPaths = (
			);
			runOnlyForDeploymentPostprocessing = 0;
			shellPath = /bin/sh;
			shellScript = "diff \"${PODS_ROOT}/../Podfile.lock\" \"${PODS_ROOT}/Manifest.lock\" > /dev/null\nif [ $? != 0 ] ; then\n    # print error to STDERR\n    echo \"error: The sandbox is not in sync with the Podfile.lock. Run 'pod install' or update your CocoaPods installation.\" >&2\n    exit 1\nfi\n";
			showEnvVarsInLog = 0;
		};
		D6D1A829E493B9ACA39B910C /* [CP] Copy Pods Resources */ = {
			isa = PBXShellScriptBuildPhase;
			buildActionMask = 2147483647;
			files = (
			);
			inputPaths = (
			);
			name = "[CP] Copy Pods Resources";
			outputPaths = (
			);
			runOnlyForDeploymentPostprocessing = 0;
			shellPath = /bin/sh;
			shellScript = "\"${SRCROOT}/Pods/Target Support Files/Pods-MessageExtension/Pods-MessageExtension-resources.sh\"\n";
			showEnvVarsInLog = 0;
		};
		D8EF847BD7CB7A2413218502 /* [CP] Embed Pods Frameworks */ = {
			isa = PBXShellScriptBuildPhase;
			buildActionMask = 2147483647;
			files = (
			);
			inputPaths = (
			);
			name = "[CP] Embed Pods Frameworks";
			outputPaths = (
			);
			runOnlyForDeploymentPostprocessing = 0;
			shellPath = /bin/sh;
			shellScript = "\"${SRCROOT}/Pods/Target Support Files/Pods-PhotoStickersTests/Pods-PhotoStickersTests-frameworks.sh\"\n";
			showEnvVarsInLog = 0;
		};
		EAA254FB65AF814B49B3F090 /* [CP] Check Pods Manifest.lock */ = {
			isa = PBXShellScriptBuildPhase;
			buildActionMask = 2147483647;
			files = (
			);
			inputPaths = (
			);
			name = "[CP] Check Pods Manifest.lock";
			outputPaths = (
			);
			runOnlyForDeploymentPostprocessing = 0;
			shellPath = /bin/sh;
			shellScript = "diff \"${PODS_ROOT}/../Podfile.lock\" \"${PODS_ROOT}/Manifest.lock\" > /dev/null\nif [ $? != 0 ] ; then\n    # print error to STDERR\n    echo \"error: The sandbox is not in sync with the Podfile.lock. Run 'pod install' or update your CocoaPods installation.\" >&2\n    exit 1\nfi\n";
			showEnvVarsInLog = 0;
		};
		FA330FFD0EC841C95488FDE6 /* [CP] Embed Pods Frameworks */ = {
			isa = PBXShellScriptBuildPhase;
			buildActionMask = 2147483647;
			files = (
			);
			inputPaths = (
			);
			name = "[CP] Embed Pods Frameworks";
			outputPaths = (
			);
			runOnlyForDeploymentPostprocessing = 0;
			shellPath = /bin/sh;
			shellScript = "\"${SRCROOT}/Pods/Target Support Files/Pods-PhotoStickers/Pods-PhotoStickers-frameworks.sh\"\n";
			showEnvVarsInLog = 0;
		};
/* End PBXShellScriptBuildPhase section */

/* Begin PBXSourcesBuildPhase section */
		19B7A4B31E13C14B0074B6B1 /* Sources */ = {
			isa = PBXSourcesBuildPhase;
			buildActionMask = 2147483647;
			files = (
				194621A41E43569C000F09CE /* UIImage+RoundedCorner.swift in Sources */,
				19F6DC791E4F237D00CAE9D0 /* RxImagePickerDelegateProxy.swift in Sources */,
				1946211A1E3CFDA1000F09CE /* Logger+Shared.swift in Sources */,
				1946219E1E435205000F09CE /* StickerRenderer.swift in Sources */,
				1946211C1E3CFDA1000F09CE /* Realm+Extensions.swift in Sources */,
				19F6DC801E4F238F00CAE9D0 /* BaseViewModel.swift in Sources */,
				194621341E3CFDA1000F09CE /* PSError.swift in Sources */,
				194621A81E45346F000F09CE /* ImageStoreService.swift in Sources */,
				194621591E3CFE16000F09CE /* AppDelegate.swift in Sources */,
				1946211E1E3CFDA1000F09CE /* UIStoryboard+Extensions.swift in Sources */,
				194621321E3CFDA1000F09CE /* AppGroup.swift in Sources */,
				194621B11E4BC528000F09CE /* StickerCollectionCell.swift in Sources */,
				19F6DC731E4D250400CAE9D0 /* RealmService.swift in Sources */,
				194621361E3CFDA1000F09CE /* StoryboardIdentifiers.swift in Sources */,
				194621B31E4BC97B000F09CE /* StickerCollectionCellModel.swift in Sources */,
				19F6DC7B1E4F237D00CAE9D0 /* UIImagePickerController+RxCreate.swift in Sources */,
				194621301E3CFDA1000F09CE /* Appearance.swift in Sources */,
				194621AF1E4928C8000F09CE /* StickerCollectionViewModel.swift in Sources */,
				194621A21E43569C000F09CE /* UIImage+Alpha.swift in Sources */,
				19F6DC7A1E4F237D00CAE9D0 /* UIImagePickerController+Rx.swift in Sources */,
				194621221E3CFDA1000F09CE /* UIViewController+Extensions.swift in Sources */,
				19F6DC7F1E4F238F00CAE9D0 /* BaseService.swift in Sources */,
				194621A31E43569C000F09CE /* UIImage+Resize.swift in Sources */,
				19F6DC6D1E4D178100CAE9D0 /* ServiceProvider.swift in Sources */,
				1946215C1E3CFE16000F09CE /* StickerCollectionViewController.swift in Sources */,
				1946218C1E3D1460000F09CE /* Sticker.swift in Sources */,
				194621201E3CFDA1000F09CE /* UIStoryboardSegue+Extensions.swift in Sources */,
			);
			runOnlyForDeploymentPostprocessing = 0;
		};
		19B7A4CA1E13C14B0074B6B1 /* Sources */ = {
			isa = PBXSourcesBuildPhase;
			buildActionMask = 2147483647;
			files = (
				194621921E3FE8A1000F09CE /* StickerTests.swift in Sources */,
			);
			runOnlyForDeploymentPostprocessing = 0;
		};
		19B7A4D51E13C14B0074B6B1 /* Sources */ = {
			isa = PBXSourcesBuildPhase;
			buildActionMask = 2147483647;
			files = (
				194621851E3CFF4F000F09CE /* PhotoStickersUITests.swift in Sources */,
			);
			runOnlyForDeploymentPostprocessing = 0;
		};
		19B7A4EB1E13C1F00074B6B1 /* Sources */ = {
			isa = PBXSourcesBuildPhase;
			buildActionMask = 2147483647;
			files = (
				19F6DC861E4F23BD00CAE9D0 /* BaseService.swift in Sources */,
				19F6DC8A1E4F23BD00CAE9D0 /* Realm+Extensions.swift in Sources */,
				1946216E1E3CFE56000F09CE /* MessagesViewController.swift in Sources */,
				19F6DC971E4F23BD00CAE9D0 /* StoryboardIdentifiers.swift in Sources */,
				19F6DC8F1E4F23BD00CAE9D0 /* UIImagePickerController+Rx.swift in Sources */,
				19F6DC911E4F23BD00CAE9D0 /* ServiceProvider.swift in Sources */,
				19F6DC961E4F23BD00CAE9D0 /* PSError.swift in Sources */,
				194621951E40E74C000F09CE /* MSSticker+Extensions.swift in Sources */,
				194621711E3CFE56000F09CE /* PhotoStickerBrowserViewModel.swift in Sources */,
				19F6DC941E4F23BD00CAE9D0 /* Appearance.swift in Sources */,
				194621701E3CFE56000F09CE /* PhotoStickerBrowserViewController.swift in Sources */,
				19F6DC8E1E4F23BD00CAE9D0 /* RxImagePickerDelegateProxy.swift in Sources */,
				19F6DC871E4F23BD00CAE9D0 /* BaseViewModel.swift in Sources */,
				19F6DC8D1E4F23BD00CAE9D0 /* UIViewController+Extensions.swift in Sources */,
				19F6DC891E4F23BD00CAE9D0 /* Logger+Shared.swift in Sources */,
				1946216F1E3CFE56000F09CE /* MessagesViewModel.swift in Sources */,
				194621731E3CFE56000F09CE /* StickerSection.swift in Sources */,
				19F6DC8C1E4F23BD00CAE9D0 /* UIStoryboardSegue+Extensions.swift in Sources */,
				19F6DC921E4F23BD00CAE9D0 /* ImageStoreService.swift in Sources */,
				19F6DC931E4F23BD00CAE9D0 /* RealmService.swift in Sources */,
				19F6DC8B1E4F23BD00CAE9D0 /* UIStoryboard+Extensions.swift in Sources */,
				19F6DC901E4F23BD00CAE9D0 /* UIImagePickerController+RxCreate.swift in Sources */,
				194621721E3CFE56000F09CE /* StickerBrowserCell.swift in Sources */,
				19F6DC951E4F23BD00CAE9D0 /* AppGroup.swift in Sources */,
				19F6DC881E4F23BD00CAE9D0 /* Sticker.swift in Sources */,
			);
			runOnlyForDeploymentPostprocessing = 0;
		};
/* End PBXSourcesBuildPhase section */

/* Begin PBXTargetDependency section */
		19B7A4D01E13C14B0074B6B1 /* PBXTargetDependency */ = {
			isa = PBXTargetDependency;
			target = 19B7A4B61E13C14B0074B6B1 /* PhotoStickers */;
			targetProxy = 19B7A4CF1E13C14B0074B6B1 /* PBXContainerItemProxy */;
		};
		19B7A4DB1E13C14B0074B6B1 /* PBXTargetDependency */ = {
			isa = PBXTargetDependency;
			target = 19B7A4B61E13C14B0074B6B1 /* PhotoStickers */;
			targetProxy = 19B7A4DA1E13C14B0074B6B1 /* PBXContainerItemProxy */;
		};
		19B7A4FD1E13C1F00074B6B1 /* PBXTargetDependency */ = {
			isa = PBXTargetDependency;
			target = 19B7A4EE1E13C1F00074B6B1 /* MessageExtension */;
			targetProxy = 19B7A4FC1E13C1F00074B6B1 /* PBXContainerItemProxy */;
		};
/* End PBXTargetDependency section */

/* Begin PBXVariantGroup section */
		194621501E3CFE16000F09CE /* LaunchScreen.storyboard */ = {
			isa = PBXVariantGroup;
			children = (
				194621511E3CFE16000F09CE /* Base */,
			);
			name = LaunchScreen.storyboard;
			sourceTree = "<group>";
		};
		194621521E3CFE16000F09CE /* App.storyboard */ = {
			isa = PBXVariantGroup;
			children = (
				194621531E3CFE16000F09CE /* Base */,
			);
			name = App.storyboard;
			sourceTree = "<group>";
		};
		194621601E3CFE55000F09CE /* MessageExtension.storyboard */ = {
			isa = PBXVariantGroup;
			children = (
				194621611E3CFE55000F09CE /* Base */,
			);
			name = MessageExtension.storyboard;
			sourceTree = "<group>";
		};
/* End PBXVariantGroup section */

/* Begin XCBuildConfiguration section */
		19B7A4E01E13C14B0074B6B1 /* Debug */ = {
			isa = XCBuildConfiguration;
			buildSettings = {
				ALWAYS_SEARCH_USER_PATHS = NO;
				CLANG_ANALYZER_NONNULL = YES;
				CLANG_CXX_LANGUAGE_STANDARD = "gnu++0x";
				CLANG_CXX_LIBRARY = "libc++";
				CLANG_ENABLE_MODULES = YES;
				CLANG_ENABLE_OBJC_ARC = YES;
				CLANG_WARN_BOOL_CONVERSION = YES;
				CLANG_WARN_CONSTANT_CONVERSION = YES;
				CLANG_WARN_DIRECT_OBJC_ISA_USAGE = YES_ERROR;
				CLANG_WARN_DOCUMENTATION_COMMENTS = YES;
				CLANG_WARN_EMPTY_BODY = YES;
				CLANG_WARN_ENUM_CONVERSION = YES;
				CLANG_WARN_INFINITE_RECURSION = YES;
				CLANG_WARN_INT_CONVERSION = YES;
				CLANG_WARN_OBJC_ROOT_CLASS = YES_ERROR;
				CLANG_WARN_SUSPICIOUS_MOVE = YES;
				CLANG_WARN_UNREACHABLE_CODE = YES;
				CLANG_WARN__DUPLICATE_METHOD_MATCH = YES;
				"CODE_SIGN_IDENTITY[sdk=iphoneos*]" = "iPhone Developer";
				COPY_PHASE_STRIP = NO;
				CURRENT_PROJECT_VERSION = 7;
				DEBUG_INFORMATION_FORMAT = dwarf;
				ENABLE_STRICT_OBJC_MSGSEND = YES;
				ENABLE_TESTABILITY = YES;
				GCC_C_LANGUAGE_STANDARD = gnu99;
				GCC_DYNAMIC_NO_PIC = NO;
				GCC_NO_COMMON_BLOCKS = YES;
				GCC_OPTIMIZATION_LEVEL = 0;
				GCC_PREPROCESSOR_DEFINITIONS = (
					"DEBUG=1",
					"$(inherited)",
				);
				GCC_WARN_64_TO_32_BIT_CONVERSION = YES;
				GCC_WARN_ABOUT_RETURN_TYPE = YES_ERROR;
				GCC_WARN_UNDECLARED_SELECTOR = YES;
				GCC_WARN_UNINITIALIZED_AUTOS = YES_AGGRESSIVE;
				GCC_WARN_UNUSED_FUNCTION = YES;
				GCC_WARN_UNUSED_VARIABLE = YES;
				IPHONEOS_DEPLOYMENT_TARGET = 10.2;
				MTL_ENABLE_DEBUG_INFO = YES;
				ONLY_ACTIVE_ARCH = YES;
				SDKROOT = iphoneos;
				SWIFT_ACTIVE_COMPILATION_CONDITIONS = DEBUG;
				SWIFT_OPTIMIZATION_LEVEL = "-Onone";
				TARGETED_DEVICE_FAMILY = "1,2";
				VERSIONING_SYSTEM = "apple-generic";
			};
			name = Debug;
		};
		19B7A4E11E13C14B0074B6B1 /* Release */ = {
			isa = XCBuildConfiguration;
			buildSettings = {
				ALWAYS_SEARCH_USER_PATHS = NO;
				CLANG_ANALYZER_NONNULL = YES;
				CLANG_CXX_LANGUAGE_STANDARD = "gnu++0x";
				CLANG_CXX_LIBRARY = "libc++";
				CLANG_ENABLE_MODULES = YES;
				CLANG_ENABLE_OBJC_ARC = YES;
				CLANG_WARN_BOOL_CONVERSION = YES;
				CLANG_WARN_CONSTANT_CONVERSION = YES;
				CLANG_WARN_DIRECT_OBJC_ISA_USAGE = YES_ERROR;
				CLANG_WARN_DOCUMENTATION_COMMENTS = YES;
				CLANG_WARN_EMPTY_BODY = YES;
				CLANG_WARN_ENUM_CONVERSION = YES;
				CLANG_WARN_INFINITE_RECURSION = YES;
				CLANG_WARN_INT_CONVERSION = YES;
				CLANG_WARN_OBJC_ROOT_CLASS = YES_ERROR;
				CLANG_WARN_SUSPICIOUS_MOVE = YES;
				CLANG_WARN_UNREACHABLE_CODE = YES;
				CLANG_WARN__DUPLICATE_METHOD_MATCH = YES;
				"CODE_SIGN_IDENTITY[sdk=iphoneos*]" = "iPhone Developer";
				COPY_PHASE_STRIP = NO;
				CURRENT_PROJECT_VERSION = 7;
				DEBUG_INFORMATION_FORMAT = "dwarf-with-dsym";
				ENABLE_NS_ASSERTIONS = NO;
				ENABLE_STRICT_OBJC_MSGSEND = YES;
				GCC_C_LANGUAGE_STANDARD = gnu99;
				GCC_NO_COMMON_BLOCKS = YES;
				GCC_WARN_64_TO_32_BIT_CONVERSION = YES;
				GCC_WARN_ABOUT_RETURN_TYPE = YES_ERROR;
				GCC_WARN_UNDECLARED_SELECTOR = YES;
				GCC_WARN_UNINITIALIZED_AUTOS = YES_AGGRESSIVE;
				GCC_WARN_UNUSED_FUNCTION = YES;
				GCC_WARN_UNUSED_VARIABLE = YES;
				IPHONEOS_DEPLOYMENT_TARGET = 10.2;
				MTL_ENABLE_DEBUG_INFO = NO;
				SDKROOT = iphoneos;
				SWIFT_OPTIMIZATION_LEVEL = "-Owholemodule";
				TARGETED_DEVICE_FAMILY = "1,2";
				VALIDATE_PRODUCT = YES;
				VERSIONING_SYSTEM = "apple-generic";
			};
			name = Release;
		};
		19B7A4E31E13C14B0074B6B1 /* Debug */ = {
			isa = XCBuildConfiguration;
			baseConfigurationReference = 41CCFCE02724E764D6757E77 /* Pods-PhotoStickers.debug.xcconfig */;
			buildSettings = {
				ASSETCATALOG_COMPILER_APPICON_NAME = AppIcon;
				CODE_SIGN_ENTITLEMENTS = "App/Supporting Files/PhotoStickers.entitlements";
				DEVELOPMENT_TEAM = 2TV9GXC7CB;
				INFOPLIST_FILE = "App/Supporting Files/Info.plist";
				LD_RUNPATH_SEARCH_PATHS = "$(inherited) @executable_path/Frameworks";
				PRODUCT_BUNDLE_IDENTIFIER = "com.jochen-pfeiffer.photo-stickers";
				PRODUCT_NAME = "$(TARGET_NAME)";
				SWIFT_VERSION = 3.0;
			};
			name = Debug;
		};
		19B7A4E41E13C14B0074B6B1 /* Release */ = {
			isa = XCBuildConfiguration;
			baseConfigurationReference = 9CA3CEA28066015B2AC559EF /* Pods-PhotoStickers.release.xcconfig */;
			buildSettings = {
				ASSETCATALOG_COMPILER_APPICON_NAME = AppIcon;
				CODE_SIGN_ENTITLEMENTS = "App/Supporting Files/PhotoStickers.entitlements";
				DEVELOPMENT_TEAM = 2TV9GXC7CB;
				INFOPLIST_FILE = "App/Supporting Files/Info.plist";
				LD_RUNPATH_SEARCH_PATHS = "$(inherited) @executable_path/Frameworks";
				PRODUCT_BUNDLE_IDENTIFIER = "com.jochen-pfeiffer.photo-stickers";
				PRODUCT_NAME = "$(TARGET_NAME)";
				SWIFT_VERSION = 3.0;
			};
			name = Release;
		};
		19B7A4E61E13C14B0074B6B1 /* Debug */ = {
			isa = XCBuildConfiguration;
			baseConfigurationReference = 9AC3D4C5CE5BFC7174F8E904 /* Pods-PhotoStickersTests.debug.xcconfig */;
			buildSettings = {
				BUNDLE_LOADER = "$(TEST_HOST)";
				DEVELOPMENT_TEAM = 2TV9GXC7CB;
				INFOPLIST_FILE = "Tests/Supporting Files/Info.plist";
				LD_RUNPATH_SEARCH_PATHS = "$(inherited) @executable_path/Frameworks @loader_path/Frameworks";
				PRODUCT_BUNDLE_IDENTIFIER = "com.jochen-pfeiffer.PhotoStickersTests";
				PRODUCT_NAME = "$(TARGET_NAME)";
				SWIFT_VERSION = 3.0;
				TEST_HOST = "$(BUILT_PRODUCTS_DIR)/PhotoStickers.app/PhotoStickers";
			};
			name = Debug;
		};
		19B7A4E71E13C14B0074B6B1 /* Release */ = {
			isa = XCBuildConfiguration;
			baseConfigurationReference = 5F8E6BB8CF157783DB7D48B8 /* Pods-PhotoStickersTests.release.xcconfig */;
			buildSettings = {
				BUNDLE_LOADER = "$(TEST_HOST)";
				DEVELOPMENT_TEAM = 2TV9GXC7CB;
				INFOPLIST_FILE = "Tests/Supporting Files/Info.plist";
				LD_RUNPATH_SEARCH_PATHS = "$(inherited) @executable_path/Frameworks @loader_path/Frameworks";
				PRODUCT_BUNDLE_IDENTIFIER = "com.jochen-pfeiffer.PhotoStickersTests";
				PRODUCT_NAME = "$(TARGET_NAME)";
				SWIFT_VERSION = 3.0;
				TEST_HOST = "$(BUILT_PRODUCTS_DIR)/PhotoStickers.app/PhotoStickers";
			};
			name = Release;
		};
		19B7A4E91E13C14B0074B6B1 /* Debug */ = {
			isa = XCBuildConfiguration;
			buildSettings = {
				DEVELOPMENT_TEAM = 2TV9GXC7CB;
				INFOPLIST_FILE = "UITests/Supporting Files/Info.plist";
				LD_RUNPATH_SEARCH_PATHS = "$(inherited) @executable_path/Frameworks @loader_path/Frameworks";
				PRODUCT_BUNDLE_IDENTIFIER = "com.jochen-pfeiffer.PhotoStickersUITests";
				PRODUCT_NAME = "$(TARGET_NAME)";
				SWIFT_VERSION = 3.0;
				TEST_TARGET_NAME = PhotoStickers;
			};
			name = Debug;
		};
		19B7A4EA1E13C14B0074B6B1 /* Release */ = {
			isa = XCBuildConfiguration;
			buildSettings = {
				DEVELOPMENT_TEAM = 2TV9GXC7CB;
				INFOPLIST_FILE = "UITests/Supporting Files/Info.plist";
				LD_RUNPATH_SEARCH_PATHS = "$(inherited) @executable_path/Frameworks @loader_path/Frameworks";
				PRODUCT_BUNDLE_IDENTIFIER = "com.jochen-pfeiffer.PhotoStickersUITests";
				PRODUCT_NAME = "$(TARGET_NAME)";
				SWIFT_VERSION = 3.0;
				TEST_TARGET_NAME = PhotoStickers;
			};
			name = Release;
		};
		19B7A5001E13C1F00074B6B1 /* Debug */ = {
			isa = XCBuildConfiguration;
			baseConfigurationReference = 1AD09361712801F0329E3B8E /* Pods-MessageExtension.debug.xcconfig */;
			buildSettings = {
				ASSETCATALOG_COMPILER_APPICON_NAME = "iMessage App Icon";
				CODE_SIGN_ENTITLEMENTS = "Message Extension/Supporting Files/MessageExtension.entitlements";
				DEVELOPMENT_TEAM = 2TV9GXC7CB;
				INFOPLIST_FILE = "Message Extension/Supporting Files/Info.plist";
				LD_RUNPATH_SEARCH_PATHS = "$(inherited) @executable_path/Frameworks @executable_path/../../Frameworks";
				PRODUCT_BUNDLE_IDENTIFIER = "com.jochen-pfeiffer.photo-stickers.message-extension";
				PRODUCT_NAME = "$(TARGET_NAME)";
				SKIP_INSTALL = YES;
				SWIFT_VERSION = 3.0;
			};
			name = Debug;
		};
		19B7A5011E13C1F00074B6B1 /* Release */ = {
			isa = XCBuildConfiguration;
			baseConfigurationReference = 9364A72BBC5B7C8C4EB21BBA /* Pods-MessageExtension.release.xcconfig */;
			buildSettings = {
				ASSETCATALOG_COMPILER_APPICON_NAME = "iMessage App Icon";
				CODE_SIGN_ENTITLEMENTS = "Message Extension/Supporting Files/MessageExtension.entitlements";
				DEVELOPMENT_TEAM = 2TV9GXC7CB;
				INFOPLIST_FILE = "Message Extension/Supporting Files/Info.plist";
				LD_RUNPATH_SEARCH_PATHS = "$(inherited) @executable_path/Frameworks @executable_path/../../Frameworks";
				PRODUCT_BUNDLE_IDENTIFIER = "com.jochen-pfeiffer.photo-stickers.message-extension";
				PRODUCT_NAME = "$(TARGET_NAME)";
				SKIP_INSTALL = YES;
				SWIFT_VERSION = 3.0;
			};
			name = Release;
		};
/* End XCBuildConfiguration section */

/* Begin XCConfigurationList section */
		19B7A4B21E13C14B0074B6B1 /* Build configuration list for PBXProject "PhotoStickers" */ = {
			isa = XCConfigurationList;
			buildConfigurations = (
				19B7A4E01E13C14B0074B6B1 /* Debug */,
				19B7A4E11E13C14B0074B6B1 /* Release */,
			);
			defaultConfigurationIsVisible = 0;
			defaultConfigurationName = Release;
		};
		19B7A4E21E13C14B0074B6B1 /* Build configuration list for PBXNativeTarget "PhotoStickers" */ = {
			isa = XCConfigurationList;
			buildConfigurations = (
				19B7A4E31E13C14B0074B6B1 /* Debug */,
				19B7A4E41E13C14B0074B6B1 /* Release */,
			);
			defaultConfigurationIsVisible = 0;
			defaultConfigurationName = Release;
		};
		19B7A4E51E13C14B0074B6B1 /* Build configuration list for PBXNativeTarget "PhotoStickersTests" */ = {
			isa = XCConfigurationList;
			buildConfigurations = (
				19B7A4E61E13C14B0074B6B1 /* Debug */,
				19B7A4E71E13C14B0074B6B1 /* Release */,
			);
			defaultConfigurationIsVisible = 0;
			defaultConfigurationName = Release;
		};
		19B7A4E81E13C14B0074B6B1 /* Build configuration list for PBXNativeTarget "PhotoStickersUITests" */ = {
			isa = XCConfigurationList;
			buildConfigurations = (
				19B7A4E91E13C14B0074B6B1 /* Debug */,
				19B7A4EA1E13C14B0074B6B1 /* Release */,
			);
			defaultConfigurationIsVisible = 0;
			defaultConfigurationName = Release;
		};
		19B7A4FF1E13C1F00074B6B1 /* Build configuration list for PBXNativeTarget "MessageExtension" */ = {
			isa = XCConfigurationList;
			buildConfigurations = (
				19B7A5001E13C1F00074B6B1 /* Debug */,
				19B7A5011E13C1F00074B6B1 /* Release */,
			);
			defaultConfigurationIsVisible = 0;
			defaultConfigurationName = Release;
		};
/* End XCConfigurationList section */
	};
	rootObject = 19B7A4AF1E13C14B0074B6B1 /* Project object */;
}
